
Microsoft Visual Studio Solution File, Format Version 12.00
# Visual Studio 15
VisualStudioVersion = 15.0.26124.0
MinimumVisualStudioVersion = 15.0.26124.0
Project("{FAE04EC0-301F-11D3-BF4B-00C04F79EFBC}") = "FloorsByLevels", "src\FloorsByLevels.csproj", "{A38FC69A-1CA1-4E4D-9C5B-D5B758DBA595}"
EndProject
Project("{FAE04EC0-301F-11D3-BF4B-00C04F79EFBC}") = "FloorsByLevels.tests", "test\FloorsByLevels.tests.csproj", "{2536F572-7C5B-472F-91DD-FC7D48B99144}"
EndProject
Global
	GlobalSection(SolutionConfigurationPlatforms) = preSolution
		Debug|Any CPU = Debug|Any CPU
		Debug|x64 = Debug|x64
		Debug|x86 = Debug|x86
		Release|Any CPU = Release|Any CPU
		Release|x64 = Release|x64
		Release|x86 = Release|x86
	EndGlobalSection
	GlobalSection(SolutionProperties) = preSolution
		HideSolutionNode = FALSE
	EndGlobalSection
	GlobalSection(ProjectConfigurationPlatforms) = postSolution
		{A38FC69A-1CA1-4E4D-9C5B-D5B758DBA595}.Debug|Any CPU.ActiveCfg = Debug|Any CPU
		{A38FC69A-1CA1-4E4D-9C5B-D5B758DBA595}.Debug|Any CPU.Build.0 = Debug|Any CPU
		{A38FC69A-1CA1-4E4D-9C5B-D5B758DBA595}.Debug|x64.ActiveCfg = Debug|Any CPU
		{A38FC69A-1CA1-4E4D-9C5B-D5B758DBA595}.Debug|x64.Build.0 = Debug|Any CPU
		{A38FC69A-1CA1-4E4D-9C5B-D5B758DBA595}.Debug|x86.ActiveCfg = Debug|Any CPU
		{A38FC69A-1CA1-4E4D-9C5B-D5B758DBA595}.Debug|x86.Build.0 = Debug|Any CPU
		{A38FC69A-1CA1-4E4D-9C5B-D5B758DBA595}.Release|Any CPU.ActiveCfg = Release|Any CPU
		{A38FC69A-1CA1-4E4D-9C5B-D5B758DBA595}.Release|Any CPU.Build.0 = Release|Any CPU
		{A38FC69A-1CA1-4E4D-9C5B-D5B758DBA595}.Release|x64.ActiveCfg = Release|Any CPU
		{A38FC69A-1CA1-4E4D-9C5B-D5B758DBA595}.Release|x64.Build.0 = Release|Any CPU
		{A38FC69A-1CA1-4E4D-9C5B-D5B758DBA595}.Release|x86.ActiveCfg = Release|Any CPU
		{A38FC69A-1CA1-4E4D-9C5B-D5B758DBA595}.Release|x86.Build.0 = Release|Any CPU
		{2536F572-7C5B-472F-91DD-FC7D48B99144}.Debug|Any CPU.ActiveCfg = Debug|Any CPU
		{2536F572-7C5B-472F-91DD-FC7D48B99144}.Debug|Any CPU.Build.0 = Debug|Any CPU
		{2536F572-7C5B-472F-91DD-FC7D48B99144}.Debug|x64.ActiveCfg = Debug|Any CPU
		{2536F572-7C5B-472F-91DD-FC7D48B99144}.Debug|x64.Build.0 = Debug|Any CPU
		{2536F572-7C5B-472F-91DD-FC7D48B99144}.Debug|x86.ActiveCfg = Debug|Any CPU
		{2536F572-7C5B-472F-91DD-FC7D48B99144}.Debug|x86.Build.0 = Debug|Any CPU
		{2536F572-7C5B-472F-91DD-FC7D48B99144}.Release|Any CPU.ActiveCfg = Release|Any CPU
		{2536F572-7C5B-472F-91DD-FC7D48B99144}.Release|Any CPU.Build.0 = Release|Any CPU
		{2536F572-7C5B-472F-91DD-FC7D48B99144}.Release|x64.ActiveCfg = Release|Any CPU
		{2536F572-7C5B-472F-91DD-FC7D48B99144}.Release|x64.Build.0 = Release|Any CPU
		{2536F572-7C5B-472F-91DD-FC7D48B99144}.Release|x86.ActiveCfg = Release|Any CPU
		{2536F572-7C5B-472F-91DD-FC7D48B99144}.Release|x86.Build.0 = Release|Any CPU
	EndGlobalSection
EndGlobal
