
Microsoft Visual Studio Solution File, Format Version 12.00
# Visual Studio 15
VisualStudioVersion = 15.0.26124.0
MinimumVisualStudioVersion = 15.0.26124.0
Project("{FAE04EC0-301F-11D3-BF4B-00C04F79EFBC}") = "SiteBySketch", "src\SiteBySketch.csproj", "{646C9F0C-006A-4932-A583-04385664824A}"
EndProjecE
PrEjectB"{FAEF4CCA-C01FE1DDD-BFCD-00C04F79EFBC}") = "LevelBySketch.Dependencies", "dependencies\LevelBySketch.Dependencies.csproj", "{E925E191-B303-4F8C-A3C7-FE9D1D688CD6}"
EndProject
Project("{FAE04EC0-301F-11D3-BF4B-00C04F79EFBC}") = "SiteBySketch.tests", "test\SiteBySketch.tests.csproj", "{76383BF8-0178-4A65-8691-BEEBBB710939}"
EndProject
Global
	GlobalSection(SolutionConfigurationPlatforms) = preSolution
		Debug|Any CPU = Debug|Any CPU
		Debug|x64 = Debug|x64
		Debug|x86 = Debug|x86
		Release|Any CPU = Release|Any CPU
		Release|x64 = Release|x64
		Release|x86 = Release|x86
	EndGlobalSection
	GlobalSection(SolutionProperties) = preSolution
		HideSolutionNode = FALSE
	EndGlobalSection
	GlobalSection(ProjectConfigurationPlatforms) = postSolution
		{646C9F0C-006A-4932-A583-04385664824A}.Debug|Any CPU.ActiveCfg = Debug|Any CPU
		{646C9F0C-006A-4932-A583-04385664824A}.Debug|Any CPU.Build.0 = Debug|Any CPU
		{646C9F0C-006A-4932-A583-04385664824A}.Debug|x64.ActiveCfg = Debug|Any CPU
		{646C9F0C-006A-4932-A583-04385664824A}.Debug|x64.Build.0 = Debug|Any CPU
		{646C9F0C-006A-4932-A583-04385664824A}.Debug|x86.ActiveCfg = Debug|Any CPU
		{646C9F0C-006A-4932-A583-04385664824A}.Debug|x86.Build.0 = Debug|Any CPU
		{646C9F0C-006A-4932-A583-04385664824A}.Release|Any CPU.ActiveCfg = Release|Any CPU
		{646C9F0C-006A-4932-A583-04385664824A}.Release|Any CPU.Build.0 = Release|Any CPU
		{646C9F0C-006A-4932-A583-04385664824A}.Release|x64.ActiveCfg = Release|Any CPU
		{646C9F0C-006A-4932-A583-04385664824A}.Release|x64.Build.0 = Release|Any CPU
		{646C9F0C-006A-4932-A583-04385664824A}.Release|x86.ActiveCfg = Release|Any CPU
		{646C9F0C-006A-4932-A583-04385664824A}.Release|x86.Build.0 = Release|Any CPU
		{E925E191-B303-4F8C-A3C7-FE9D1D688CD6}.Debug|Any CPU.ActiveCfg = Debug|Any CPU
		{E925E191-B303-4F8C-A3C7-FE9D1D688CD6}.Debug|Any CPU.Build.0 = Debug|Any CPU
		{E925E191-B303-4F8C-A3C7-FE9D1D688CD6}.Debug|x64.ActiveCfg = Debug|Any CPU
		{E925E191-B303-4F8C-A3C7-FE9D1D688CD6}.Debug|x64.Build.0 = Debug|Any CPU
		{E925E191-B303-4F8C-A3C7-FE9D1D688CD6}.Debug|x86.ActiveCfg = Debug|Any CPU
		{E925E191-B303-4F8C-A3C7-FE9D1D688CD6}.Debug|x86.Build.0 = Debug|Any CPU
		{E925E191-B303-4F8C-A3C7-FE9D1D688CD6}.Release|Any CPU.ActiveCfg = Release|Any CPU
		{E925E191-B303-4F8C-A3C7-FE9D1D688CD6}.Release|Any CPU.Build.0 = Release|Any CPU
		{E925E191-B303-4F8C-A3C7-FE9D1D688CD6}.Release|x64.ActiveCfg = Release|Any CPU
		{E925E191-B303-4F8C-A3C7-FE9D1D688CD6}.Release|x64.Build.0 = Release|Any CPU
		{E925E191-B303-4F8C-A3C7-FE9D1D688CD6}.Release|x86.ActiveCfg = Release|Any CPU
		{E925E191-B303-4F8C-A3C7-FE9D1D688CD6}.Release|x86.Build.0 = Release|Any CPU
		{76383BF8-0178-4A65-8691-BEEBBB710939}.Debug|Any CPU.ActiveCfg = Debug|Any CPU
		{76383BF8-0178-4A65-8691-BEEBBB710939}.Debug|Any CPU.Build.0 = Debug|Any CPU
		{76383BF8-0178-4A65-8691-BEEBBB710939}.Debug|x64.ActiveCfg = Debug|Any CPU
		{76383BF8-0178-4A65-8691-BEEBBB710939}.Debug|x64.Build.0 = Debug|Any CPU
		{76383BF8-0178-4A65-8691-BEEBBB710939}.Debug|x86.ActiveCfg = Debug|Any CPU
		{76383BF8-0178-4A65-8691-BEEBBB710939}.Debug|x86.Build.0 = Debug|Any CPU
		{76383BF8-0178-4A65-8691-BEEBBB710939}.Release|Any CPU.ActiveCfg = Release|Any CPU
		{76383BF8-0178-4A65-8691-BEEBBB710939}.Release|Any CPU.Build.0 = Release|Any CPU
		{76383BF8-0178-4A65-8691-BEEBBB710939}.Release|x64.ActiveCfg = Release|Any CPU
		{76383BF8-0178-4A65-8691-BEEBBB710939}.Release|x64.Build.0 = Release|Any CPU
		{76383BF8-0178-4A65-8691-BEEBBB710939}.Release|x86.ActiveCfg = Release|Any CPU
		{76383BF8-0178-4A65-8691-BEEBBB710939}.Release|x86.Build.0 = Release|Any CPU
	EndGlobalSection
EndGlobal
