
Microsoft Visual Studio Solution File, Format Version 12.00
# Visual Studio 15
VisualStudioVersion = 15.0.26124.0
MinimumVisualStudioVersion = 15.0.26124.0
Project("{FAE04EC0-301F-11D3-BF4B-00C04F79EFBC}") = "Facade", "src\Facade.csproj", "{BB2D41AE-4CA1-4600-B91C-55B642314D64}"
EndProject
Project("{FAE04EC0-301F-11D3-BF4B-00C04F79EFBC}") = "Facade.Dependencies", "dependencies\Facade.Dependencies.csproj", "{A9577ED1-FE05-48C8-BF93-2A4F7DA8A071}"
EndProject
Project("{FAE04EC0-301F-11D3-BF4B-00C04F79EFBC}") = "Facade.Tests", "test\Facade.Tests.csproj", "{44B063D9-2C92-4DDF-8EC2-09AB29E310DE}"
EndProject
Global
	GlobalSection(SolutionConfigurationPlatforms) = preSolution
		Debug|Any CPU = Debug|Any CPU
		Debug|x64 = Debug|x64
		Debug|x86 = Debug|x86
		Release|Any CPU = Release|Any CPU
		Release|x64 = Release|x64
		Release|x86 = Release|x86
	EndGlobalSection
	GlobalSection(SolutionProperties) = preSolution
		HideSolutionNode = FALSE
	EndGlobalSection
	GlobalSection(ProjectConfigurationPlatforms) = postSolution
		{BB2D41AE-4CA1-4600-B91C-55B642314D64}.Debug|Any CPU.ActiveCfg = Debug|Any CPU
		{BB2D41AE-4CA1-4600-B91C-55B642314D64}.Debug|Any CPU.Build.0 = Debug|Any CPU
		{BB2D41AE-4CA1-4600-B91C-55B642314D64}.Debug|x64.ActiveCfg = Debug|Any CPU
		{BB2D41AE-4CA1-4600-B91C-55B642314D64}.Debug|x64.Build.0 = Debug|Any CPU
		{BB2D41AE-4CA1-4600-B91C-55B642314D64}.Debug|x86.ActiveCfg = Debug|Any CPU
		{BB2D41AE-4CA1-4600-B91C-55B642314D64}.Debug|x86.Build.0 = Debug|Any CPU
		{BB2D41AE-4CA1-4600-B91C-55B642314D64}.Release|Any CPU.ActiveCfg = Release|Any CPU
		{BB2D41AE-4CA1-4600-B91C-55B642314D64}.Release|Any CPU.Build.0 = Release|Any CPU
		{BB2D41AE-4CA1-4600-B91C-55B642314D64}.Release|x64.ActiveCfg = Release|Any CPU
		{BB2D41AE-4CA1-4600-B91C-55B642314D64}.Release|x64.Build.0 = Release|Any CPU
		{BB2D41AE-4CA1-4600-B91C-55B642314D64}.Release|x86.ActiveCfg = Release|Any CPU
		{BB2D41AE-4CA1-4600-B91C-55B642314D64}.Release|x86.Build.0 = Release|Any CPU
		{A9577ED1-FE05-48C8-BF93-2A4F7DA8A071}.Debug|Any CPU.ActiveCfg = Debug|Any CPU
		{A9577ED1-FE05-48C8-BF93-2A4F7DA8A071}.Debug|Any CPU.Build.0 = Debug|Any CPU
		{A9577ED1-FE05-48C8-BF93-2A4F7DA8A071}.Debug|x64.ActiveCfg = Debug|Any CPU
		{A9577ED1-FE05-48C8-BF93-2A4F7DA8A071}.Debug|x64.Build.0 = Debug|Any CPU
		{A9577ED1-FE05-48C8-BF93-2A4F7DA8A071}.Debug|x86.ActiveCfg = Debug|Any CPU
		{A9577ED1-FE05-48C8-BF93-2A4F7DA8A071}.Debug|x86.Build.0 = Debug|Any CPU
		{A9577ED1-FE05-48C8-BF93-2A4F7DA8A071}.Release|Any CPU.ActiveCfg = Release|Any CPU
		{A9577ED1-FE05-48C8-BF93-2A4F7DA8A071}.Release|Any CPU.Build.0 = Release|Any CPU
		{A9577ED1-FE05-48C8-BF93-2A4F7DA8A071}.Release|x64.ActiveCfg = Release|Any CPU
		{A9577ED1-FE05-48C8-BF93-2A4F7DA8A071}.Release|x64.Build.0 = Release|Any CPU
		{A9577ED1-FE05-48C8-BF93-2A4F7DA8A071}.Release|x86.ActiveCfg = Release|Any CPU
		{A9577ED1-FE05-48C8-BF93-2A4F7DA8A071}.Release|x86.Build.0 = Release|Any CPU
		{44B063D9-2C92-4DDF-8EC2-09AB29E310DE}.Debug|Any CPU.ActiveCfg = Debug|Any CPU
		{44B063D9-2C92-4DDF-8EC2-09AB29E310DE}.Debug|Any CPU.Build.0 = Debug|Any CPU
		{44B063D9-2C92-4DDF-8EC2-09AB29E310DE}.Debug|x64.ActiveCfg = Debug|Any CPU
		{44B063D9-2C92-4DDF-8EC2-09AB29E310DE}.Debug|x64.Build.0 = Debug|Any CPU
		{44B063D9-2C92-4DDF-8EC2-09AB29E310DE}.Debug|x86.ActiveCfg = Debug|Any CPU
		{44B063D9-2C92-4DDF-8EC2-09AB29E310DE}.Debug|x86.Build.0 = Debug|Any CPU
		{44B063D9-2C92-4DDF-8EC2-09AB29E310DE}.Release|Any CPU.ActiveCfg = Release|Any CPU
		{44B063D9-2C92-4DDF-8EC2-09AB29E310DE}.Release|Any CPU.Build.0 = Release|Any CPU
		{44B063D9-2C92-4DDF-8EC2-09AB29E310DE}.Release|x64.ActiveCfg = Release|Any CPU
		{44B063D9-2C92-4DDF-8EC2-09AB29E310DE}.Release|x64.Build.0 = Release|Any CPU
		{44B063D9-2C92-4DDF-8EC2-09AB29E310DE}.Release|x86.ActiveCfg = Release|Any CPU
		{44B063D9-2C92-4DDF-8EC2-09AB29E310DE}.Release|x86.Build.0 = Release|Any CPU
	EndGlobalSection
EndGlobal
