
Microsoft Visual Studio Solution File, Format Version 12.00
# Visual Studio 15
VisualStudioVersion = 15.0.26124.0
MinimumVisualStudioVersion = 15.0.26124.0
Project("{FAE04EC0-301F-11D3-BF4B-00C04F79EFBC}") = "FacadeGridByLevels", "src\FacadeGridByLevels.csproj", "{B53647C7-8873-41FD-9D31-A7BA5BF99EFC}"
EndProject
Project("{FAE04EC0-301F-11D3-BF4B-00C04F79EFBC}") = "FacadeGridByLevels.Dependencies", "dependencies\FacadeGridByLevels.Dependencies.csproj", "{B055736F-C847-408A-8206-2A3DA87FEEBB}"
EndProject
Project("{FAE04EC0-301F-11D3-BF4B-00C04F79EFBC}") = "FacadeGridByLevels.Tests", "test\FacadeGridByLevels.Tests.csproj", "{068DBE09-8091-41C4-9E0A-96FC5843A506}"
EndProject
Global
	GlobalSection(SolutionConfigurationPlatforms) = preSolution
		Debug|Any CPU = Debug|Any CPU
		Debug|x64 = Debug|x64
		Debug|x86 = Debug|x86
		Release|Any CPU = Release|Any CPU
		Release|x64 = Release|x64
		Release|x86 = Release|x86
	EndGlobalSection
	GlobalSection(SolutionProperties) = preSolution
		HideSolutionNode = FALSE
	EndGlobalSection
	GlobalSection(ProjectConfigurationPlatforms) = postSolution
		{B53647C7-8873-41FD-9D31-A7BA5BF99EFC}.Debug|Any CPU.ActiveCfg = Debug|Any CPU
		{B53647C7-8873-41FD-9D31-A7BA5BF99EFC}.Debug|Any CPU.Build.0 = Debug|Any CPU
		{B53647C7-8873-41FD-9D31-A7BA5BF99EFC}.Debug|x64.ActiveCfg = Debug|Any CPU
		{B53647C7-8873-41FD-9D31-A7BA5BF99EFC}.Debug|x64.Build.0 = Debug|Any CPU
		{B53647C7-8873-41FD-9D31-A7BA5BF99EFC}.Debug|x86.ActiveCfg = Debug|Any CPU
		{B53647C7-8873-41FD-9D31-A7BA5BF99EFC}.Debug|x86.Build.0 = Debug|Any CPU
		{B53647C7-8873-41FD-9D31-A7BA5BF99EFC}.Release|Any CPU.ActiveCfg = Release|Any CPU
		{B53647C7-8873-41FD-9D31-A7BA5BF99EFC}.Release|Any CPU.Build.0 = Release|Any CPU
		{B53647C7-8873-41FD-9D31-A7BA5BF99EFC}.Release|x64.ActiveCfg = Release|Any CPU
		{B53647C7-8873-41FD-9D31-A7BA5BF99EFC}.Release|x64.Build.0 = Release|Any CPU
		{B53647C7-8873-41FD-9D31-A7BA5BF99EFC}.Release|x86.ActiveCfg = Release|Any CPU
		{B53647C7-8873-41FD-9D31-A7BA5BF99EFC}.Release|x86.Build.0 = Release|Any CPU
		{B055736F-C847-408A-8206-2A3DA87FEEBB}.Debug|Any CPU.ActiveCfg = Debug|Any CPU
		{B055736F-C847-408A-8206-2A3DA87FEEBB}.Debug|Any CPU.Build.0 = Debug|Any CPU
		{B055736F-C847-408A-8206-2A3DA87FEEBB}.Debug|x64.ActiveCfg = Debug|Any CPU
		{B055736F-C847-408A-8206-2A3DA87FEEBB}.Debug|x64.Build.0 = Debug|Any CPU
		{B055736F-C847-408A-8206-2A3DA87FEEBB}.Debug|x86.ActiveCfg = Debug|Any CPU
		{B055736F-C847-408A-8206-2A3DA87FEEBB}.Debug|x86.Build.0 = Debug|Any CPU
		{B055736F-C847-408A-8206-2A3DA87FEEBB}.Release|Any CPU.ActiveCfg = Release|Any CPU
		{B055736F-C847-408A-8206-2A3DA87FEEBB}.Release|Any CPU.Build.0 = Release|Any CPU
		{B055736F-C847-408A-8206-2A3DA87FEEBB}.Release|x64.ActiveCfg = Release|Any CPU
		{B055736F-C847-408A-8206-2A3DA87FEEBB}.Release|x64.Build.0 = Release|Any CPU
		{B055736F-C847-408A-8206-2A3DA87FEEBB}.Release|x86.ActiveCfg = Release|Any CPU
		{B055736F-C847-408A-8206-2A3DA87FEEBB}.Release|x86.Build.0 = Release|Any CPU
		{068DBE09-8091-41C4-9E0A-96FC5843A506}.Debug|Any CPU.ActiveCfg = Debug|Any CPU
		{068DBE09-8091-41C4-9E0A-96FC5843A506}.Debug|Any CPU.Build.0 = Debug|Any CPU
		{068DBE09-8091-41C4-9E0A-96FC5843A506}.Debug|x64.ActiveCfg = Debug|Any CPU
		{068DBE09-8091-41C4-9E0A-96FC5843A506}.Debug|x64.Build.0 = Debug|Any CPU
		{068DBE09-8091-41C4-9E0A-96FC5843A506}.Debug|x86.ActiveCfg = Debug|Any CPU
		{068DBE09-8091-41C4-9E0A-96FC5843A506}.Debug|x86.Build.0 = Debug|Any CPU
		{068DBE09-8091-41C4-9E0A-96FC5843A506}.Release|Any CPU.ActiveCfg = Release|Any CPU
		{068DBE09-8091-41C4-9E0A-96FC5843A506}.Release|Any CPU.Build.0 = Release|Any CPU
		{068DBE09-8091-41C4-9E0A-96FC5843A506}.Release|x64.ActiveCfg = Release|Any CPU
		{068DBE09-8091-41C4-9E0A-96FC5843A506}.Release|x64.Build.0 = Release|Any CPU
		{068DBE09-8091-41C4-9E0A-96FC5843A506}.Release|x86.ActiveCfg = Release|Any CPU
		{068DBE09-8091-41C4-9E0A-96FC5843A506}.Release|x86.Build.0 = Release|Any CPU
	EndGlobalSection
EndGlobal
