
Microsoft Visual Studio Solution File, Format Version 12.00
# Visual Studio 15
VisualStudioVersion = 15.0.26124.0
MinimumVisualStudioVersion = 15.0.26124.0
Project("{FAE04EC0-301F-11D3-BF4B-00C04F79EFBC}") = "RoofBySketch", "src\RoofBySketch.csproj", "{11F8A445-494B-4E11-A582-E760756EDB0F}"
EndProject
Project("{FAE04EC0-301F-11D3-BF4B-00C04F79EFBC}") = "RoofBySketch.Dependencies", "dependencies\RoofBySketch.Dependencies.csproj", "{4F81ABDE-E568-46CE-AC59-9CEB5C3F8685}"
EndProject
Project("{FAE04EC0-301F-11D3-BF4B-00C04F79EFBC}") = "RoofBySketch.Tests", "test\RoofBySketch.Tests.csproj", "{B174F650-EE6D-490B-97B7-DA4B590DAAD6}"
EndProject
Global
	GlobalSection(SolutionConfigurationPlatforms) = preSolution
		Debug|Any CPU = Debug|Any CPU
		Debug|x64 = Debug|x64
		Debug|x86 = Debug|x86
		Release|Any CPU = Release|Any CPU
		Release|x64 = Release|x64
		Release|x86 = Release|x86
	EndGlobalSection
	GlobalSection(SolutionProperties) = preSolution
		HideSolutionNode = FALSE
	EndGlobalSection
	GlobalSection(ProjectConfigurationPlatforms) = postSolution
		{11F8A445-494B-4E11-A582-E760756EDB0F}.Debug|Any CPU.ActiveCfg = Debug|Any CPU
		{11F8A445-494B-4E11-A582-E760756EDB0F}.Debug|Any CPU.Build.0 = Debug|Any CPU
		{11F8A445-494B-4E11-A582-E760756EDB0F}.Debug|x64.ActiveCfg = Debug|Any CPU
		{11F8A445-494B-4E11-A582-E760756EDB0F}.Debug|x64.Build.0 = Debug|Any CPU
		{11F8A445-494B-4E11-A582-E760756EDB0F}.Debug|x86.ActiveCfg = Debug|Any CPU
		{11F8A445-494B-4E11-A582-E760756EDB0F}.Debug|x86.Build.0 = Debug|Any CPU
		{11F8A445-494B-4E11-A582-E760756EDB0F}.Release|Any CPU.ActiveCfg = Release|Any CPU
		{11F8A445-494B-4E11-A582-E760756EDB0F}.Release|Any CPU.Build.0 = Release|Any CPU
		{11F8A445-494B-4E11-A582-E760756EDB0F}.Release|x64.ActiveCfg = Release|Any CPU
		{11F8A445-494B-4E11-A582-E760756EDB0F}.Release|x64.Build.0 = Release|Any CPU
		{11F8A445-494B-4E11-A582-E760756EDB0F}.Release|x86.ActiveCfg = Release|Any CPU
		{11F8A445-494B-4E11-A582-E760756EDB0F}.Release|x86.Build.0 = Release|Any CPU
		{4F81ABDE-E568-46CE-AC59-9CEB5C3F8685}.Debug|Any CPU.ActiveCfg = Debug|Any CPU
		{4F81ABDE-E568-46CE-AC59-9CEB5C3F8685}.Debug|Any CPU.Build.0 = Debug|Any CPU
		{4F81ABDE-E568-46CE-AC59-9CEB5C3F8685}.Debug|x64.ActiveCfg = Debug|Any CPU
		{4F81ABDE-E568-46CE-AC59-9CEB5C3F8685}.Debug|x64.Build.0 = Debug|Any CPU
		{4F81ABDE-E568-46CE-AC59-9CEB5C3F8685}.Debug|x86.ActiveCfg = Debug|Any CPU
		{4F81ABDE-E568-46CE-AC59-9CEB5C3F8685}.Debug|x86.Build.0 = Debug|Any CPU
		{4F81ABDE-E568-46CE-AC59-9CEB5C3F8685}.Release|Any CPU.ActiveCfg = Release|Any CPU
		{4F81ABDE-E568-46CE-AC59-9CEB5C3F8685}.Release|Any CPU.Build.0 = Release|Any CPU
		{4F81ABDE-E568-46CE-AC59-9CEB5C3F8685}.Release|x64.ActiveCfg = Release|Any CPU
		{4F81ABDE-E568-46CE-AC59-9CEB5C3F8685}.Release|x64.Build.0 = Release|Any CPU
		{4F81ABDE-E568-46CE-AC59-9CEB5C3F8685}.Release|x86.ActiveCfg = Release|Any CPU
		{4F81ABDE-E568-46CE-AC59-9CEB5C3F8685}.Release|x86.Build.0 = Release|Any CPU
		{B174F650-EE6D-490B-97B7-DA4B590DAAD6}.Debug|Any CPU.ActiveCfg = Debug|Any CPU
		{B174F650-EE6D-490B-97B7-DA4B590DAAD6}.Debug|Any CPU.Build.0 = Debug|Any CPU
		{B174F650-EE6D-490B-97B7-DA4B590DAAD6}.Debug|x64.ActiveCfg = Debug|Any CPU
		{B174F650-EE6D-490B-97B7-DA4B590DAAD6}.Debug|x64.Build.0 = Debug|Any CPU
		{B174F650-EE6D-490B-97B7-DA4B590DAAD6}.Debug|x86.ActiveCfg = Debug|Any CPU
		{B174F650-EE6D-490B-97B7-DA4B590DAAD6}.Debug|x86.Build.0 = Debug|Any CPU
		{B174F650-EE6D-490B-97B7-DA4B590DAAD6}.Release|Any CPU.ActiveCfg = Release|Any CPU
		{B174F650-EE6D-490B-97B7-DA4B590DAAD6}.Release|Any CPU.Build.0 = Release|Any CPU
		{B174F650-EE6D-490B-97B7-DA4B590DAAD6}.Release|x64.ActiveCfg = Release|Any CPU
		{B174F650-EE6D-490B-97B7-DA4B590DAAD6}.Release|x64.Build.0 = Release|Any CPU
		{B174F650-EE6D-490B-97B7-DA4B590DAAD6}.Release|x86.ActiveCfg = Release|Any CPU
		{B174F650-EE6D-490B-97B7-DA4B590DAAD6}.Release|x86.Build.0 = Release|Any CPU
	EndGlobalSection
EndGlobal
