
Microsoft Visual Studio Solution File, Format Version 12.00
# Visual Studio Version 16
VisualStudioVersion = 16.0.31729.503
MinimumVisualStudioVersion = 15.0.26124.0
Project("{2150E333-8FDC-42A3-9474-1A3956D46DE8}") = "Columns", "Columns", "{037E922C-9117-4D14-AF83-F2F8B9C56127}"
EndProject
Project("{2150E333-8FDC-42A3-9474-1A3956D46DE8}") = "ColumnsByFloors", "ColumnsByFloors", "{D37B94E2-9D1F-4C3B-BA0D-365F0E9CA43B}"
EndProject
Project("{9A19103F-16F7-4668-BE54-9A1E7A4F7556}") = "ColumnsByFloors", "Columns\ColumnsByFloors\src\ColumnsByFloors.csproj", "{5DB09F7C-6C6E-42E6-AFC3-FD090B4BBE04}"
EndProject
Project("{9A19103F-16F7-4668-BE54-9A1E7A4F7556}") = "ColumnsByFloors.tests", "Columns\ColumnsByFloors\test\ColumnsByFloors.tests.csproj", "{9F0CF85A-B29E-44E2-AA37-2A957C82A7CA}"
EndProject
Project("{2150E333-8FDC-42A3-9474-1A3956D46DE8}") = "Core", "Core", "{FFA5AF17-16E3-4F90-8CFC-D9952FDCC2CA}"
EndProject
Project("{2150E333-8FDC-42A3-9474-1A3956D46DE8}") = "CoreByEnvelope", "CoreByEnvelope", "{2D160827-41E1-475F-92E8-C0886E3EEE49}"
EndProject
Project("{9A19103F-16F7-4668-BE54-9A1E7A4F7556}") = "CoreByEnvelope", "Core\CoreByEnvelope\src\CoreByEnvelope.csproj", "{A5324AD3-B3D5-4537-A3BD-75C300E925D1}"
EndProject
Project("{9A19103F-16F7-4668-BE54-9A1E7A4F7556}") = "CoreByEnvelope.tests", "Core\CoreByEnvelope\test\CoreByEnvelope.tests.csproj", "{7675EF03-6618-4F6F-9730-D76F4C58EE10}"
EndProject
Project("{2150E333-8FDC-42A3-9474-1A3956D46DE8}") = "CoreByLevels", "CoreByLevels", "{BB5DEC1B-3FE7-4B40-97ED-9D86DBBDAEF4}"
EndProject
Project("{9A19103F-16F7-4668-BE54-9A1E7A4F7556}") = "CoreByLevels", "Core\CoreByLevels\src\CoreByLevels.csproj", "{E2AC3069-E73A-43A2-8EFF-FDA207B00302}"
EndProject
Project("{9A19103F-16F7-4668-BE54-9A1E7A4F7556}") = "CoreByLevels.tests", "Core\CoreByLevels\test\CoreByLevels.tests.csproj", "{DCE50C24-325E-4026-82FD-F7363E054125}"
EndProject
Project("{2150E333-8FDC-42A3-9474-1A3956D46DE8}") = "CoreBySketch", "CoreBySketch", "{4A60A6D5-C03D-4DFA-B78F-033AC0F65179}"
EndProject
Project("{9A19103F-16F7-4668-BE54-9A1E7A4F7556}") = "CoreBySketch", "Core\CoreBySketch\src\CoreBySketch.csproj", "{27FF4281-707D-4A22-873D-41FE0C09E5B2}"
EndProject
Project("{9A19103F-16F7-4668-BE54-9A1E7A4F7556}") = "CoreBySketch.Tests", "Core\CoreBySketch\test\CoreBySketch.Tests.csproj", "{389000D3-6F6A-4D54-8C64-E8B263145B1D}"
EndProject
Project("{2150E333-8FDC-42A3-9474-1A3956D46DE8}") = "Envelope", "Envelope", "{8CB71796-7CF7-4918-8973-44018F655710}"
EndProject
Project("{2150E333-8FDC-42A3-9474-1A3956D46DE8}") = "EnvelopeByCenterline", "EnvelopeByCenterline", "{D1AE7525-0876-4D73-9B81-F61C5158335A}"
EndProject
Project("{9A19103F-16F7-4668-BE54-9A1E7A4F7556}") = "EnvelopeByCenterline", "Envelope\EnvelopeByCenterline\src\EnvelopeByCenterline.csproj", "{D897F1B2-F2A0-492A-9C44-B7E7CDCC4580}"
EndProject
Project("{9A19103F-16F7-4668-BE54-9A1E7A4F7556}") = "EnvelopeByCenterline.tests", "Envelope\EnvelopeByCenterline\test\EnvelopeByCenterline.tests.csproj", "{15B6A702-1EF4-456F-A0B5-E8306DEF92BF}"
EndProject
Project("{2150E333-8FDC-42A3-9474-1A3956D46DE8}") = "EnvelopeBySite", "EnvelopeBySite", "{C3EC8563-CBDE-4DD3-AE88-44DCD2E48C95}"
EndProject
Project("{9A19103F-16F7-4668-BE54-9A1E7A4F7556}") = "EnvelopeBySite", "Envelope\EnvelopeBySite\src\EnvelopeBySite.csproj", "{95E0C04D-52B3-4DE5-A6DA-597B196419CD}"
EndProject
Project("{9A19103F-16F7-4668-BE54-9A1E7A4F7556}") = "EnvelopeBySite.tests", "Envelope\EnvelopeBySite\test\EnvelopeBySite.tests.csproj", "{69CCFA55-DE38-418D-8512-17FBE0E64485}"
EndProject
Project("{2150E333-8FDC-42A3-9474-1A3956D46DE8}") = "EnvelopeBySketch", "EnvelopeBySketch", "{C0A4C638-0D5B-45B7-8AF5-5AFD3C603D60}"
EndProject
Project("{9A19103F-16F7-4668-BE54-9A1E7A4F7556}") = "EnvelopeBySketch", "Envelope\EnvelopeBySketch\src\EnvelopeBySketch.csproj", "{305C18EF-5582-4CBA-B51C-76E726239B38}"
EndProject
Project("{9A19103F-16F7-4668-BE54-9A1E7A4F7556}") = "EnvelopeBySketch.tests", "Envelope\EnvelopeBySketch\test\EnvelopeBySketch.tests.csproj", "{32656F1E-AEF8-40D5-B419-BAE0D8DF9ACD}"
EndProject
Project("{2150E333-8FDC-42A3-9474-1A3956D46DE8}") = "Facade", "Facade", "{27DB02FD-4A02-4B90-AC4F-35BBB66C08EB}"
EndProject
Project("{2150E333-8FDC-42A3-9474-1A3956D46DE8}") = "FacadeByEnvelope", "FacadeByEnvelope", "{5A962EC9-7A9D-4AED-9D41-C9E740FA48E6}"
EndProject
Project("{9A19103F-16F7-4668-BE54-9A1E7A4F7556}") = "FacadeByEnvelope", "Facade\FacadeByEnvelope\src\FacadeByEnvelope.csproj", "{A90A6535-DE90-4E3B-B747-5BB41C96CABE}"
EndProject
Project("{9A19103F-16F7-4668-BE54-9A1E7A4F7556}") = "FacadeByEnvelope.tests", "Facade\FacadeByEnvelope\test\FacadeByEnvelope.tests.csproj", "{C213E8AD-6DB1-4EAD-87F3-A32D64A0163E}"
EndProject
Project("{2150E333-8FDC-42A3-9474-1A3956D46DE8}") = "Floors", "Floors", "{CA783379-5127-4C8F-A7A6-8C78FDC44F54}"
EndProject
Project("{2150E333-8FDC-42A3-9474-1A3956D46DE8}") = "FloorsByDXF", "FloorsByDXF", "{E75F7E04-4D55-4873-A519-50B59EDC8CC2}"
EndProject
Project("{9A19103F-16F7-4668-BE54-9A1E7A4F7556}") = "FloorsByDXF", "Floors\FloorsByDXF\src\FloorsByDXF.csproj", "{C2624925-9F3B-4125-BF65-85A00008272D}"
EndProject
Project("{9A19103F-16F7-4668-BE54-9A1E7A4F7556}") = "FloorsByDXF.Tests", "Floors\FloorsByDXF\test\FloorsByDXF.Tests.csproj", "{6DA42BBD-A086-4F3A-ADB2-D2D6EA91E2E9}"
EndProject
Project("{2150E333-8FDC-42A3-9474-1A3956D46DE8}") = "FloorsByLevels", "FloorsByLevels", "{F7943365-42D7-42FB-B51F-D85671044D5C}"
EndProject
Project("{9A19103F-16F7-4668-BE54-9A1E7A4F7556}") = "FloorsByLevels", "Floors\FloorsByLevels\src\FloorsByLevels.csproj", "{70CCF68F-477C-4FAE-BB5F-7355D828084C}"
EndProject
Project("{9A19103F-16F7-4668-BE54-9A1E7A4F7556}") = "FloorsByLevels.tests", "Floors\FloorsByLevels\test\FloorsByLevels.tests.csproj", "{F5321584-7462-43C1-B8D6-E805B5ADFF99}"
EndProject
Project("{2150E333-8FDC-42A3-9474-1A3956D46DE8}") = "SubdivideSlab", "SubdivideSlab", "{470D83AD-9513-4E56-A460-F80458EA2A75}"
EndProject
Project("{9A19103F-16F7-4668-BE54-9A1E7A4F7556}") = "SubdivideSlab", "Floors\SubdivideSlab\src\SubdivideSlab.csproj", "{7385F70F-20B5-48A1-81BF-801AB2DA1457}"
EndProject
Project("{9A19103F-16F7-4668-BE54-9A1E7A4F7556}") = "SubdivideSlab.tests", "Floors\SubdivideSlab\test\SubdivideSlab.tests.csproj", "{4FB3948F-D4C3-4C40-B9FF-3B4F2B6CF0A1}"
EndProject
Project("{2150E333-8FDC-42A3-9474-1A3956D46DE8}") = "Foundation", "Foundation", "{150F8D25-D074-444D-86D4-DA8AD7D61168}"
EndProject
Project("{2150E333-8FDC-42A3-9474-1A3956D46DE8}") = "FoundationByEnvelope", "FoundationByEnvelope", "{8C951D59-5878-4A8B-9608-701EE2875769}"
EndProject
Project("{9A19103F-16F7-4668-BE54-9A1E7A4F7556}") = "FoundationByEnvelope", "Foundation\FoundationByEnvelope\src\FoundationByEnvelope.csproj", "{1E19DEAB-B6B4-4E99-A559-812120928DEF}"
EndProject
Project("{9A19103F-16F7-4668-BE54-9A1E7A4F7556}") = "FoundationByEnvelope.Tests", "Foundation\FoundationByEnvelope\test\FoundationByEnvelope.Tests.csproj", "{62D103FD-11A4-4F02-88C4-224A8182492D}"
EndProject
Project("{2150E333-8FDC-42A3-9474-1A3956D46DE8}") = "Levels", "Levels", "{AB92D422-89C7-421E-9883-21AA6EC0DC12}"
EndProject
Project("{2150E333-8FDC-42A3-9474-1A3956D46DE8}") = "LevelBySketch", "LevelBySketch", "{12D0B62F-F7ED-430C-BAC8-65E48BD75FC6}"
EndProject
Project("{9A19103F-16F7-4668-BE54-9A1E7A4F7556}") = "LevelBySketch", "Levels\LevelBySketch\src\LevelBySketch.csproj", "{22561921-A6F5-478A-B6F1-44EF19F802EB}"
EndProject
Project("{9A19103F-16F7-4668-BE54-9A1E7A4F7556}") = "LevelBySketch.tests", "Levels\LevelBySketch\test\LevelBySketch.tests.csproj", "{D3C2440C-2D4F-4D54-BADB-EBAFEB39979F}"
EndProject
Project("{2150E333-8FDC-42A3-9474-1A3956D46DE8}") = "LevelsByEnvelope", "LevelsByEnvelope", "{6030720E-A093-425F-B359-A8C7CDC7DC35}"
EndProject
Project("{9A19103F-16F7-4668-BE54-9A1E7A4F7556}") = "LevelsByEnvelope", "Levels\LevelsByEnvelope\src\LevelsByEnvelope.csproj", "{B1E64DBD-E9A8-4728-BFB7-44B8FFE3C3BE}"
EndProject
Project("{9A19103F-16F7-4668-BE54-9A1E7A4F7556}") = "LevelsByEnvelope.tests", "Levels\LevelsByEnvelope\test\LevelsByEnvelope.tests.csproj", "{908C582D-DE60-40A6-B936-4A6960ED52D1}"
EndProject
Project("{2150E333-8FDC-42A3-9474-1A3956D46DE8}") = "Roof", "Roof", "{F87EF083-A121-48AD-B132-FA9905F45229}"
EndProject
Project("{2150E333-8FDC-42A3-9474-1A3956D46DE8}") = "RoofByDXF", "RoofByDXF", "{AF0FC962-BE8C-4FD1-B936-8FE017445BB4}"
EndProject
Project("{9A19103F-16F7-4668-BE54-9A1E7A4F7556}") = "RoofByDXF", "Roof\RoofByDXF\src\RoofByDXF.csproj", "{0E9BAFFA-D3CB-401E-9649-DD5318CD1572}"
EndProject
Project("{9A19103F-16F7-4668-BE54-9A1E7A4F7556}") = "RoofByDXF.Tests", "Roof\RoofByDXF\test\RoofByDXF.Tests.csproj", "{C67B17DD-39B3-4FCF-AC1A-454B6EE1FCD2}"
EndProject
Project("{2150E333-8FDC-42A3-9474-1A3956D46DE8}") = "RoofBySketch", "RoofBySketch", "{67352D86-955F-4287-990F-FF8410C64A5D}"
EndProject
Project("{9A19103F-16F7-4668-BE54-9A1E7A4F7556}") = "RoofBySketch", "Roof\RoofBySketch\src\RoofBySketch.csproj", "{46D136B3-8C14-48D1-9A40-41C495149165}"
EndProject
Project("{9A19103F-16F7-4668-BE54-9A1E7A4F7556}") = "RoofBySketch.Tests", "Roof\RoofBySketch\test\RoofBySketch.Tests.csproj", "{8B446F68-968F-4DE6-8FF2-20B556DA34DB}"
EndProject
Project("{2150E333-8FDC-42A3-9474-1A3956D46DE8}") = "Rooms", "Rooms", "{F28411E7-0947-4417-90AF-E89427745E89}"
EndProject
Project("{2150E333-8FDC-42A3-9474-1A3956D46DE8}") = "PlanByProgram", "PlanByProgram", "{8D36B4D9-D69F-4422-98B4-DCB944D76D86}"
EndProject
Project("{9A19103F-16F7-4668-BE54-9A1E7A4F7556}") = "PlanByProgram", "Rooms\PlanByProgram\src\PlanByProgram.csproj", "{FCCD6C51-9ED6-421A-8A6A-6F3B55E45A47}"
EndProject
Project("{9A19103F-16F7-4668-BE54-9A1E7A4F7556}") = "PlanByProgram.tests", "Rooms\PlanByProgram\test\PlanByProgram.tests.csproj", "{18624710-9A4D-40AB-B26F-C2EFA474B39E}"
EndProject
Project("{2150E333-8FDC-42A3-9474-1A3956D46DE8}") = "ProgramByCSV", "ProgramByCSV", "{9672F189-CE99-43C0-B633-226CDC5965B9}"
EndProject
Project("{9A19103F-16F7-4668-BE54-9A1E7A4F7556}") = "ProgramByCSV", "Rooms\ProgramByCSV\src\ProgramByCSV.csproj", "{6AA13FCF-A0F6-4402-829F-56FB79552A87}"
EndProject
Project("{9A19103F-16F7-4668-BE54-9A1E7A4F7556}") = "ProgramByCSV.tests", "Rooms\ProgramByCSV\test\ProgramByCSV.tests.csproj", "{A1064C2E-EBEC-4747-958F-BE897B6AB36B}"
EndProject
Project("{2150E333-8FDC-42A3-9474-1A3956D46DE8}") = "RoomsByLevels", "RoomsByLevels", "{7038D1FD-EA58-4156-97AF-4C302212BDF0}"
EndProject
Project("{9A19103F-16F7-4668-BE54-9A1E7A4F7556}") = "RoomsByLevels", "Rooms\RoomsByLevels\src\RoomsByLevels.csproj", "{0A13F2EE-AF84-4101-BD73-7AD6D0AFBCB9}"
EndProject
Project("{9A19103F-16F7-4668-BE54-9A1E7A4F7556}") = "RoomsByLevels.tests", "Rooms\RoomsByLevels\test\RoomsByLevels.tests.csproj", "{35999FB0-8078-4E2F-9E30-0BC17B14004B}"
EndProject
Project("{2150E333-8FDC-42A3-9474-1A3956D46DE8}") = "Site", "Site", "{23A50DAB-0E8E-419F-906C-4BF355B26B45}"
EndProject
Project("{2150E333-8FDC-42A3-9474-1A3956D46DE8}") = "SiteBySketch", "SiteBySketch", "{A043356B-BC9E-4091-A262-C2570CD29822}"
EndProject
Project("{9A19103F-16F7-4668-BE54-9A1E7A4F7556}") = "SiteBySketch", "Site\SiteBySketch\src\SiteBySketch.csproj", "{660E9C63-B5F5-427F-9B05-CD811712057E}"
EndProject
Project("{9A19103F-16F7-4668-BE54-9A1E7A4F7556}") = "SiteBySketch.tests", "Site\SiteBySketch\test\SiteBySketch.tests.csproj", "{32BBFD95-3BB2-4C2E-A914-B12E78C774D2}"
EndProject
Project("{2150E333-8FDC-42A3-9474-1A3956D46DE8}") = "Structure", "Structure", "{7DDB0DD5-2535-47B8-B9BF-EE56EA50EED3}"
EndProject
Project("{2150E333-8FDC-42A3-9474-1A3956D46DE8}") = "StructureByEnvelope", "StructureByEnvelope", "{FFEA9B75-30AF-419C-A025-7EC3D4FEB81F}"
EndProject
Project("{9A19103F-16F7-4668-BE54-9A1E7A4F7556}") = "Structure", "Structure\StructureByEnvelope\src\Structure.csproj", "{165D9802-51BE-414E-B7B3-D2CCAB78181B}"
EndProject
Project("{9A19103F-16F7-4668-BE54-9A1E7A4F7556}") = "Structure.tests", "Structure\StructureByEnvelope\test\Structure.tests.csproj", "{1363422C-A8BA-4296-AC50-443E53F88122}"
EndProject
Project("{2150E333-8FDC-42A3-9474-1A3956D46DE8}") = "EmergencyEgress", "EmergencyEgress", "{AA4CD55F-0B4C-4459-8419-CA065582EC0F}"
EndProject
Project("{9A19103F-16F7-4668-BE54-9A1E7A4F7556}") = "EmergencyEgress", "EmergencyEgress\src\EmergencyEgress.csproj", "{09D6C75B-BDFB-4CC9-B2F7-A126C53BD63A}"
EndProject
Project("{9A19103F-16F7-4668-BE54-9A1E7A4F7556}") = "EmergencyEgress.Tests", "EmergencyEgress\test\EmergencyEgress.Tests.csproj", "{FD1551B1-5DA0-457F-9BE2-6130FE9EE536}"
EndProject
Project("{2150E333-8FDC-42A3-9474-1A3956D46DE8}") = "ColumnsFromGrid", "ColumnsFromGrid", "{919938A0-66DF-464C-9C86-710F2BF82D3C}"
EndProject
Project("{FAE04EC0-301F-11D3-BF4B-00C04F79EFBC}") = "ColumnsFromGrid", "Columns\ColumnsFromGrid\src\ColumnsFromGrid.csproj", "{CC4AF7B8-50E2-4637-BB67-926D76C14C78}"
EndProject
Project("{FAE04EC0-301F-11D3-BF4B-00C04F79EFBC}") = "ColumnsFromGrid.Tests", "Columns\ColumnsFromGrid\test\ColumnsFromGrid.Tests.csproj", "{FBBDB7C4-C910-4C8C-BDE5-E8BB2441C083}"
EndProject
Project("{2150E333-8FDC-42A3-9474-1A3956D46DE8}") = "SimpleLevelsByEnvelope", "SimpleLevelsByEnvelope", "{AD00B794-6D25-4DD7-BEC1-FF4B9B4AA342}"
EndProject
Project("{FAE04EC0-301F-11D3-BF4B-00C04F79EFBC}") = "SimpleLevelsByEnvelope", "Levels\SimpleLevelsByEnvelope\src\SimpleLevelsByEnvelope.csproj", "{1C2E472C-E977-4329-81D2-954D31926F3F}"
EndProject
Project("{FAE04EC0-301F-11D3-BF4B-00C04F79EFBC}") = "SimpleLevelsByEnvelope.Tests", "Levels\SimpleLevelsByEnvelope\test\SimpleLevelsByEnvelope.Tests.csproj", "{70321D22-BFFB-44B0-AD7F-F915207CDAA6}"
EndProject
Project("{2150E333-8FDC-42A3-9474-1A3956D46DE8}") = "Roof", "Roof", "{D2150815-9B12-48C9-9547-B10888BD39A6}"
EndProject
Project("{FAE04EC0-301F-11D3-BF4B-00C04F79EFBC}") = "RoofFunction", "Roof\Roof\src\RoofFunction.csproj", "{8D9DF71F-7350-463C-8529-5E66A2A530EC}"
EndProject
Project("{FAE04EC0-301F-11D3-BF4B-00C04F79EFBC}") = "RoofFunction.Tests", "Roof\Roof\test\RoofFunction.Tests.csproj", "{111B3507-3975-4585-89BE-E886247B22F0}"
EndProject
Project("{2150E333-8FDC-42A3-9474-1A3956D46DE8}") = "Walls", "Walls", "{CD66A780-BBBD-4B01-A0A2-3C3E19D5A701}"
EndProject
Project("{2150E333-8FDC-42A3-9474-1A3956D46DE8}") = "Walls", "Walls", "{E05386D8-EEA3-466E-AC44-FDF706AD93A5}"
EndProject
Project("{FAE04EC0-301F-11D3-BF4B-00C04F79EFBC}") = "Walls", "Walls\Walls\src\Walls.csproj", "{D1AD5E24-D35D-4BB0-A497-E14A6600F144}"
EndProject
Project("{FAE04EC0-301F-11D3-BF4B-00C04F79EFBC}") = "Walls.Tests", "Walls\Walls\test\Walls.Tests.csproj", "{AE1D189A-1A63-4434-9DB0-B20A5351CD8F}"
EndProject
Project("{2150E333-8FDC-42A3-9474-1A3956D46DE8}") = "People", "People", "{C2B7E2AB-CC72-4984-AE21-FE36D811867F}"
EndProject
Project("{FAE04EC0-301F-11D3-BF4B-00C04F79EFBC}") = "People", "People\src\People.csproj", "{2B25CB4A-BD82-4605-8C5A-956E311D7D33}"
EndProject
Project("{FAE04EC0-301F-11D3-BF4B-00C04F79EFBC}") = "EntourageScatterer.Tests", "People\test\EntourageScatterer.Tests.csproj", "{D9A72AF7-215C-4FD9-8973-0EE74594F163}"
EndProject
Project("{2150E333-8FDC-42A3-9474-1A3956D46DE8}") = "Rooms", "Rooms", "{62864B49-20BD-4366-8261-2381D2CA907E}"
EndProject
Project("{FAE04EC0-301F-11D3-BF4B-00C04F79EFBC}") = "Rooms", "Rooms\Rooms\src\Rooms.csproj", "{A5418BB2-721B-4DFA-8FC7-4505A41677D2}"
EndProject
Project("{FAE04EC0-301F-11D3-BF4B-00C04F79EFBC}") = "Rooms.Tests", "Rooms\Rooms\test\Rooms.Tests.csproj", "{676B8321-297F-451B-8C1D-684A362E808E}"
EndProject
Global
	GlobalSection(SolutionConfigurationPlatforms) = preSolution
		Debug|Any CPU = Debug|Any CPU
		Debug|x64 = Debug|x64
		Debug|x86 = Debug|x86
		Release|Any CPU = Release|Any CPU
		Release|x64 = Release|x64
		Release|x86 = Release|x86
	EndGlobalSection
	GlobalSection(ProjectConfigurationPlatforms) = postSolution
		{5DB09F7C-6C6E-42E6-AFC3-FD090B4BBE04}.Debug|Any CPU.ActiveCfg = Debug|Any CPU
		{5DB09F7C-6C6E-42E6-AFC3-FD090B4BBE04}.Debug|Any CPU.Build.0 = Debug|Any CPU
		{5DB09F7C-6C6E-42E6-AFC3-FD090B4BBE04}.Debug|x64.ActiveCfg = Debug|Any CPU
		{5DB09F7C-6C6E-42E6-AFC3-FD090B4BBE04}.Debug|x64.Build.0 = Debug|Any CPU
		{5DB09F7C-6C6E-42E6-AFC3-FD090B4BBE04}.Debug|x86.ActiveCfg = Debug|Any CPU
		{5DB09F7C-6C6E-42E6-AFC3-FD090B4BBE04}.Debug|x86.Build.0 = Debug|Any CPU
		{5DB09F7C-6C6E-42E6-AFC3-FD090B4BBE04}.Release|Any CPU.ActiveCfg = Release|Any CPU
		{5DB09F7C-6C6E-42E6-AFC3-FD090B4BBE04}.Release|Any CPU.Build.0 = Release|Any CPU
		{5DB09F7C-6C6E-42E6-AFC3-FD090B4BBE04}.Release|x64.ActiveCfg = Release|Any CPU
		{5DB09F7C-6C6E-42E6-AFC3-FD090B4BBE04}.Release|x64.Build.0 = Release|Any CPU
		{5DB09F7C-6C6E-42E6-AFC3-FD090B4BBE04}.Release|x86.ActiveCfg = Release|Any CPU
		{5DB09F7C-6C6E-42E6-AFC3-FD090B4BBE04}.Release|x86.Build.0 = Release|Any CPU
		{9F0CF85A-B29E-44E2-AA37-2A957C82A7CA}.Debug|Any CPU.ActiveCfg = Debug|Any CPU
		{9F0CF85A-B29E-44E2-AA37-2A957C82A7CA}.Debug|Any CPU.Build.0 = Debug|Any CPU
		{9F0CF85A-B29E-44E2-AA37-2A957C82A7CA}.Debug|x64.ActiveCfg = Debug|Any CPU
		{9F0CF85A-B29E-44E2-AA37-2A957C82A7CA}.Debug|x64.Build.0 = Debug|Any CPU
		{9F0CF85A-B29E-44E2-AA37-2A957C82A7CA}.Debug|x86.ActiveCfg = Debug|Any CPU
		{9F0CF85A-B29E-44E2-AA37-2A957C82A7CA}.Debug|x86.Build.0 = Debug|Any CPU
		{9F0CF85A-B29E-44E2-AA37-2A957C82A7CA}.Release|Any CPU.ActiveCfg = Release|Any CPU
		{9F0CF85A-B29E-44E2-AA37-2A957C82A7CA}.Release|Any CPU.Build.0 = Release|Any CPU
		{9F0CF85A-B29E-44E2-AA37-2A957C82A7CA}.Release|x64.ActiveCfg = Release|Any CPU
		{9F0CF85A-B29E-44E2-AA37-2A957C82A7CA}.Release|x64.Build.0 = Release|Any CPU
		{9F0CF85A-B29E-44E2-AA37-2A957C82A7CA}.Release|x86.ActiveCfg = Release|Any CPU
		{9F0CF85A-B29E-44E2-AA37-2A957C82A7CA}.Release|x86.Build.0 = Release|Any CPU
		{A5324AD3-B3D5-4537-A3BD-75C300E925D1}.Debug|Any CPU.ActiveCfg = Debug|Any CPU
		{A5324AD3-B3D5-4537-A3BD-75C300E925D1}.Debug|Any CPU.Build.0 = Debug|Any CPU
		{A5324AD3-B3D5-4537-A3BD-75C300E925D1}.Debug|x64.ActiveCfg = Debug|Any CPU
		{A5324AD3-B3D5-4537-A3BD-75C300E925D1}.Debug|x64.Build.0 = Debug|Any CPU
		{A5324AD3-B3D5-4537-A3BD-75C300E925D1}.Debug|x86.ActiveCfg = Debug|Any CPU
		{A5324AD3-B3D5-4537-A3BD-75C300E925D1}.Debug|x86.Build.0 = Debug|Any CPU
		{A5324AD3-B3D5-4537-A3BD-75C300E925D1}.Release|Any CPU.ActiveCfg = Release|Any CPU
		{A5324AD3-B3D5-4537-A3BD-75C300E925D1}.Release|Any CPU.Build.0 = Release|Any CPU
		{A5324AD3-B3D5-4537-A3BD-75C300E925D1}.Release|x64.ActiveCfg = Release|Any CPU
		{A5324AD3-B3D5-4537-A3BD-75C300E925D1}.Release|x64.Build.0 = Release|Any CPU
		{A5324AD3-B3D5-4537-A3BD-75C300E925D1}.Release|x86.ActiveCfg = Release|Any CPU
		{A5324AD3-B3D5-4537-A3BD-75C300E925D1}.Release|x86.Build.0 = Release|Any CPU
		{7675EF03-6618-4F6F-9730-D76F4C58EE10}.Debug|Any CPU.ActiveCfg = Debug|Any CPU
		{7675EF03-6618-4F6F-9730-D76F4C58EE10}.Debug|Any CPU.Build.0 = Debug|Any CPU
		{7675EF03-6618-4F6F-9730-D76F4C58EE10}.Debug|x64.ActiveCfg = Debug|Any CPU
		{7675EF03-6618-4F6F-9730-D76F4C58EE10}.Debug|x64.Build.0 = Debug|Any CPU
		{7675EF03-6618-4F6F-9730-D76F4C58EE10}.Debug|x86.ActiveCfg = Debug|Any CPU
		{7675EF03-6618-4F6F-9730-D76F4C58EE10}.Debug|x86.Build.0 = Debug|Any CPU
		{7675EF03-6618-4F6F-9730-D76F4C58EE10}.Release|Any CPU.ActiveCfg = Release|Any CPU
		{7675EF03-6618-4F6F-9730-D76F4C58EE10}.Release|Any CPU.Build.0 = Release|Any CPU
		{7675EF03-6618-4F6F-9730-D76F4C58EE10}.Release|x64.ActiveCfg = Release|Any CPU
		{7675EF03-6618-4F6F-9730-D76F4C58EE10}.Release|x64.Build.0 = Release|Any CPU
		{7675EF03-6618-4F6F-9730-D76F4C58EE10}.Release|x86.ActiveCfg = Release|Any CPU
		{7675EF03-6618-4F6F-9730-D76F4C58EE10}.Release|x86.Build.0 = Release|Any CPU
		{E2AC3069-E73A-43A2-8EFF-FDA207B00302}.Debug|Any CPU.ActiveCfg = Debug|Any CPU
		{E2AC3069-E73A-43A2-8EFF-FDA207B00302}.Debug|Any CPU.Build.0 = Debug|Any CPU
		{E2AC3069-E73A-43A2-8EFF-FDA207B00302}.Debug|x64.ActiveCfg = Debug|Any CPU
		{E2AC3069-E73A-43A2-8EFF-FDA207B00302}.Debug|x64.Build.0 = Debug|Any CPU
		{E2AC3069-E73A-43A2-8EFF-FDA207B00302}.Debug|x86.ActiveCfg = Debug|Any CPU
		{E2AC3069-E73A-43A2-8EFF-FDA207B00302}.Debug|x86.Build.0 = Debug|Any CPU
		{E2AC3069-E73A-43A2-8EFF-FDA207B00302}.Release|Any CPU.ActiveCfg = Release|Any CPU
		{E2AC3069-E73A-43A2-8EFF-FDA207B00302}.Release|Any CPU.Build.0 = Release|Any CPU
		{E2AC3069-E73A-43A2-8EFF-FDA207B00302}.Release|x64.ActiveCfg = Release|Any CPU
		{E2AC3069-E73A-43A2-8EFF-FDA207B00302}.Release|x64.Build.0 = Release|Any CPU
		{E2AC3069-E73A-43A2-8EFF-FDA207B00302}.Release|x86.ActiveCfg = Release|Any CPU
		{E2AC3069-E73A-43A2-8EFF-FDA207B00302}.Release|x86.Build.0 = Release|Any CPU
		{DCE50C24-325E-4026-82FD-F7363E054125}.Debug|Any CPU.ActiveCfg = Debug|Any CPU
		{DCE50C24-325E-4026-82FD-F7363E054125}.Debug|Any CPU.Build.0 = Debug|Any CPU
		{DCE50C24-325E-4026-82FD-F7363E054125}.Debug|x64.ActiveCfg = Debug|Any CPU
		{DCE50C24-325E-4026-82FD-F7363E054125}.Debug|x64.Build.0 = Debug|Any CPU
		{DCE50C24-325E-4026-82FD-F7363E054125}.Debug|x86.ActiveCfg = Debug|Any CPU
		{DCE50C24-325E-4026-82FD-F7363E054125}.Debug|x86.Build.0 = Debug|Any CPU
		{DCE50C24-325E-4026-82FD-F7363E054125}.Release|Any CPU.ActiveCfg = Release|Any CPU
		{DCE50C24-325E-4026-82FD-F7363E054125}.Release|Any CPU.Build.0 = Release|Any CPU
		{DCE50C24-325E-4026-82FD-F7363E054125}.Release|x64.ActiveCfg = Release|Any CPU
		{DCE50C24-325E-4026-82FD-F7363E054125}.Release|x64.Build.0 = Release|Any CPU
		{DCE50C24-325E-4026-82FD-F7363E054125}.Release|x86.ActiveCfg = Release|Any CPU
		{DCE50C24-325E-4026-82FD-F7363E054125}.Release|x86.Build.0 = Release|Any CPU
		{27FF4281-707D-4A22-873D-41FE0C09E5B2}.Debug|Any CPU.ActiveCfg = Debug|Any CPU
		{27FF4281-707D-4A22-873D-41FE0C09E5B2}.Debug|Any CPU.Build.0 = Debug|Any CPU
		{27FF4281-707D-4A22-873D-41FE0C09E5B2}.Debug|x64.ActiveCfg = Debug|Any CPU
		{27FF4281-707D-4A22-873D-41FE0C09E5B2}.Debug|x64.Build.0 = Debug|Any CPU
		{27FF4281-707D-4A22-873D-41FE0C09E5B2}.Debug|x86.ActiveCfg = Debug|Any CPU
		{27FF4281-707D-4A22-873D-41FE0C09E5B2}.Debug|x86.Build.0 = Debug|Any CPU
		{27FF4281-707D-4A22-873D-41FE0C09E5B2}.Release|Any CPU.ActiveCfg = Release|Any CPU
		{27FF4281-707D-4A22-873D-41FE0C09E5B2}.Release|Any CPU.Build.0 = Release|Any CPU
		{27FF4281-707D-4A22-873D-41FE0C09E5B2}.Release|x64.ActiveCfg = Release|Any CPU
		{27FF4281-707D-4A22-873D-41FE0C09E5B2}.Release|x64.Build.0 = Release|Any CPU
		{27FF4281-707D-4A22-873D-41FE0C09E5B2}.Release|x86.ActiveCfg = Release|Any CPU
		{27FF4281-707D-4A22-873D-41FE0C09E5B2}.Release|x86.Build.0 = Release|Any CPU
		{389000D3-6F6A-4D54-8C64-E8B263145B1D}.Debug|Any CPU.ActiveCfg = Debug|Any CPU
		{389000D3-6F6A-4D54-8C64-E8B263145B1D}.Debug|Any CPU.Build.0 = Debug|Any CPU
		{389000D3-6F6A-4D54-8C64-E8B263145B1D}.Debug|x64.ActiveCfg = Debug|Any CPU
		{389000D3-6F6A-4D54-8C64-E8B263145B1D}.Debug|x64.Build.0 = Debug|Any CPU
		{389000D3-6F6A-4D54-8C64-E8B263145B1D}.Debug|x86.ActiveCfg = Debug|Any CPU
		{389000D3-6F6A-4D54-8C64-E8B263145B1D}.Debug|x86.Build.0 = Debug|Any CPU
		{389000D3-6F6A-4D54-8C64-E8B263145B1D}.Release|Any CPU.ActiveCfg = Release|Any CPU
		{389000D3-6F6A-4D54-8C64-E8B263145B1D}.Release|Any CPU.Build.0 = Release|Any CPU
		{389000D3-6F6A-4D54-8C64-E8B263145B1D}.Release|x64.ActiveCfg = Release|Any CPU
		{389000D3-6F6A-4D54-8C64-E8B263145B1D}.Release|x64.Build.0 = Release|Any CPU
		{389000D3-6F6A-4D54-8C64-E8B263145B1D}.Release|x86.ActiveCfg = Release|Any CPU
		{389000D3-6F6A-4D54-8C64-E8B263145B1D}.Release|x86.Build.0 = Release|Any CPU
		{D897F1B2-F2A0-492A-9C44-B7E7CDCC4580}.Debug|Any CPU.ActiveCfg = Debug|Any CPU
		{D897F1B2-F2A0-492A-9C44-B7E7CDCC4580}.Debug|Any CPU.Build.0 = Debug|Any CPU
		{D897F1B2-F2A0-492A-9C44-B7E7CDCC4580}.Debug|x64.ActiveCfg = Debug|Any CPU
		{D897F1B2-F2A0-492A-9C44-B7E7CDCC4580}.Debug|x64.Build.0 = Debug|Any CPU
		{D897F1B2-F2A0-492A-9C44-B7E7CDCC4580}.Debug|x86.ActiveCfg = Debug|Any CPU
		{D897F1B2-F2A0-492A-9C44-B7E7CDCC4580}.Debug|x86.Build.0 = Debug|Any CPU
		{D897F1B2-F2A0-492A-9C44-B7E7CDCC4580}.Release|Any CPU.ActiveCfg = Release|Any CPU
		{D897F1B2-F2A0-492A-9C44-B7E7CDCC4580}.Release|Any CPU.Build.0 = Release|Any CPU
		{D897F1B2-F2A0-492A-9C44-B7E7CDCC4580}.Release|x64.ActiveCfg = Release|Any CPU
		{D897F1B2-F2A0-492A-9C44-B7E7CDCC4580}.Release|x64.Build.0 = Release|Any CPU
		{D897F1B2-F2A0-492A-9C44-B7E7CDCC4580}.Release|x86.ActiveCfg = Release|Any CPU
		{D897F1B2-F2A0-492A-9C44-B7E7CDCC4580}.Release|x86.Build.0 = Release|Any CPU
		{15B6A702-1EF4-456F-A0B5-E8306DEF92BF}.Debug|Any CPU.ActiveCfg = Debug|Any CPU
		{15B6A702-1EF4-456F-A0B5-E8306DEF92BF}.Debug|Any CPU.Build.0 = Debug|Any CPU
		{15B6A702-1EF4-456F-A0B5-E8306DEF92BF}.Debug|x64.ActiveCfg = Debug|Any CPU
		{15B6A702-1EF4-456F-A0B5-E8306DEF92BF}.Debug|x64.Build.0 = Debug|Any CPU
		{15B6A702-1EF4-456F-A0B5-E8306DEF92BF}.Debug|x86.ActiveCfg = Debug|Any CPU
		{15B6A702-1EF4-456F-A0B5-E8306DEF92BF}.Debug|x86.Build.0 = Debug|Any CPU
		{15B6A702-1EF4-456F-A0B5-E8306DEF92BF}.Release|Any CPU.ActiveCfg = Release|Any CPU
		{15B6A702-1EF4-456F-A0B5-E8306DEF92BF}.Release|Any CPU.Build.0 = Release|Any CPU
		{15B6A702-1EF4-456F-A0B5-E8306DEF92BF}.Release|x64.ActiveCfg = Release|Any CPU
		{15B6A702-1EF4-456F-A0B5-E8306DEF92BF}.Release|x64.Build.0 = Release|Any CPU
		{15B6A702-1EF4-456F-A0B5-E8306DEF92BF}.Release|x86.ActiveCfg = Release|Any CPU
		{15B6A702-1EF4-456F-A0B5-E8306DEF92BF}.Release|x86.Build.0 = Release|Any CPU
		{95E0C04D-52B3-4DE5-A6DA-597B196419CD}.Debug|Any CPU.ActiveCfg = Debug|Any CPU
		{95E0C04D-52B3-4DE5-A6DA-597B196419CD}.Debug|Any CPU.Build.0 = Debug|Any CPU
		{95E0C04D-52B3-4DE5-A6DA-597B196419CD}.Debug|x64.ActiveCfg = Debug|Any CPU
		{95E0C04D-52B3-4DE5-A6DA-597B196419CD}.Debug|x64.Build.0 = Debug|Any CPU
		{95E0C04D-52B3-4DE5-A6DA-597B196419CD}.Debug|x86.ActiveCfg = Debug|Any CPU
		{95E0C04D-52B3-4DE5-A6DA-597B196419CD}.Debug|x86.Build.0 = Debug|Any CPU
		{95E0C04D-52B3-4DE5-A6DA-597B196419CD}.Release|Any CPU.ActiveCfg = Release|Any CPU
		{95E0C04D-52B3-4DE5-A6DA-597B196419CD}.Release|Any CPU.Build.0 = Release|Any CPU
		{95E0C04D-52B3-4DE5-A6DA-597B196419CD}.Release|x64.ActiveCfg = Release|Any CPU
		{95E0C04D-52B3-4DE5-A6DA-597B196419CD}.Release|x64.Build.0 = Release|Any CPU
		{95E0C04D-52B3-4DE5-A6DA-597B196419CD}.Release|x86.ActiveCfg = Release|Any CPU
		{95E0C04D-52B3-4DE5-A6DA-597B196419CD}.Release|x86.Build.0 = Release|Any CPU
		{69CCFA55-DE38-418D-8512-17FBE0E64485}.Debug|Any CPU.ActiveCfg = Debug|Any CPU
		{69CCFA55-DE38-418D-8512-17FBE0E64485}.Debug|Any CPU.Build.0 = Debug|Any CPU
		{69CCFA55-DE38-418D-8512-17FBE0E64485}.Debug|x64.ActiveCfg = Debug|Any CPU
		{69CCFA55-DE38-418D-8512-17FBE0E64485}.Debug|x64.Build.0 = Debug|Any CPU
		{69CCFA55-DE38-418D-8512-17FBE0E64485}.Debug|x86.ActiveCfg = Debug|Any CPU
		{69CCFA55-DE38-418D-8512-17FBE0E64485}.Debug|x86.Build.0 = Debug|Any CPU
		{69CCFA55-DE38-418D-8512-17FBE0E64485}.Release|Any CPU.ActiveCfg = Release|Any CPU
		{69CCFA55-DE38-418D-8512-17FBE0E64485}.Release|Any CPU.Build.0 = Release|Any CPU
		{69CCFA55-DE38-418D-8512-17FBE0E64485}.Release|x64.ActiveCfg = Release|Any CPU
		{69CCFA55-DE38-418D-8512-17FBE0E64485}.Release|x64.Build.0 = Release|Any CPU
		{69CCFA55-DE38-418D-8512-17FBE0E64485}.Release|x86.ActiveCfg = Release|Any CPU
		{69CCFA55-DE38-418D-8512-17FBE0E64485}.Release|x86.Build.0 = Release|Any CPU
		{305C18EF-5582-4CBA-B51C-76E726239B38}.Debug|Any CPU.ActiveCfg = Debug|Any CPU
		{305C18EF-5582-4CBA-B51C-76E726239B38}.Debug|Any CPU.Build.0 = Debug|Any CPU
		{305C18EF-5582-4CBA-B51C-76E726239B38}.Debug|x64.ActiveCfg = Debug|Any CPU
		{305C18EF-5582-4CBA-B51C-76E726239B38}.Debug|x64.Build.0 = Debug|Any CPU
		{305C18EF-5582-4CBA-B51C-76E726239B38}.Debug|x86.ActiveCfg = Debug|Any CPU
		{305C18EF-5582-4CBA-B51C-76E726239B38}.Debug|x86.Build.0 = Debug|Any CPU
		{305C18EF-5582-4CBA-B51C-76E726239B38}.Release|Any CPU.ActiveCfg = Release|Any CPU
		{305C18EF-5582-4CBA-B51C-76E726239B38}.Release|Any CPU.Build.0 = Release|Any CPU
		{305C18EF-5582-4CBA-B51C-76E726239B38}.Release|x64.ActiveCfg = Release|Any CPU
		{305C18EF-5582-4CBA-B51C-76E726239B38}.Release|x64.Build.0 = Release|Any CPU
		{305C18EF-5582-4CBA-B51C-76E726239B38}.Release|x86.ActiveCfg = Release|Any CPU
		{305C18EF-5582-4CBA-B51C-76E726239B38}.Release|x86.Build.0 = Release|Any CPU
		{32656F1E-AEF8-40D5-B419-BAE0D8DF9ACD}.Debug|Any CPU.ActiveCfg = Debug|Any CPU
		{32656F1E-AEF8-40D5-B419-BAE0D8DF9ACD}.Debug|Any CPU.Build.0 = Debug|Any CPU
		{32656F1E-AEF8-40D5-B419-BAE0D8DF9ACD}.Debug|x64.ActiveCfg = Debug|Any CPU
		{32656F1E-AEF8-40D5-B419-BAE0D8DF9ACD}.Debug|x64.Build.0 = Debug|Any CPU
		{32656F1E-AEF8-40D5-B419-BAE0D8DF9ACD}.Debug|x86.ActiveCfg = Debug|Any CPU
		{32656F1E-AEF8-40D5-B419-BAE0D8DF9ACD}.Debug|x86.Build.0 = Debug|Any CPU
		{32656F1E-AEF8-40D5-B419-BAE0D8DF9ACD}.Release|Any CPU.ActiveCfg = Release|Any CPU
		{32656F1E-AEF8-40D5-B419-BAE0D8DF9ACD}.Release|Any CPU.Build.0 = Release|Any CPU
		{32656F1E-AEF8-40D5-B419-BAE0D8DF9ACD}.Release|x64.ActiveCfg = Release|Any CPU
		{32656F1E-AEF8-40D5-B419-BAE0D8DF9ACD}.Release|x64.Build.0 = Release|Any CPU
		{32656F1E-AEF8-40D5-B419-BAE0D8DF9ACD}.Release|x86.ActiveCfg = Release|Any CPU
		{32656F1E-AEF8-40D5-B419-BAE0D8DF9ACD}.Release|x86.Build.0 = Release|Any CPU
		{A90A6535-DE90-4E3B-B747-5BB41C96CABE}.Debug|Any CPU.ActiveCfg = Debug|Any CPU
		{A90A6535-DE90-4E3B-B747-5BB41C96CABE}.Debug|Any CPU.Build.0 = Debug|Any CPU
		{A90A6535-DE90-4E3B-B747-5BB41C96CABE}.Debug|x64.ActiveCfg = Debug|Any CPU
		{A90A6535-DE90-4E3B-B747-5BB41C96CABE}.Debug|x64.Build.0 = Debug|Any CPU
		{A90A6535-DE90-4E3B-B747-5BB41C96CABE}.Debug|x86.ActiveCfg = Debug|Any CPU
		{A90A6535-DE90-4E3B-B747-5BB41C96CABE}.Debug|x86.Build.0 = Debug|Any CPU
		{A90A6535-DE90-4E3B-B747-5BB41C96CABE}.Release|Any CPU.ActiveCfg = Release|Any CPU
		{A90A6535-DE90-4E3B-B747-5BB41C96CABE}.Release|Any CPU.Build.0 = Release|Any CPU
		{A90A6535-DE90-4E3B-B747-5BB41C96CABE}.Release|x64.ActiveCfg = Release|Any CPU
		{A90A6535-DE90-4E3B-B747-5BB41C96CABE}.Release|x64.Build.0 = Release|Any CPU
		{A90A6535-DE90-4E3B-B747-5BB41C96CABE}.Release|x86.ActiveCfg = Release|Any CPU
		{A90A6535-DE90-4E3B-B747-5BB41C96CABE}.Release|x86.Build.0 = Release|Any CPU
		{C213E8AD-6DB1-4EAD-87F3-A32D64A0163E}.Debug|Any CPU.ActiveCfg = Debug|Any CPU
		{C213E8AD-6DB1-4EAD-87F3-A32D64A0163E}.Debug|Any CPU.Build.0 = Debug|Any CPU
		{C213E8AD-6DB1-4EAD-87F3-A32D64A0163E}.Debug|x64.ActiveCfg = Debug|Any CPU
		{C213E8AD-6DB1-4EAD-87F3-A32D64A0163E}.Debug|x64.Build.0 = Debug|Any CPU
		{C213E8AD-6DB1-4EAD-87F3-A32D64A0163E}.Debug|x86.ActiveCfg = Debug|Any CPU
		{C213E8AD-6DB1-4EAD-87F3-A32D64A0163E}.Debug|x86.Build.0 = Debug|Any CPU
		{C213E8AD-6DB1-4EAD-87F3-A32D64A0163E}.Release|Any CPU.ActiveCfg = Release|Any CPU
		{C213E8AD-6DB1-4EAD-87F3-A32D64A0163E}.Release|Any CPU.Build.0 = Release|Any CPU
		{C213E8AD-6DB1-4EAD-87F3-A32D64A0163E}.Release|x64.ActiveCfg = Release|Any CPU
		{C213E8AD-6DB1-4EAD-87F3-A32D64A0163E}.Release|x64.Build.0 = Release|Any CPU
		{C213E8AD-6DB1-4EAD-87F3-A32D64A0163E}.Release|x86.ActiveCfg = Release|Any CPU
		{C213E8AD-6DB1-4EAD-87F3-A32D64A0163E}.Release|x86.Build.0 = Release|Any CPU
		{C2624925-9F3B-4125-BF65-85A00008272D}.Debug|Any CPU.ActiveCfg = Debug|Any CPU
		{C2624925-9F3B-4125-BF65-85A00008272D}.Debug|Any CPU.Build.0 = Debug|Any CPU
		{C2624925-9F3B-4125-BF65-85A00008272D}.Debug|x64.ActiveCfg = Debug|Any CPU
		{C2624925-9F3B-4125-BF65-85A00008272D}.Debug|x64.Build.0 = Debug|Any CPU
		{C2624925-9F3B-4125-BF65-85A00008272D}.Debug|x86.ActiveCfg = Debug|Any CPU
		{C2624925-9F3B-4125-BF65-85A00008272D}.Debug|x86.Build.0 = Debug|Any CPU
		{C2624925-9F3B-4125-BF65-85A00008272D}.Release|Any CPU.ActiveCfg = Release|Any CPU
		{C2624925-9F3B-4125-BF65-85A00008272D}.Release|Any CPU.Build.0 = Release|Any CPU
		{C2624925-9F3B-4125-BF65-85A00008272D}.Release|x64.ActiveCfg = Release|Any CPU
		{C2624925-9F3B-4125-BF65-85A00008272D}.Release|x64.Build.0 = Release|Any CPU
		{C2624925-9F3B-4125-BF65-85A00008272D}.Release|x86.ActiveCfg = Release|Any CPU
		{C2624925-9F3B-4125-BF65-85A00008272D}.Release|x86.Build.0 = Release|Any CPU
		{6DA42BBD-A086-4F3A-ADB2-D2D6EA91E2E9}.Debug|Any CPU.ActiveCfg = Debug|Any CPU
		{6DA42BBD-A086-4F3A-ADB2-D2D6EA91E2E9}.Debug|Any CPU.Build.0 = Debug|Any CPU
		{6DA42BBD-A086-4F3A-ADB2-D2D6EA91E2E9}.Debug|x64.ActiveCfg = Debug|Any CPU
		{6DA42BBD-A086-4F3A-ADB2-D2D6EA91E2E9}.Debug|x64.Build.0 = Debug|Any CPU
		{6DA42BBD-A086-4F3A-ADB2-D2D6EA91E2E9}.Debug|x86.ActiveCfg = Debug|Any CPU
		{6DA42BBD-A086-4F3A-ADB2-D2D6EA91E2E9}.Debug|x86.Build.0 = Debug|Any CPU
		{6DA42BBD-A086-4F3A-ADB2-D2D6EA91E2E9}.Release|Any CPU.ActiveCfg = Release|Any CPU
		{6DA42BBD-A086-4F3A-ADB2-D2D6EA91E2E9}.Release|Any CPU.Build.0 = Release|Any CPU
		{6DA42BBD-A086-4F3A-ADB2-D2D6EA91E2E9}.Release|x64.ActiveCfg = Release|Any CPU
		{6DA42BBD-A086-4F3A-ADB2-D2D6EA91E2E9}.Release|x64.Build.0 = Release|Any CPU
		{6DA42BBD-A086-4F3A-ADB2-D2D6EA91E2E9}.Release|x86.ActiveCfg = Release|Any CPU
		{6DA42BBD-A086-4F3A-ADB2-D2D6EA91E2E9}.Release|x86.Build.0 = Release|Any CPU
		{70CCF68F-477C-4FAE-BB5F-7355D828084C}.Debug|Any CPU.ActiveCfg = Debug|Any CPU
		{70CCF68F-477C-4FAE-BB5F-7355D828084C}.Debug|Any CPU.Build.0 = Debug|Any CPU
		{70CCF68F-477C-4FAE-BB5F-7355D828084C}.Debug|x64.ActiveCfg = Debug|Any CPU
		{70CCF68F-477C-4FAE-BB5F-7355D828084C}.Debug|x64.Build.0 = Debug|Any CPU
		{70CCF68F-477C-4FAE-BB5F-7355D828084C}.Debug|x86.ActiveCfg = Debug|Any CPU
		{70CCF68F-477C-4FAE-BB5F-7355D828084C}.Debug|x86.Build.0 = Debug|Any CPU
		{70CCF68F-477C-4FAE-BB5F-7355D828084C}.Release|Any CPU.ActiveCfg = Release|Any CPU
		{70CCF68F-477C-4FAE-BB5F-7355D828084C}.Release|Any CPU.Build.0 = Release|Any CPU
		{70CCF68F-477C-4FAE-BB5F-7355D828084C}.Release|x64.ActiveCfg = Release|Any CPU
		{70CCF68F-477C-4FAE-BB5F-7355D828084C}.Release|x64.Build.0 = Release|Any CPU
		{70CCF68F-477C-4FAE-BB5F-7355D828084C}.Release|x86.ActiveCfg = Release|Any CPU
		{70CCF68F-477C-4FAE-BB5F-7355D828084C}.Release|x86.Build.0 = Release|Any CPU
		{F5321584-7462-43C1-B8D6-E805B5ADFF99}.Debug|Any CPU.ActiveCfg = Debug|Any CPU
		{F5321584-7462-43C1-B8D6-E805B5ADFF99}.Debug|Any CPU.Build.0 = Debug|Any CPU
		{F5321584-7462-43C1-B8D6-E805B5ADFF99}.Debug|x64.ActiveCfg = Debug|Any CPU
		{F5321584-7462-43C1-B8D6-E805B5ADFF99}.Debug|x64.Build.0 = Debug|Any CPU
		{F5321584-7462-43C1-B8D6-E805B5ADFF99}.Debug|x86.ActiveCfg = Debug|Any CPU
		{F5321584-7462-43C1-B8D6-E805B5ADFF99}.Debug|x86.Build.0 = Debug|Any CPU
		{F5321584-7462-43C1-B8D6-E805B5ADFF99}.Release|Any CPU.ActiveCfg = Release|Any CPU
		{F5321584-7462-43C1-B8D6-E805B5ADFF99}.Release|Any CPU.Build.0 = Release|Any CPU
		{F5321584-7462-43C1-B8D6-E805B5ADFF99}.Release|x64.ActiveCfg = Release|Any CPU
		{F5321584-7462-43C1-B8D6-E805B5ADFF99}.Release|x64.Build.0 = Release|Any CPU
		{F5321584-7462-43C1-B8D6-E805B5ADFF99}.Release|x86.ActiveCfg = Release|Any CPU
		{F5321584-7462-43C1-B8D6-E805B5ADFF99}.Release|x86.Build.0 = Release|Any CPU
		{7385F70F-20B5-48A1-81BF-801AB2DA1457}.Debug|Any CPU.ActiveCfg = Debug|Any CPU
		{7385F70F-20B5-48A1-81BF-801AB2DA1457}.Debug|Any CPU.Build.0 = Debug|Any CPU
		{7385F70F-20B5-48A1-81BF-801AB2DA1457}.Debug|x64.ActiveCfg = Debug|Any CPU
		{7385F70F-20B5-48A1-81BF-801AB2DA1457}.Debug|x64.Build.0 = Debug|Any CPU
		{7385F70F-20B5-48A1-81BF-801AB2DA1457}.Debug|x86.ActiveCfg = Debug|Any CPU
		{7385F70F-20B5-48A1-81BF-801AB2DA1457}.Debug|x86.Build.0 = Debug|Any CPU
		{7385F70F-20B5-48A1-81BF-801AB2DA1457}.Release|Any CPU.ActiveCfg = Release|Any CPU
		{7385F70F-20B5-48A1-81BF-801AB2DA1457}.Release|Any CPU.Build.0 = Release|Any CPU
		{7385F70F-20B5-48A1-81BF-801AB2DA1457}.Release|x64.ActiveCfg = Release|Any CPU
		{7385F70F-20B5-48A1-81BF-801AB2DA1457}.Release|x64.Build.0 = Release|Any CPU
		{7385F70F-20B5-48A1-81BF-801AB2DA1457}.Release|x86.ActiveCfg = Release|Any CPU
		{7385F70F-20B5-48A1-81BF-801AB2DA1457}.Release|x86.Build.0 = Release|Any CPU
		{4FB3948F-D4C3-4C40-B9FF-3B4F2B6CF0A1}.Debug|Any CPU.ActiveCfg = Debug|Any CPU
		{4FB3948F-D4C3-4C40-B9FF-3B4F2B6CF0A1}.Debug|Any CPU.Build.0 = Debug|Any CPU
		{4FB3948F-D4C3-4C40-B9FF-3B4F2B6CF0A1}.Debug|x64.ActiveCfg = Debug|Any CPU
		{4FB3948F-D4C3-4C40-B9FF-3B4F2B6CF0A1}.Debug|x64.Build.0 = Debug|Any CPU
		{4FB3948F-D4C3-4C40-B9FF-3B4F2B6CF0A1}.Debug|x86.ActiveCfg = Debug|Any CPU
		{4FB3948F-D4C3-4C40-B9FF-3B4F2B6CF0A1}.Debug|x86.Build.0 = Debug|Any CPU
		{4FB3948F-D4C3-4C40-B9FF-3B4F2B6CF0A1}.Release|Any CPU.ActiveCfg = Release|Any CPU
		{4FB3948F-D4C3-4C40-B9FF-3B4F2B6CF0A1}.Release|Any CPU.Build.0 = Release|Any CPU
		{4FB3948F-D4C3-4C40-B9FF-3B4F2B6CF0A1}.Release|x64.ActiveCfg = Release|Any CPU
		{4FB3948F-D4C3-4C40-B9FF-3B4F2B6CF0A1}.Release|x64.Build.0 = Release|Any CPU
		{4FB3948F-D4C3-4C40-B9FF-3B4F2B6CF0A1}.Release|x86.ActiveCfg = Release|Any CPU
		{4FB3948F-D4C3-4C40-B9FF-3B4F2B6CF0A1}.Release|x86.Build.0 = Release|Any CPU
		{1E19DEAB-B6B4-4E99-A559-812120928DEF}.Debug|Any CPU.ActiveCfg = Debug|Any CPU
		{1E19DEAB-B6B4-4E99-A559-812120928DEF}.Debug|Any CPU.Build.0 = Debug|Any CPU
		{1E19DEAB-B6B4-4E99-A559-812120928DEF}.Debug|x64.ActiveCfg = Debug|Any CPU
		{1E19DEAB-B6B4-4E99-A559-812120928DEF}.Debug|x64.Build.0 = Debug|Any CPU
		{1E19DEAB-B6B4-4E99-A559-812120928DEF}.Debug|x86.ActiveCfg = Debug|Any CPU
		{1E19DEAB-B6B4-4E99-A559-812120928DEF}.Debug|x86.Build.0 = Debug|Any CPU
		{1E19DEAB-B6B4-4E99-A559-812120928DEF}.Release|Any CPU.ActiveCfg = Release|Any CPU
		{1E19DEAB-B6B4-4E99-A559-812120928DEF}.Release|Any CPU.Build.0 = Release|Any CPU
		{1E19DEAB-B6B4-4E99-A559-812120928DEF}.Release|x64.ActiveCfg = Release|Any CPU
		{1E19DEAB-B6B4-4E99-A559-812120928DEF}.Release|x64.Build.0 = Release|Any CPU
		{1E19DEAB-B6B4-4E99-A559-812120928DEF}.Release|x86.ActiveCfg = Release|Any CPU
		{1E19DEAB-B6B4-4E99-A559-812120928DEF}.Release|x86.Build.0 = Release|Any CPU
		{62D103FD-11A4-4F02-88C4-224A8182492D}.Debug|Any CPU.ActiveCfg = Debug|Any CPU
		{62D103FD-11A4-4F02-88C4-224A8182492D}.Debug|Any CPU.Build.0 = Debug|Any CPU
		{62D103FD-11A4-4F02-88C4-224A8182492D}.Debug|x64.ActiveCfg = Debug|Any CPU
		{62D103FD-11A4-4F02-88C4-224A8182492D}.Debug|x64.Build.0 = Debug|Any CPU
		{62D103FD-11A4-4F02-88C4-224A8182492D}.Debug|x86.ActiveCfg = Debug|Any CPU
		{62D103FD-11A4-4F02-88C4-224A8182492D}.Debug|x86.Build.0 = Debug|Any CPU
		{62D103FD-11A4-4F02-88C4-224A8182492D}.Release|Any CPU.ActiveCfg = Release|Any CPU
		{62D103FD-11A4-4F02-88C4-224A8182492D}.Release|Any CPU.Build.0 = Release|Any CPU
		{62D103FD-11A4-4F02-88C4-224A8182492D}.Release|x64.ActiveCfg = Release|Any CPU
		{62D103FD-11A4-4F02-88C4-224A8182492D}.Release|x64.Build.0 = Release|Any CPU
		{62D103FD-11A4-4F02-88C4-224A8182492D}.Release|x86.ActiveCfg = Release|Any CPU
		{62D103FD-11A4-4F02-88C4-224A8182492D}.Release|x86.Build.0 = Release|Any CPU
		{22561921-A6F5-478A-B6F1-44EF19F802EB}.Debug|Any CPU.ActiveCfg = Debug|Any CPU
		{22561921-A6F5-478A-B6F1-44EF19F802EB}.Debug|Any CPU.Build.0 = Debug|Any CPU
		{22561921-A6F5-478A-B6F1-44EF19F802EB}.Debug|x64.ActiveCfg = Debug|Any CPU
		{22561921-A6F5-478A-B6F1-44EF19F802EB}.Debug|x64.Build.0 = Debug|Any CPU
		{22561921-A6F5-478A-B6F1-44EF19F802EB}.Debug|x86.ActiveCfg = Debug|Any CPU
		{22561921-A6F5-478A-B6F1-44EF19F802EB}.Debug|x86.Build.0 = Debug|Any CPU
		{22561921-A6F5-478A-B6F1-44EF19F802EB}.Release|Any CPU.ActiveCfg = Release|Any CPU
		{22561921-A6F5-478A-B6F1-44EF19F802EB}.Release|Any CPU.Build.0 = Release|Any CPU
		{22561921-A6F5-478A-B6F1-44EF19F802EB}.Release|x64.ActiveCfg = Release|Any CPU
		{22561921-A6F5-478A-B6F1-44EF19F802EB}.Release|x64.Build.0 = Release|Any CPU
		{22561921-A6F5-478A-B6F1-44EF19F802EB}.Release|x86.ActiveCfg = Release|Any CPU
		{22561921-A6F5-478A-B6F1-44EF19F802EB}.Release|x86.Build.0 = Release|Any CPU
		{D3C2440C-2D4F-4D54-BADB-EBAFEB39979F}.Debug|Any CPU.ActiveCfg = Debug|Any CPU
		{D3C2440C-2D4F-4D54-BADB-EBAFEB39979F}.Debug|Any CPU.Build.0 = Debug|Any CPU
		{D3C2440C-2D4F-4D54-BADB-EBAFEB39979F}.Debug|x64.ActiveCfg = Debug|Any CPU
		{D3C2440C-2D4F-4D54-BADB-EBAFEB39979F}.Debug|x64.Build.0 = Debug|Any CPU
		{D3C2440C-2D4F-4D54-BADB-EBAFEB39979F}.Debug|x86.ActiveCfg = Debug|Any CPU
		{D3C2440C-2D4F-4D54-BADB-EBAFEB39979F}.Debug|x86.Build.0 = Debug|Any CPU
		{D3C2440C-2D4F-4D54-BADB-EBAFEB39979F}.Release|Any CPU.ActiveCfg = Release|Any CPU
		{D3C2440C-2D4F-4D54-BADB-EBAFEB39979F}.Release|Any CPU.Build.0 = Release|Any CPU
		{D3C2440C-2D4F-4D54-BADB-EBAFEB39979F}.Release|x64.ActiveCfg = Release|Any CPU
		{D3C2440C-2D4F-4D54-BADB-EBAFEB39979F}.Release|x64.Build.0 = Release|Any CPU
		{D3C2440C-2D4F-4D54-BADB-EBAFEB39979F}.Release|x86.ActiveCfg = Release|Any CPU
		{D3C2440C-2D4F-4D54-BADB-EBAFEB39979F}.Release|x86.Build.0 = Release|Any CPU
		{B1E64DBD-E9A8-4728-BFB7-44B8FFE3C3BE}.Debug|Any CPU.ActiveCfg = Debug|Any CPU
		{B1E64DBD-E9A8-4728-BFB7-44B8FFE3C3BE}.Debug|Any CPU.Build.0 = Debug|Any CPU
		{B1E64DBD-E9A8-4728-BFB7-44B8FFE3C3BE}.Debug|x64.ActiveCfg = Debug|Any CPU
		{B1E64DBD-E9A8-4728-BFB7-44B8FFE3C3BE}.Debug|x64.Build.0 = Debug|Any CPU
		{B1E64DBD-E9A8-4728-BFB7-44B8FFE3C3BE}.Debug|x86.ActiveCfg = Debug|Any CPU
		{B1E64DBD-E9A8-4728-BFB7-44B8FFE3C3BE}.Debug|x86.Build.0 = Debug|Any CPU
		{B1E64DBD-E9A8-4728-BFB7-44B8FFE3C3BE}.Release|Any CPU.ActiveCfg = Release|Any CPU
		{B1E64DBD-E9A8-4728-BFB7-44B8FFE3C3BE}.Release|Any CPU.Build.0 = Release|Any CPU
		{B1E64DBD-E9A8-4728-BFB7-44B8FFE3C3BE}.Release|x64.ActiveCfg = Release|Any CPU
		{B1E64DBD-E9A8-4728-BFB7-44B8FFE3C3BE}.Release|x64.Build.0 = Release|Any CPU
		{B1E64DBD-E9A8-4728-BFB7-44B8FFE3C3BE}.Release|x86.ActiveCfg = Release|Any CPU
		{B1E64DBD-E9A8-4728-BFB7-44B8FFE3C3BE}.Release|x86.Build.0 = Release|Any CPU
		{908C582D-DE60-40A6-B936-4A6960ED52D1}.Debug|Any CPU.ActiveCfg = Debug|Any CPU
		{908C582D-DE60-40A6-B936-4A6960ED52D1}.Debug|Any CPU.Build.0 = Debug|Any CPU
		{908C582D-DE60-40A6-B936-4A6960ED52D1}.Debug|x64.ActiveCfg = Debug|Any CPU
		{908C582D-DE60-40A6-B936-4A6960ED52D1}.Debug|x64.Build.0 = Debug|Any CPU
		{908C582D-DE60-40A6-B936-4A6960ED52D1}.Debug|x86.ActiveCfg = Debug|Any CPU
		{908C582D-DE60-40A6-B936-4A6960ED52D1}.Debug|x86.Build.0 = Debug|Any CPU
		{908C582D-DE60-40A6-B936-4A6960ED52D1}.Release|Any CPU.ActiveCfg = Release|Any CPU
		{908C582D-DE60-40A6-B936-4A6960ED52D1}.Release|Any CPU.Build.0 = Release|Any CPU
		{908C582D-DE60-40A6-B936-4A6960ED52D1}.Release|x64.ActiveCfg = Release|Any CPU
		{908C582D-DE60-40A6-B936-4A6960ED52D1}.Release|x64.Build.0 = Release|Any CPU
		{908C582D-DE60-40A6-B936-4A6960ED52D1}.Release|x86.ActiveCfg = Release|Any CPU
		{908C582D-DE60-40A6-B936-4A6960ED52D1}.Release|x86.Build.0 = Release|Any CPU
		{0E9BAFFA-D3CB-401E-9649-DD5318CD1572}.Debug|Any CPU.ActiveCfg = Debug|Any CPU
		{0E9BAFFA-D3CB-401E-9649-DD5318CD1572}.Debug|Any CPU.Build.0 = Debug|Any CPU
		{0E9BAFFA-D3CB-401E-9649-DD5318CD1572}.Debug|x64.ActiveCfg = Debug|Any CPU
		{0E9BAFFA-D3CB-401E-9649-DD5318CD1572}.Debug|x64.Build.0 = Debug|Any CPU
		{0E9BAFFA-D3CB-401E-9649-DD5318CD1572}.Debug|x86.ActiveCfg = Debug|Any CPU
		{0E9BAFFA-D3CB-401E-9649-DD5318CD1572}.Debug|x86.Build.0 = Debug|Any CPU
		{0E9BAFFA-D3CB-401E-9649-DD5318CD1572}.Release|Any CPU.ActiveCfg = Release|Any CPU
		{0E9BAFFA-D3CB-401E-9649-DD5318CD1572}.Release|Any CPU.Build.0 = Release|Any CPU
		{0E9BAFFA-D3CB-401E-9649-DD5318CD1572}.Release|x64.ActiveCfg = Release|Any CPU
		{0E9BAFFA-D3CB-401E-9649-DD5318CD1572}.Release|x64.Build.0 = Release|Any CPU
		{0E9BAFFA-D3CB-401E-9649-DD5318CD1572}.Release|x86.ActiveCfg = Release|Any CPU
		{0E9BAFFA-D3CB-401E-9649-DD5318CD1572}.Release|x86.Build.0 = Release|Any CPU
		{C67B17DD-39B3-4FCF-AC1A-454B6EE1FCD2}.Debug|Any CPU.ActiveCfg = Debug|Any CPU
		{C67B17DD-39B3-4FCF-AC1A-454B6EE1FCD2}.Debug|Any CPU.Build.0 = Debug|Any CPU
		{C67B17DD-39B3-4FCF-AC1A-454B6EE1FCD2}.Debug|x64.ActiveCfg = Debug|Any CPU
		{C67B17DD-39B3-4FCF-AC1A-454B6EE1FCD2}.Debug|x64.Build.0 = Debug|Any CPU
		{C67B17DD-39B3-4FCF-AC1A-454B6EE1FCD2}.Debug|x86.ActiveCfg = Debug|Any CPU
		{C67B17DD-39B3-4FCF-AC1A-454B6EE1FCD2}.Debug|x86.Build.0 = Debug|Any CPU
		{C67B17DD-39B3-4FCF-AC1A-454B6EE1FCD2}.Release|Any CPU.ActiveCfg = Release|Any CPU
		{C67B17DD-39B3-4FCF-AC1A-454B6EE1FCD2}.Release|Any CPU.Build.0 = Release|Any CPU
		{C67B17DD-39B3-4FCF-AC1A-454B6EE1FCD2}.Release|x64.ActiveCfg = Release|Any CPU
		{C67B17DD-39B3-4FCF-AC1A-454B6EE1FCD2}.Release|x64.Build.0 = Release|Any CPU
		{C67B17DD-39B3-4FCF-AC1A-454B6EE1FCD2}.Release|x86.ActiveCfg = Release|Any CPU
		{C67B17DD-39B3-4FCF-AC1A-454B6EE1FCD2}.Release|x86.Build.0 = Release|Any CPU
		{46D136B3-8C14-48D1-9A40-41C495149165}.Debug|Any CPU.ActiveCfg = Debug|Any CPU
		{46D136B3-8C14-48D1-9A40-41C495149165}.Debug|Any CPU.Build.0 = Debug|Any CPU
		{46D136B3-8C14-48D1-9A40-41C495149165}.Debug|x64.ActiveCfg = Debug|Any CPU
		{46D136B3-8C14-48D1-9A40-41C495149165}.Debug|x64.Build.0 = Debug|Any CPU
		{46D136B3-8C14-48D1-9A40-41C495149165}.Debug|x86.ActiveCfg = Debug|Any CPU
		{46D136B3-8C14-48D1-9A40-41C495149165}.Debug|x86.Build.0 = Debug|Any CPU
		{46D136B3-8C14-48D1-9A40-41C495149165}.Release|Any CPU.ActiveCfg = Release|Any CPU
		{46D136B3-8C14-48D1-9A40-41C495149165}.Release|Any CPU.Build.0 = Release|Any CPU
		{46D136B3-8C14-48D1-9A40-41C495149165}.Release|x64.ActiveCfg = Release|Any CPU
		{46D136B3-8C14-48D1-9A40-41C495149165}.Release|x64.Build.0 = Release|Any CPU
		{46D136B3-8C14-48D1-9A40-41C495149165}.Release|x86.ActiveCfg = Release|Any CPU
		{46D136B3-8C14-48D1-9A40-41C495149165}.Release|x86.Build.0 = Release|Any CPU
		{8B446F68-968F-4DE6-8FF2-20B556DA34DB}.Debug|Any CPU.ActiveCfg = Debug|Any CPU
		{8B446F68-968F-4DE6-8FF2-20B556DA34DB}.Debug|Any CPU.Build.0 = Debug|Any CPU
		{8B446F68-968F-4DE6-8FF2-20B556DA34DB}.Debug|x64.ActiveCfg = Debug|Any CPU
		{8B446F68-968F-4DE6-8FF2-20B556DA34DB}.Debug|x64.Build.0 = Debug|Any CPU
		{8B446F68-968F-4DE6-8FF2-20B556DA34DB}.Debug|x86.ActiveCfg = Debug|Any CPU
		{8B446F68-968F-4DE6-8FF2-20B556DA34DB}.Debug|x86.Build.0 = Debug|Any CPU
		{8B446F68-968F-4DE6-8FF2-20B556DA34DB}.Release|Any CPU.ActiveCfg = Release|Any CPU
		{8B446F68-968F-4DE6-8FF2-20B556DA34DB}.Release|Any CPU.Build.0 = Release|Any CPU
		{8B446F68-968F-4DE6-8FF2-20B556DA34DB}.Release|x64.ActiveCfg = Release|Any CPU
		{8B446F68-968F-4DE6-8FF2-20B556DA34DB}.Release|x64.Build.0 = Release|Any CPU
		{8B446F68-968F-4DE6-8FF2-20B556DA34DB}.Release|x86.ActiveCfg = Release|Any CPU
		{8B446F68-968F-4DE6-8FF2-20B556DA34DB}.Release|x86.Build.0 = Release|Any CPU
		{FCCD6C51-9ED6-421A-8A6A-6F3B55E45A47}.Debug|Any CPU.ActiveCfg = Debug|Any CPU
		{FCCD6C51-9ED6-421A-8A6A-6F3B55E45A47}.Debug|Any CPU.Build.0 = Debug|Any CPU
		{FCCD6C51-9ED6-421A-8A6A-6F3B55E45A47}.Debug|x64.ActiveCfg = Debug|Any CPU
		{FCCD6C51-9ED6-421A-8A6A-6F3B55E45A47}.Debug|x64.Build.0 = Debug|Any CPU
		{FCCD6C51-9ED6-421A-8A6A-6F3B55E45A47}.Debug|x86.ActiveCfg = Debug|Any CPU
		{FCCD6C51-9ED6-421A-8A6A-6F3B55E45A47}.Debug|x86.Build.0 = Debug|Any CPU
		{FCCD6C51-9ED6-421A-8A6A-6F3B55E45A47}.Release|Any CPU.ActiveCfg = Release|Any CPU
		{FCCD6C51-9ED6-421A-8A6A-6F3B55E45A47}.Release|Any CPU.Build.0 = Release|Any CPU
		{FCCD6C51-9ED6-421A-8A6A-6F3B55E45A47}.Release|x64.ActiveCfg = Release|Any CPU
		{FCCD6C51-9ED6-421A-8A6A-6F3B55E45A47}.Release|x64.Build.0 = Release|Any CPU
		{FCCD6C51-9ED6-421A-8A6A-6F3B55E45A47}.Release|x86.ActiveCfg = Release|Any CPU
		{FCCD6C51-9ED6-421A-8A6A-6F3B55E45A47}.Release|x86.Build.0 = Release|Any CPU
		{18624710-9A4D-40AB-B26F-C2EFA474B39E}.Debug|Any CPU.ActiveCfg = Debug|Any CPU
		{18624710-9A4D-40AB-B26F-C2EFA474B39E}.Debug|Any CPU.Build.0 = Debug|Any CPU
		{18624710-9A4D-40AB-B26F-C2EFA474B39E}.Debug|x64.ActiveCfg = Debug|Any CPU
		{18624710-9A4D-40AB-B26F-C2EFA474B39E}.Debug|x64.Build.0 = Debug|Any CPU
		{18624710-9A4D-40AB-B26F-C2EFA474B39E}.Debug|x86.ActiveCfg = Debug|Any CPU
		{18624710-9A4D-40AB-B26F-C2EFA474B39E}.Debug|x86.Build.0 = Debug|Any CPU
		{18624710-9A4D-40AB-B26F-C2EFA474B39E}.Release|Any CPU.ActiveCfg = Release|Any CPU
		{18624710-9A4D-40AB-B26F-C2EFA474B39E}.Release|Any CPU.Build.0 = Release|Any CPU
		{18624710-9A4D-40AB-B26F-C2EFA474B39E}.Release|x64.ActiveCfg = Release|Any CPU
		{18624710-9A4D-40AB-B26F-C2EFA474B39E}.Release|x64.Build.0 = Release|Any CPU
		{18624710-9A4D-40AB-B26F-C2EFA474B39E}.Release|x86.ActiveCfg = Release|Any CPU
		{18624710-9A4D-40AB-B26F-C2EFA474B39E}.Release|x86.Build.0 = Release|Any CPU
		{6AA13FCF-A0F6-4402-829F-56FB79552A87}.Debug|Any CPU.ActiveCfg = Debug|Any CPU
		{6AA13FCF-A0F6-4402-829F-56FB79552A87}.Debug|Any CPU.Build.0 = Debug|Any CPU
		{6AA13FCF-A0F6-4402-829F-56FB79552A87}.Debug|x64.ActiveCfg = Debug|Any CPU
		{6AA13FCF-A0F6-4402-829F-56FB79552A87}.Debug|x64.Build.0 = Debug|Any CPU
		{6AA13FCF-A0F6-4402-829F-56FB79552A87}.Debug|x86.ActiveCfg = Debug|Any CPU
		{6AA13FCF-A0F6-4402-829F-56FB79552A87}.Debug|x86.Build.0 = Debug|Any CPU
		{6AA13FCF-A0F6-4402-829F-56FB79552A87}.Release|Any CPU.ActiveCfg = Release|Any CPU
		{6AA13FCF-A0F6-4402-829F-56FB79552A87}.Release|Any CPU.Build.0 = Release|Any CPU
		{6AA13FCF-A0F6-4402-829F-56FB79552A87}.Release|x64.ActiveCfg = Release|Any CPU
		{6AA13FCF-A0F6-4402-829F-56FB79552A87}.Release|x64.Build.0 = Release|Any CPU
		{6AA13FCF-A0F6-4402-829F-56FB79552A87}.Release|x86.ActiveCfg = Release|Any CPU
		{6AA13FCF-A0F6-4402-829F-56FB79552A87}.Release|x86.Build.0 = Release|Any CPU
		{A1064C2E-EBEC-4747-958F-BE897B6AB36B}.Debug|Any CPU.ActiveCfg = Debug|Any CPU
		{A1064C2E-EBEC-4747-958F-BE897B6AB36B}.Debug|Any CPU.Build.0 = Debug|Any CPU
		{A1064C2E-EBEC-4747-958F-BE897B6AB36B}.Debug|x64.ActiveCfg = Debug|Any CPU
		{A1064C2E-EBEC-4747-958F-BE897B6AB36B}.Debug|x64.Build.0 = Debug|Any CPU
		{A1064C2E-EBEC-4747-958F-BE897B6AB36B}.Debug|x86.ActiveCfg = Debug|Any CPU
		{A1064C2E-EBEC-4747-958F-BE897B6AB36B}.Debug|x86.Build.0 = Debug|Any CPU
		{A1064C2E-EBEC-4747-958F-BE897B6AB36B}.Release|Any CPU.ActiveCfg = Release|Any CPU
		{A1064C2E-EBEC-4747-958F-BE897B6AB36B}.Release|Any CPU.Build.0 = Release|Any CPU
		{A1064C2E-EBEC-4747-958F-BE897B6AB36B}.Release|x64.ActiveCfg = Release|Any CPU
		{A1064C2E-EBEC-4747-958F-BE897B6AB36B}.Release|x64.Build.0 = Release|Any CPU
		{A1064C2E-EBEC-4747-958F-BE897B6AB36B}.Release|x86.ActiveCfg = Release|Any CPU
		{A1064C2E-EBEC-4747-958F-BE897B6AB36B}.Release|x86.Build.0 = Release|Any CPU
		{0A13F2EE-AF84-4101-BD73-7AD6D0AFBCB9}.Debug|Any CPU.ActiveCfg = Debug|Any CPU
		{0A13F2EE-AF84-4101-BD73-7AD6D0AFBCB9}.Debug|Any CPU.Build.0 = Debug|Any CPU
		{0A13F2EE-AF84-4101-BD73-7AD6D0AFBCB9}.Debug|x64.ActiveCfg = Debug|Any CPU
		{0A13F2EE-AF84-4101-BD73-7AD6D0AFBCB9}.Debug|x64.Build.0 = Debug|Any CPU
		{0A13F2EE-AF84-4101-BD73-7AD6D0AFBCB9}.Debug|x86.ActiveCfg = Debug|Any CPU
		{0A13F2EE-AF84-4101-BD73-7AD6D0AFBCB9}.Debug|x86.Build.0 = Debug|Any CPU
		{0A13F2EE-AF84-4101-BD73-7AD6D0AFBCB9}.Release|Any CPU.ActiveCfg = Release|Any CPU
		{0A13F2EE-AF84-4101-BD73-7AD6D0AFBCB9}.Release|Any CPU.Build.0 = Release|Any CPU
		{0A13F2EE-AF84-4101-BD73-7AD6D0AFBCB9}.Release|x64.ActiveCfg = Release|Any CPU
		{0A13F2EE-AF84-4101-BD73-7AD6D0AFBCB9}.Release|x64.Build.0 = Release|Any CPU
		{0A13F2EE-AF84-4101-BD73-7AD6D0AFBCB9}.Release|x86.ActiveCfg = Release|Any CPU
		{0A13F2EE-AF84-4101-BD73-7AD6D0AFBCB9}.Release|x86.Build.0 = Release|Any CPU
		{35999FB0-8078-4E2F-9E30-0BC17B14004B}.Debug|Any CPU.ActiveCfg = Debug|Any CPU
		{35999FB0-8078-4E2F-9E30-0BC17B14004B}.Debug|Any CPU.Build.0 = Debug|Any CPU
		{35999FB0-8078-4E2F-9E30-0BC17B14004B}.Debug|x64.ActiveCfg = Debug|Any CPU
		{35999FB0-8078-4E2F-9E30-0BC17B14004B}.Debug|x64.Build.0 = Debug|Any CPU
		{35999FB0-8078-4E2F-9E30-0BC17B14004B}.Debug|x86.ActiveCfg = Debug|Any CPU
		{35999FB0-8078-4E2F-9E30-0BC17B14004B}.Debug|x86.Build.0 = Debug|Any CPU
		{35999FB0-8078-4E2F-9E30-0BC17B14004B}.Release|Any CPU.ActiveCfg = Release|Any CPU
		{35999FB0-8078-4E2F-9E30-0BC17B14004B}.Release|Any CPU.Build.0 = Release|Any CPU
		{35999FB0-8078-4E2F-9E30-0BC17B14004B}.Release|x64.ActiveCfg = Release|Any CPU
		{35999FB0-8078-4E2F-9E30-0BC17B14004B}.Release|x64.Build.0 = Release|Any CPU
		{35999FB0-8078-4E2F-9E30-0BC17B14004B}.Release|x86.ActiveCfg = Release|Any CPU
		{35999FB0-8078-4E2F-9E30-0BC17B14004B}.Release|x86.Build.0 = Release|Any CPU
		{660E9C63-B5F5-427F-9B05-CD811712057E}.Debug|Any CPU.ActiveCfg = Debug|Any CPU
		{660E9C63-B5F5-427F-9B05-CD811712057E}.Debug|Any CPU.Build.0 = Debug|Any CPU
		{660E9C63-B5F5-427F-9B05-CD811712057E}.Debug|x64.ActiveCfg = Debug|Any CPU
		{660E9C63-B5F5-427F-9B05-CD811712057E}.Debug|x64.Build.0 = Debug|Any CPU
		{660E9C63-B5F5-427F-9B05-CD811712057E}.Debug|x86.ActiveCfg = Debug|Any CPU
		{660E9C63-B5F5-427F-9B05-CD811712057E}.Debug|x86.Build.0 = Debug|Any CPU
		{660E9C63-B5F5-427F-9B05-CD811712057E}.Release|Any CPU.ActiveCfg = Release|Any CPU
		{660E9C63-B5F5-427F-9B05-CD811712057E}.Release|Any CPU.Build.0 = Release|Any CPU
		{660E9C63-B5F5-427F-9B05-CD811712057E}.Release|x64.ActiveCfg = Release|Any CPU
		{660E9C63-B5F5-427F-9B05-CD811712057E}.Release|x64.Build.0 = Release|Any CPU
		{660E9C63-B5F5-427F-9B05-CD811712057E}.Release|x86.ActiveCfg = Release|Any CPU
		{660E9C63-B5F5-427F-9B05-CD811712057E}.Release|x86.Build.0 = Release|Any CPU
		{32BBFD95-3BB2-4C2E-A914-B12E78C774D2}.Debug|Any CPU.ActiveCfg = Debug|Any CPU
		{32BBFD95-3BB2-4C2E-A914-B12E78C774D2}.Debug|Any CPU.Build.0 = Debug|Any CPU
		{32BBFD95-3BB2-4C2E-A914-B12E78C774D2}.Debug|x64.ActiveCfg = Debug|Any CPU
		{32BBFD95-3BB2-4C2E-A914-B12E78C774D2}.Debug|x64.Build.0 = Debug|Any CPU
		{32BBFD95-3BB2-4C2E-A914-B12E78C774D2}.Debug|x86.ActiveCfg = Debug|Any CPU
		{32BBFD95-3BB2-4C2E-A914-B12E78C774D2}.Debug|x86.Build.0 = Debug|Any CPU
		{32BBFD95-3BB2-4C2E-A914-B12E78C774D2}.Release|Any CPU.ActiveCfg = Release|Any CPU
		{32BBFD95-3BB2-4C2E-A914-B12E78C774D2}.Release|Any CPU.Build.0 = Release|Any CPU
		{32BBFD95-3BB2-4C2E-A914-B12E78C774D2}.Release|x64.ActiveCfg = Release|Any CPU
		{32BBFD95-3BB2-4C2E-A914-B12E78C774D2}.Release|x64.Build.0 = Release|Any CPU
		{32BBFD95-3BB2-4C2E-A914-B12E78C774D2}.Release|x86.ActiveCfg = Release|Any CPU
		{32BBFD95-3BB2-4C2E-A914-B12E78C774D2}.Release|x86.Build.0 = Release|Any CPU
		{165D9802-51BE-414E-B7B3-D2CCAB78181B}.Debug|Any CPU.ActiveCfg = Debug|Any CPU
		{165D9802-51BE-414E-B7B3-D2CCAB78181B}.Debug|Any CPU.Build.0 = Debug|Any CPU
		{165D9802-51BE-414E-B7B3-D2CCAB78181B}.Debug|x64.ActiveCfg = Debug|Any CPU
		{165D9802-51BE-414E-B7B3-D2CCAB78181B}.Debug|x64.Build.0 = Debug|Any CPU
		{165D9802-51BE-414E-B7B3-D2CCAB78181B}.Debug|x86.ActiveCfg = Debug|Any CPU
		{165D9802-51BE-414E-B7B3-D2CCAB78181B}.Debug|x86.Build.0 = Debug|Any CPU
		{165D9802-51BE-414E-B7B3-D2CCAB78181B}.Release|Any CPU.ActiveCfg = Release|Any CPU
		{165D9802-51BE-414E-B7B3-D2CCAB78181B}.Release|Any CPU.Build.0 = Release|Any CPU
		{165D9802-51BE-414E-B7B3-D2CCAB78181B}.Release|x64.ActiveCfg = Release|Any CPU
		{165D9802-51BE-414E-B7B3-D2CCAB78181B}.Release|x64.Build.0 = Release|Any CPU
		{165D9802-51BE-414E-B7B3-D2CCAB78181B}.Release|x86.ActiveCfg = Release|Any CPU
		{165D9802-51BE-414E-B7B3-D2CCAB78181B}.Release|x86.Build.0 = Release|Any CPU
		{1363422C-A8BA-4296-AC50-443E53F88122}.Debug|Any CPU.ActiveCfg = Debug|Any CPU
		{1363422C-A8BA-4296-AC50-443E53F88122}.Debug|Any CPU.Build.0 = Debug|Any CPU
		{1363422C-A8BA-4296-AC50-443E53F88122}.Debug|x64.ActiveCfg = Debug|Any CPU
		{1363422C-A8BA-4296-AC50-443E53F88122}.Debug|x64.Build.0 = Debug|Any CPU
		{1363422C-A8BA-4296-AC50-443E53F88122}.Debug|x86.ActiveCfg = Debug|Any CPU
		{1363422C-A8BA-4296-AC50-443E53F88122}.Debug|x86.Build.0 = Debug|Any CPU
		{1363422C-A8BA-4296-AC50-443E53F88122}.Release|Any CPU.ActiveCfg = Release|Any CPU
		{1363422C-A8BA-4296-AC50-443E53F88122}.Release|Any CPU.Build.0 = Release|Any CPU
		{1363422C-A8BA-4296-AC50-443E53F88122}.Release|x64.ActiveCfg = Release|Any CPU
		{1363422C-A8BA-4296-AC50-443E53F88122}.Release|x64.Build.0 = Release|Any CPU
		{1363422C-A8BA-4296-AC50-443E53F88122}.Release|x86.ActiveCfg = Release|Any CPU
		{1363422C-A8BA-4296-AC50-443E53F88122}.Release|x86.Build.0 = Release|Any CPU
		{09D6C75B-BDFB-4CC9-B2F7-A126C53BD63A}.Debug|Any CPU.ActiveCfg = Debug|Any CPU
		{09D6C75B-BDFB-4CC9-B2F7-A126C53BD63A}.Debug|Any CPU.Build.0 = Debug|Any CPU
		{09D6C75B-BDFB-4CC9-B2F7-A126C53BD63A}.Debug|x64.ActiveCfg = Debug|Any CPU
		{09D6C75B-BDFB-4CC9-B2F7-A126C53BD63A}.Debug|x64.Build.0 = Debug|Any CPU
		{09D6C75B-BDFB-4CC9-B2F7-A126C53BD63A}.Debug|x86.ActiveCfg = Debug|Any CPU
		{09D6C75B-BDFB-4CC9-B2F7-A126C53BD63A}.Debug|x86.Build.0 = Debug|Any CPU
		{09D6C75B-BDFB-4CC9-B2F7-A126C53BD63A}.Release|Any CPU.ActiveCfg = Release|Any CPU
		{09D6C75B-BDFB-4CC9-B2F7-A126C53BD63A}.Release|Any CPU.Build.0 = Release|Any CPU
		{09D6C75B-BDFB-4CC9-B2F7-A126C53BD63A}.Release|x64.ActiveCfg = Release|Any CPU
		{09D6C75B-BDFB-4CC9-B2F7-A126C53BD63A}.Release|x64.Build.0 = Release|Any CPU
		{09D6C75B-BDFB-4CC9-B2F7-A126C53BD63A}.Release|x86.ActiveCfg = Release|Any CPU
		{09D6C75B-BDFB-4CC9-B2F7-A126C53BD63A}.Release|x86.Build.0 = Release|Any CPU
		{FD1551B1-5DA0-457F-9BE2-6130FE9EE536}.Debug|Any CPU.ActiveCfg = Debug|Any CPU
		{FD1551B1-5DA0-457F-9BE2-6130FE9EE536}.Debug|Any CPU.Build.0 = Debug|Any CPU
		{FD1551B1-5DA0-457F-9BE2-6130FE9EE536}.Debug|x64.ActiveCfg = Debug|Any CPU
		{FD1551B1-5DA0-457F-9BE2-6130FE9EE536}.Debug|x64.Build.0 = Debug|Any CPU
		{FD1551B1-5DA0-457F-9BE2-6130FE9EE536}.Debug|x86.ActiveCfg = Debug|Any CPU
		{FD1551B1-5DA0-457F-9BE2-6130FE9EE536}.Debug|x86.Build.0 = Debug|Any CPU
		{FD1551B1-5DA0-457F-9BE2-6130FE9EE536}.Release|Any CPU.ActiveCfg = Release|Any CPU
		{FD1551B1-5DA0-457F-9BE2-6130FE9EE536}.Release|Any CPU.Build.0 = Release|Any CPU
		{FD1551B1-5DA0-457F-9BE2-6130FE9EE536}.Release|x64.ActiveCfg = Release|Any CPU
		{FD1551B1-5DA0-457F-9BE2-6130FE9EE536}.Release|x64.Build.0 = Release|Any CPU
		{FD1551B1-5DA0-457F-9BE2-6130FE9EE536}.Release|x86.ActiveCfg = Release|Any CPU
		{FD1551B1-5DA0-457F-9BE2-6130FE9EE536}.Release|x86.Build.0 = Release|Any CPU
		{CC4AF7B8-50E2-4637-BB67-926D76C14C78}.Debug|Any CPU.ActiveCfg = Debug|Any CPU
		{CC4AF7B8-50E2-4637-BB67-926D76C14C78}.Debug|Any CPU.Build.0 = Debug|Any CPU
		{CC4AF7B8-50E2-4637-BB67-926D76C14C78}.Debug|x64.ActiveCfg = Debug|Any CPU
		{CC4AF7B8-50E2-4637-BB67-926D76C14C78}.Debug|x64.Build.0 = Debug|Any CPU
		{CC4AF7B8-50E2-4637-BB67-926D76C14C78}.Debug|x86.ActiveCfg = Debug|Any CPU
		{CC4AF7B8-50E2-4637-BB67-926D76C14C78}.Debug|x86.Build.0 = Debug|Any CPU
		{CC4AF7B8-50E2-4637-BB67-926D76C14C78}.Release|Any CPU.ActiveCfg = Release|Any CPU
		{CC4AF7B8-50E2-4637-BB67-926D76C14C78}.Release|Any CPU.Build.0 = Release|Any CPU
		{CC4AF7B8-50E2-4637-BB67-926D76C14C78}.Release|x64.ActiveCfg = Release|Any CPU
		{CC4AF7B8-50E2-4637-BB67-926D76C14C78}.Release|x64.Build.0 = Release|Any CPU
		{CC4AF7B8-50E2-4637-BB67-926D76C14C78}.Release|x86.ActiveCfg = Release|Any CPU
		{CC4AF7B8-50E2-4637-BB67-926D76C14C78}.Release|x86.Build.0 = Release|Any CPU
		{FBBDB7C4-C910-4C8C-BDE5-E8BB2441C083}.Debug|Any CPU.ActiveCfg = Debug|Any CPU
		{FBBDB7C4-C910-4C8C-BDE5-E8BB2441C083}.Debug|Any CPU.Build.0 = Debug|Any CPU
		{FBBDB7C4-C910-4C8C-BDE5-E8BB2441C083}.Debug|x64.ActiveCfg = Debug|Any CPU
		{FBBDB7C4-C910-4C8C-BDE5-E8BB2441C083}.Debug|x64.Build.0 = Debug|Any CPU
		{FBBDB7C4-C910-4C8C-BDE5-E8BB2441C083}.Debug|x86.ActiveCfg = Debug|Any CPU
		{FBBDB7C4-C910-4C8C-BDE5-E8BB2441C083}.Debug|x86.Build.0 = Debug|Any CPU
		{FBBDB7C4-C910-4C8C-BDE5-E8BB2441C083}.Release|Any CPU.ActiveCfg = Release|Any CPU
		{FBBDB7C4-C910-4C8C-BDE5-E8BB2441C083}.Release|Any CPU.Build.0 = Release|Any CPU
		{FBBDB7C4-C910-4C8C-BDE5-E8BB2441C083}.Release|x64.ActiveCfg = Release|Any CPU
		{FBBDB7C4-C910-4C8C-BDE5-E8BB2441C083}.Release|x64.Build.0 = Release|Any CPU
		{FBBDB7C4-C910-4C8C-BDE5-E8BB2441C083}.Release|x86.ActiveCfg = Release|Any CPU
		{FBBDB7C4-C910-4C8C-BDE5-E8BB2441C083}.Release|x86.Build.0 = Release|Any CPU
		{1C2E472C-E977-4329-81D2-954D31926F3F}.Debug|Any CPU.ActiveCfg = Debug|Any CPU
		{1C2E472C-E977-4329-81D2-954D31926F3F}.Debug|Any CPU.Build.0 = Debug|Any CPU
		{1C2E472C-E977-4329-81D2-954D31926F3F}.Debug|x64.ActiveCfg = Debug|Any CPU
		{1C2E472C-E977-4329-81D2-954D31926F3F}.Debug|x64.Build.0 = Debug|Any CPU
		{1C2E472C-E977-4329-81D2-954D31926F3F}.Debug|x86.ActiveCfg = Debug|Any CPU
		{1C2E472C-E977-4329-81D2-954D31926F3F}.Debug|x86.Build.0 = Debug|Any CPU
		{1C2E472C-E977-4329-81D2-954D31926F3F}.Release|Any CPU.ActiveCfg = Release|Any CPU
		{1C2E472C-E977-4329-81D2-954D31926F3F}.Release|Any CPU.Build.0 = Release|Any CPU
		{1C2E472C-E977-4329-81D2-954D31926F3F}.Release|x64.ActiveCfg = Release|Any CPU
		{1C2E472C-E977-4329-81D2-954D31926F3F}.Release|x64.Build.0 = Release|Any CPU
		{1C2E472C-E977-4329-81D2-954D31926F3F}.Release|x86.ActiveCfg = Release|Any CPU
		{1C2E472C-E977-4329-81D2-954D31926F3F}.Release|x86.Build.0 = Release|Any CPU
		{70321D22-BFFB-44B0-AD7F-F915207CDAA6}.Debug|Any CPU.ActiveCfg = Debug|Any CPU
		{70321D22-BFFB-44B0-AD7F-F915207CDAA6}.Debug|Any CPU.Build.0 = Debug|Any CPU
		{70321D22-BFFB-44B0-AD7F-F915207CDAA6}.Debug|x64.ActiveCfg = Debug|Any CPU
		{70321D22-BFFB-44B0-AD7F-F915207CDAA6}.Debug|x64.Build.0 = Debug|Any CPU
		{70321D22-BFFB-44B0-AD7F-F915207CDAA6}.Debug|x86.ActiveCfg = Debug|Any CPU
		{70321D22-BFFB-44B0-AD7F-F915207CDAA6}.Debug|x86.Build.0 = Debug|Any CPU
		{70321D22-BFFB-44B0-AD7F-F915207CDAA6}.Release|Any CPU.ActiveCfg = Release|Any CPU
		{70321D22-BFFB-44B0-AD7F-F915207CDAA6}.Release|Any CPU.Build.0 = Release|Any CPU
		{70321D22-BFFB-44B0-AD7F-F915207CDAA6}.Release|x64.ActiveCfg = Release|Any CPU
		{70321D22-BFFB-44B0-AD7F-F915207CDAA6}.Release|x64.Build.0 = Release|Any CPU
		{70321D22-BFFB-44B0-AD7F-F915207CDAA6}.Release|x86.ActiveCfg = Release|Any CPU
		{70321D22-BFFB-44B0-AD7F-F915207CDAA6}.Release|x86.Build.0 = Release|Any CPU
		{8D9DF71F-7350-463C-8529-5E66A2A530EC}.Debug|Any CPU.ActiveCfg = Debug|Any CPU
		{8D9DF71F-7350-463C-8529-5E66A2A530EC}.Debug|Any CPU.Build.0 = Debug|Any CPU
		{8D9DF71F-7350-463C-8529-5E66A2A530EC}.Debug|x64.ActiveCfg = Debug|Any CPU
		{8D9DF71F-7350-463C-8529-5E66A2A530EC}.Debug|x64.Build.0 = Debug|Any CPU
		{8D9DF71F-7350-463C-8529-5E66A2A530EC}.Debug|x86.ActiveCfg = Debug|Any CPU
		{8D9DF71F-7350-463C-8529-5E66A2A530EC}.Debug|x86.Build.0 = Debug|Any CPU
		{8D9DF71F-7350-463C-8529-5E66A2A530EC}.Release|Any CPU.ActiveCfg = Release|Any CPU
		{8D9DF71F-7350-463C-8529-5E66A2A530EC}.Release|Any CPU.Build.0 = Release|Any CPU
		{8D9DF71F-7350-463C-8529-5E66A2A530EC}.Release|x64.ActiveCfg = Release|Any CPU
		{8D9DF71F-7350-463C-8529-5E66A2A530EC}.Release|x64.Build.0 = Release|Any CPU
		{8D9DF71F-7350-463C-8529-5E66A2A530EC}.Release|x86.ActiveCfg = Release|Any CPU
		{8D9DF71F-7350-463C-8529-5E66A2A530EC}.Release|x86.Build.0 = Release|Any CPU
		{111B3507-3975-4585-89BE-E886247B22F0}.Debug|Any CPU.ActiveCfg = Debug|Any CPU
		{111B3507-3975-4585-89BE-E886247B22F0}.Debug|Any CPU.Build.0 = Debug|Any CPU
		{111B3507-3975-4585-89BE-E886247B22F0}.Debug|x64.ActiveCfg = Debug|Any CPU
		{111B3507-3975-4585-89BE-E886247B22F0}.Debug|x64.Build.0 = Debug|Any CPU
		{111B3507-3975-4585-89BE-E886247B22F0}.Debug|x86.ActiveCfg = Debug|Any CPU
		{111B3507-3975-4585-89BE-E886247B22F0}.Debug|x86.Build.0 = Debug|Any CPU
		{111B3507-3975-4585-89BE-E886247B22F0}.Release|Any CPU.ActiveCfg = Release|Any CPU
		{111B3507-3975-4585-89BE-E886247B22F0}.Release|Any CPU.Build.0 = Release|Any CPU
		{111B3507-3975-4585-89BE-E886247B22F0}.Release|x64.ActiveCfg = Release|Any CPU
		{111B3507-3975-4585-89BE-E886247B22F0}.Release|x64.Build.0 = Release|Any CPU
		{111B3507-3975-4585-89BE-E886247B22F0}.Release|x86.ActiveCfg = Release|Any CPU
		{111B3507-3975-4585-89BE-E886247B22F0}.Release|x86.Build.0 = Release|Any CPU
		{D1AD5E24-D35D-4BB0-A497-E14A6600F144}.Debug|Any CPU.ActiveCfg = Debug|Any CPU
		{D1AD5E24-D35D-4BB0-A497-E14A6600F144}.Debug|Any CPU.Build.0 = Debug|Any CPU
		{D1AD5E24-D35D-4BB0-A497-E14A6600F144}.Debug|x64.ActiveCfg = Debug|Any CPU
		{D1AD5E24-D35D-4BB0-A497-E14A6600F144}.Debug|x64.Build.0 = Debug|Any CPU
		{D1AD5E24-D35D-4BB0-A497-E14A6600F144}.Debug|x86.ActiveCfg = Debug|Any CPU
		{D1AD5E24-D35D-4BB0-A497-E14A6600F144}.Debug|x86.Build.0 = Debug|Any CPU
		{D1AD5E24-D35D-4BB0-A497-E14A6600F144}.Release|Any CPU.ActiveCfg = Release|Any CPU
		{D1AD5E24-D35D-4BB0-A497-E14A6600F144}.Release|Any CPU.Build.0 = Release|Any CPU
		{D1AD5E24-D35D-4BB0-A497-E14A6600F144}.Release|x64.ActiveCfg = Release|Any CPU
		{D1AD5E24-D35D-4BB0-A497-E14A6600F144}.Release|x64.Build.0 = Release|Any CPU
		{D1AD5E24-D35D-4BB0-A497-E14A6600F144}.Release|x86.ActiveCfg = Release|Any CPU
		{D1AD5E24-D35D-4BB0-A497-E14A6600F144}.Release|x86.Build.0 = Release|Any CPU
		{AE1D189A-1A63-4434-9DB0-B20A5351CD8F}.Debug|Any CPU.ActiveCfg = Debug|Any CPU
		{AE1D189A-1A63-4434-9DB0-B20A5351CD8F}.Debug|Any CPU.Build.0 = Debug|Any CPU
		{AE1D189A-1A63-4434-9DB0-B20A5351CD8F}.Debug|x64.ActiveCfg = Debug|Any CPU
		{AE1D189A-1A63-4434-9DB0-B20A5351CD8F}.Debug|x64.Build.0 = Debug|Any CPU
		{AE1D189A-1A63-4434-9DB0-B20A5351CD8F}.Debug|x86.ActiveCfg = Debug|Any CPU
		{AE1D189A-1A63-4434-9DB0-B20A5351CD8F}.Debug|x86.Build.0 = Debug|Any CPU
		{AE1D189A-1A63-4434-9DB0-B20A5351CD8F}.Release|Any CPU.ActiveCfg = Release|Any CPU
		{AE1D189A-1A63-4434-9DB0-B20A5351CD8F}.Release|Any CPU.Build.0 = Release|Any CPU
		{AE1D189A-1A63-4434-9DB0-B20A5351CD8F}.Release|x64.ActiveCfg = Release|Any CPU
		{AE1D189A-1A63-4434-9DB0-B20A5351CD8F}.Release|x64.Build.0 = Release|Any CPU
		{AE1D189A-1A63-4434-9DB0-B20A5351CD8F}.Release|x86.ActiveCfg = Release|Any CPU
		{AE1D189A-1A63-4434-9DB0-B20A5351CD8F}.Release|x86.Build.0 = Release|Any CPU
		{2B25CB4A-BD82-4605-8C5A-956E311D7D33}.Debug|Any CPU.ActiveCfg = Debug|Any CPU
		{2B25CB4A-BD82-4605-8C5A-956E311D7D33}.Debug|Any CPU.Build.0 = Debug|Any CPU
		{2B25CB4A-BD82-4605-8C5A-956E311D7D33}.Debug|x64.ActiveCfg = Debug|Any CPU
		{2B25CB4A-BD82-4605-8C5A-956E311D7D33}.Debug|x64.Build.0 = Debug|Any CPU
		{2B25CB4A-BD82-4605-8C5A-956E311D7D33}.Debug|x86.ActiveCfg = Debug|Any CPU
		{2B25CB4A-BD82-4605-8C5A-956E311D7D33}.Debug|x86.Build.0 = Debug|Any CPU
		{2B25CB4A-BD82-4605-8C5A-956E311D7D33}.Release|Any CPU.ActiveCfg = Release|Any CPU
		{2B25CB4A-BD82-4605-8C5A-956E311D7D33}.Release|Any CPU.Build.0 = Release|Any CPU
		{2B25CB4A-BD82-4605-8C5A-956E311D7D33}.Release|x64.ActiveCfg = Release|Any CPU
		{2B25CB4A-BD82-4605-8C5A-956E311D7D33}.Release|x64.Build.0 = Release|Any CPU
		{2B25CB4A-BD82-4605-8C5A-956E311D7D33}.Release|x86.ActiveCfg = Release|Any CPU
		{2B25CB4A-BD82-4605-8C5A-956E311D7D33}.Release|x86.Build.0 = Release|Any CPU
		{D9A72AF7-215C-4FD9-8973-0EE74594F163}.Debug|Any CPU.ActiveCfg = Debug|Any CPU
		{D9A72AF7-215C-4FD9-8973-0EE74594F163}.Debug|Any CPU.Build.0 = Debug|Any CPU
		{D9A72AF7-215C-4FD9-8973-0EE74594F163}.Debug|x64.ActiveCfg = Debug|Any CPU
		{D9A72AF7-215C-4FD9-8973-0EE74594F163}.Debug|x64.Build.0 = Debug|Any CPU
		{D9A72AF7-215C-4FD9-8973-0EE74594F163}.Debug|x86.ActiveCfg = Debug|Any CPU
		{D9A72AF7-215C-4FD9-8973-0EE74594F163}.Debug|x86.Build.0 = Debug|Any CPU
		{D9A72AF7-215C-4FD9-8973-0EE74594F163}.Release|Any CPU.ActiveCfg = Release|Any CPU
		{D9A72AF7-215C-4FD9-8973-0EE74594F163}.Release|Any CPU.Build.0 = Release|Any CPU
		{D9A72AF7-215C-4FD9-8973-0EE74594F163}.Release|x64.ActiveCfg = Release|Any CPU
		{D9A72AF7-215C-4FD9-8973-0EE74594F163}.Release|x64.Build.0 = Release|Any CPU
		{D9A72AF7-215C-4FD9-8973-0EE74594F163}.Release|x86.ActiveCfg = Release|Any CPU
		{D9A72AF7-215C-4FD9-8973-0EE74594F163}.Release|x86.Build.0 = Release|Any CPU
		{A5418BB2-721B-4DFA-8FC7-4505A41677D2}.Debug|Any CPU.ActiveCfg = Debug|Any CPU
		{A5418BB2-721B-4DFA-8FC7-4505A41677D2}.Debug|Any CPU.Build.0 = Debug|Any CPU
		{A5418BB2-721B-4DFA-8FC7-4505A41677D2}.Debug|x64.ActiveCfg = Debug|Any CPU
		{A5418BB2-721B-4DFA-8FC7-4505A41677D2}.Debug|x64.Build.0 = Debug|Any CPU
		{A5418BB2-721B-4DFA-8FC7-4505A41677D2}.Debug|x86.ActiveCfg = Debug|Any CPU
		{A5418BB2-721B-4DFA-8FC7-4505A41677D2}.Debug|x86.Build.0 = Debug|Any CPU
		{A5418BB2-721B-4DFA-8FC7-4505A41677D2}.Release|Any CPU.ActiveCfg = Release|Any CPU
		{A5418BB2-721B-4DFA-8FC7-4505A41677D2}.Release|Any CPU.Build.0 = Release|Any CPU
		{A5418BB2-721B-4DFA-8FC7-4505A41677D2}.Release|x64.ActiveCfg = Release|Any CPU
		{A5418BB2-721B-4DFA-8FC7-4505A41677D2}.Release|x64.Build.0 = Release|Any CPU
		{A5418BB2-721B-4DFA-8FC7-4505A41677D2}.Release|x86.ActiveCfg = Release|Any CPU
		{A5418BB2-721B-4DFA-8FC7-4505A41677D2}.Release|x86.Build.0 = Release|Any CPU
		{676B8321-297F-451B-8C1D-684A362E808E}.Debug|Any CPU.ActiveCfg = Debug|Any CPU
		{676B8321-297F-451B-8C1D-684A362E808E}.Debug|Any CPU.Build.0 = Debug|Any CPU
		{676B8321-297F-451B-8C1D-684A362E808E}.Debug|x64.ActiveCfg = Debug|Any CPU
		{676B8321-297F-451B-8C1D-684A362E808E}.Debug|x64.Build.0 = Debug|Any CPU
		{676B8321-297F-451B-8C1D-684A362E808E}.Debug|x86.ActiveCfg = Debug|Any CPU
		{676B8321-297F-451B-8C1D-684A362E808E}.Debug|x86.Build.0 = Debug|Any CPU
		{676B8321-297F-451B-8C1D-684A362E808E}.Release|Any CPU.ActiveCfg = Release|Any CPU
		{676B8321-297F-451B-8C1D-684A362E808E}.Release|Any CPU.Build.0 = Release|Any CPU
		{676B8321-297F-451B-8C1D-684A362E808E}.Release|x64.ActiveCfg = Release|Any CPU
		{676B8321-297F-451B-8C1D-684A362E808E}.Release|x64.Build.0 = Release|Any CPU
		{676B8321-297F-451B-8C1D-684A362E808E}.Release|x86.ActiveCfg = Release|Any CPU
		{676B8321-297F-451B-8C1D-684A362E808E}.Release|x86.Build.0 = Release|Any CPU
	EndGlobalSection
	GlobalSection(SolutionProperties) = preSolution
		HideSolutionNode = FALSE
	EndGlobalSection
	GlobalSection(NestedProjects) = preSolution
		{D37B94E2-9D1F-4C3B-BA0D-365F0E9CA43B} = {037E922C-9117-4D14-AF83-F2F8B9C56127}
		{5DB09F7C-6C6E-42E6-AFC3-FD090B4BBE04} = {D37B94E2-9D1F-4C3B-BA0D-365F0E9CA43B}
		{9F0CF85A-B29E-44E2-AA37-2A957C82A7CA} = {D37B94E2-9D1F-4C3B-BA0D-365F0E9CA43B}
		{2D160827-41E1-475F-92E8-C0886E3EEE49} = {FFA5AF17-16E3-4F90-8CFC-D9952FDCC2CA}
		{A5324AD3-B3D5-4537-A3BD-75C300E925D1} = {2D160827-41E1-475F-92E8-C0886E3EEE49}
		{7675EF03-6618-4F6F-9730-D76F4C58EE10} = {2D160827-41E1-475F-92E8-C0886E3EEE49}
		{BB5DEC1B-3FE7-4B40-97ED-9D86DBBDAEF4} = {FFA5AF17-16E3-4F90-8CFC-D9952FDCC2CA}
		{E2AC3069-E73A-43A2-8EFF-FDA207B00302} = {BB5DEC1B-3FE7-4B40-97ED-9D86DBBDAEF4}
		{DCE50C24-325E-4026-82FD-F7363E054125} = {BB5DEC1B-3FE7-4B40-97ED-9D86DBBDAEF4}
		{4A60A6D5-C03D-4DFA-B78F-033AC0F65179} = {FFA5AF17-16E3-4F90-8CFC-D9952FDCC2CA}
		{27FF4281-707D-4A22-873D-41FE0C09E5B2} = {4A60A6D5-C03D-4DFA-B78F-033AC0F65179}
		{389000D3-6F6A-4D54-8C64-E8B263145B1D} = {4A60A6D5-C03D-4DFA-B78F-033AC0F65179}
		{D1AE7525-0876-4D73-9B81-F61C5158335A} = {8CB71796-7CF7-4918-8973-44018F655710}
		{D897F1B2-F2A0-492A-9C44-B7E7CDCC4580} = {D1AE7525-0876-4D73-9B81-F61C5158335A}
		{15B6A702-1EF4-456F-A0B5-E8306DEF92BF} = {D1AE7525-0876-4D73-9B81-F61C5158335A}
		{C3EC8563-CBDE-4DD3-AE88-44DCD2E48C95} = {8CB71796-7CF7-4918-8973-44018F655710}
		{95E0C04D-52B3-4DE5-A6DA-597B196419CD} = {C3EC8563-CBDE-4DD3-AE88-44DCD2E48C95}
		{69CCFA55-DE38-418D-8512-17FBE0E64485} = {C3EC8563-CBDE-4DD3-AE88-44DCD2E48C95}
		{C0A4C638-0D5B-45B7-8AF5-5AFD3C603D60} = {8CB71796-7CF7-4918-8973-44018F655710}
		{305C18EF-5582-4CBA-B51C-76E726239B38} = {C0A4C638-0D5B-45B7-8AF5-5AFD3C603D60}
		{32656F1E-AEF8-40D5-B419-BAE0D8DF9ACD} = {C0A4C638-0D5B-45B7-8AF5-5AFD3C603D60}
		{5A962EC9-7A9D-4AED-9D41-C9E740FA48E6} = {27DB02FD-4A02-4B90-AC4F-35BBB66C08EB}
		{A90A6535-DE90-4E3B-B747-5BB41C96CABE} = {5A962EC9-7A9D-4AED-9D41-C9E740FA48E6}
		{C213E8AD-6DB1-4EAD-87F3-A32D64A0163E} = {5A962EC9-7A9D-4AED-9D41-C9E740FA48E6}
		{E75F7E04-4D55-4873-A519-50B59EDC8CC2} = {CA783379-5127-4C8F-A7A6-8C78FDC44F54}
		{C2624925-9F3B-4125-BF65-85A00008272D} = {E75F7E04-4D55-4873-A519-50B59EDC8CC2}
		{6DA42BBD-A086-4F3A-ADB2-D2D6EA91E2E9} = {E75F7E04-4D55-4873-A519-50B59EDC8CC2}
		{F7943365-42D7-42FB-B51F-D85671044D5C} = {CA783379-5127-4C8F-A7A6-8C78FDC44F54}
		{70CCF68F-477C-4FAE-BB5F-7355D828084C} = {F7943365-42D7-42FB-B51F-D85671044D5C}
		{F5321584-7462-43C1-B8D6-E805B5ADFF99} = {F7943365-42D7-42FB-B51F-D85671044D5C}
		{470D83AD-9513-4E56-A460-F80458EA2A75} = {CA783379-5127-4C8F-A7A6-8C78FDC44F54}
		{7385F70F-20B5-48A1-81BF-801AB2DA1457} = {470D83AD-9513-4E56-A460-F80458EA2A75}
		{4FB3948F-D4C3-4C40-B9FF-3B4F2B6CF0A1} = {470D83AD-9513-4E56-A460-F80458EA2A75}
		{8C951D59-5878-4A8B-9608-701EE2875769} = {150F8D25-D074-444D-86D4-DA8AD7D61168}
		{1E19DEAB-B6B4-4E99-A559-812120928DEF} = {8C951D59-5878-4A8B-9608-701EE2875769}
		{62D103FD-11A4-4F02-88C4-224A8182492D} = {8C951D59-5878-4A8B-9608-701EE2875769}
		{12D0B62F-F7ED-430C-BAC8-65E48BD75FC6} = {AB92D422-89C7-421E-9883-21AA6EC0DC12}
		{22561921-A6F5-478A-B6F1-44EF19F802EB} = {12D0B62F-F7ED-430C-BAC8-65E48BD75FC6}
		{D3C2440C-2D4F-4D54-BADB-EBAFEB39979F} = {12D0B62F-F7ED-430C-BAC8-65E48BD75FC6}
		{6030720E-A093-425F-B359-A8C7CDC7DC35} = {AB92D422-89C7-421E-9883-21AA6EC0DC12}
		{B1E64DBD-E9A8-4728-BFB7-44B8FFE3C3BE} = {6030720E-A093-425F-B359-A8C7CDC7DC35}
		{908C582D-DE60-40A6-B936-4A6960ED52D1} = {6030720E-A093-425F-B359-A8C7CDC7DC35}
		{AF0FC962-BE8C-4FD1-B936-8FE017445BB4} = {F87EF083-A121-48AD-B132-FA9905F45229}
		{0E9BAFFA-D3CB-401E-9649-DD5318CD1572} = {AF0FC962-BE8C-4FD1-B936-8FE017445BB4}
		{C67B17DD-39B3-4FCF-AC1A-454B6EE1FCD2} = {AF0FC962-BE8C-4FD1-B936-8FE017445BB4}
		{67352D86-955F-4287-990F-FF8410C64A5D} = {F87EF083-A121-48AD-B132-FA9905F45229}
		{46D136B3-8C14-48D1-9A40-41C495149165} = {67352D86-955F-4287-990F-FF8410C64A5D}
		{8B446F68-968F-4DE6-8FF2-20B556DA34DB} = {67352D86-955F-4287-990F-FF8410C64A5D}
		{8D36B4D9-D69F-4422-98B4-DCB944D76D86} = {F28411E7-0947-4417-90AF-E89427745E89}
		{FCCD6C51-9ED6-421A-8A6A-6F3B55E45A47} = {8D36B4D9-D69F-4422-98B4-DCB944D76D86}
		{18624710-9A4D-40AB-B26F-C2EFA474B39E} = {8D36B4D9-D69F-4422-98B4-DCB944D76D86}
		{9672F189-CE99-43C0-B633-226CDC5965B9} = {F28411E7-0947-4417-90AF-E89427745E89}
		{6AA13FCF-A0F6-4402-829F-56FB79552A87} = {9672F189-CE99-43C0-B633-226CDC5965B9}
		{A1064C2E-EBEC-4747-958F-BE897B6AB36B} = {9672F189-CE99-43C0-B633-226CDC5965B9}
		{7038D1FD-EA58-4156-97AF-4C302212BDF0} = {F28411E7-0947-4417-90AF-E89427745E89}
		{0A13F2EE-AF84-4101-BD73-7AD6D0AFBCB9} = {7038D1FD-EA58-4156-97AF-4C302212BDF0}
		{35999FB0-8078-4E2F-9E30-0BC17B14004B} = {7038D1FD-EA58-4156-97AF-4C302212BDF0}
		{A043356B-BC9E-4091-A262-C2570CD29822} = {23A50DAB-0E8E-419F-906C-4BF355B26B45}
		{660E9C63-B5F5-427F-9B05-CD811712057E} = {A043356B-BC9E-4091-A262-C2570CD29822}
		{32BBFD95-3BB2-4C2E-A914-B12E78C774D2} = {A043356B-BC9E-4091-A262-C2570CD29822}
		{FFEA9B75-30AF-419C-A025-7EC3D4FEB81F} = {7DDB0DD5-2535-47B8-B9BF-EE56EA50EED3}
		{165D9802-51BE-414E-B7B3-D2CCAB78181B} = {FFEA9B75-30AF-419C-A025-7EC3D4FEB81F}
		{1363422C-A8BA-4296-AC50-443E53F88122} = {FFEA9B75-30AF-419C-A025-7EC3D4FEB81F}
		{09D6C75B-BDFB-4CC9-B2F7-A126C53BD63A} = {AA4CD55F-0B4C-4459-8419-CA065582EC0F}
		{FD1551B1-5DA0-457F-9BE2-6130FE9EE536} = {AA4CD55F-0B4C-4459-8419-CA065582EC0F}
		{919938A0-66DF-464C-9C86-710F2BF82D3C} = {037E922C-9117-4D14-AF83-F2F8B9C56127}
		{CC4AF7B8-50E2-4637-BB67-926D76C14C78} = {919938A0-66DF-464C-9C86-710F2BF82D3C}
		{FBBDB7C4-C910-4C8C-BDE5-E8BB2441C083} = {919938A0-66DF-464C-9C86-710F2BF82D3C}
		{AD00B794-6D25-4DD7-BEC1-FF4B9B4AA342} = {AB92D422-89C7-421E-9883-21AA6EC0DC12}
		{1C2E472C-E977-4329-81D2-954D31926F3F} = {AD00B794-6D25-4DD7-BEC1-FF4B9B4AA342}
		{70321D22-BFFB-44B0-AD7F-F915207CDAA6} = {AD00B794-6D25-4DD7-BEC1-FF4B9B4AA342}
		{D2150815-9B12-48C9-9547-B10888BD39A6} = {F87EF083-A121-48AD-B132-FA9905F45229}
		{8D9DF71F-7350-463C-8529-5E66A2A530EC} = {D2150815-9B12-48C9-9547-B10888BD39A6}
		{111B3507-3975-4585-89BE-E886247B22F0} = {D2150815-9B12-48C9-9547-B10888BD39A6}
		{E05386D8-EEA3-466E-AC44-FDF706AD93A5} = {CD66A780-BBBD-4B01-A0A2-3C3E19D5A701}
		{D1AD5E24-D35D-4BB0-A497-E14A6600F144} = {E05386D8-EEA3-466E-AC44-FDF706AD93A5}
		{AE1D189A-1A63-4434-9DB0-B20A5351CD8F} = {E05386D8-EEA3-466E-AC44-FDF706AD93A5}
		{2B25CB4A-BD82-4605-8C5A-956E311D7D33} = {C2B7E2AB-CC72-4984-AE21-FE36D811867F}
		{D9A72AF7-215C-4FD9-8973-0EE74594F163} = {C2B7E2AB-CC72-4984-AE21-FE36D811867F}
		{62864B49-20BD-4366-8261-2381D2CA907E} = {F28411E7-0947-4417-90AF-E89427745E89}
		{A5418BB2-721B-4DFA-8FC7-4505A41677D2} = {62864B49-20BD-4366-8261-2381D2CA907E}
		{676B8321-297F-451B-8C1D-684A362E808E} = {62864B49-20BD-4366-8261-2381D2CA907E}
	EndGlobalSection
	GlobalSection(ExtensibilityGlobals) = postSolution
		SolutionGuid = {2A6BDE75-6AB8-4471-82D0-D7B9220453B7}
	EndGlobalSection
EndGlobal
