
Microsoft Visual Studio Solution File, Format Version 12.00
# Visual Studio Version 16
VisualStudioVersion = 16.0.29806.167
MinimumVisualStudioVersion = 15.0.26124.0
Project("{2150E333-8FDC-42A3-9474-1A3956D46DE8}") = "Structure", "Structure", "{70979960-89FF-41C0-AEBC-918BDD133F3F}"
EndProject
Project("{9A19103F-16F7-4668-BE54-9A1E7A4F7556}") = "Structure", "Structure\src\Structure.csproj", "{2DE590F8-675B-4DFA-A517-DE0F64A3D209}"
EndProject
Project("{9A19103F-16F7-4668-BE54-9A1E7A4F7556}") = "Structure.tests", "Structure\test\Structure.tests.csproj", "{C47BAE9F-269F-4A59-B0E7-D9FF5D65DCAA}"
EndProject
Project("{2150E333-8FDC-42A3-9474-1A3956D46DE8}") = "Floors", "Floors", "{21B50D65-5054-4EF6-850D-CD43165A7E28}"
EndProject
Project("{2150E333-8FDC-42A3-9474-1A3956D46DE8}") = "FloorsByEnvelope", "FloorsByEnvelope", "{3D6C04D1-48E4-4B4D-9BB9-A1F41E73BA4E}"
EndProject
Project("{FAE04EC0-301F-11D3-BF4B-00C04F79EFBC}") = "FloorsByEnvelope.tests", "Floors\FloorsByEnvelope\test\FloorsByEnvelope.tests.csproj", "{1209A01F-741B-4040-A568-062FED17D5EE}"
EndProject
Project("{FAE04EC0-301F-11D3-BF4B-00C04F79EFBC}") = "FloorsByEnvelope", "Floors\FloorsByEnvelope\src\FloorsByEnvelope.csproj", "{8D753614-4BB7-444C-98AE-60A9AD32BED5}"
EndProject
Project("{2150E333-8FDC-42A3-9474-1A3956D46DE8}") = "Facade", "Facade", "{15BAA4ED-4AE1-4D23-AB40-6E723AD732CF}"
EndProject
Project("{9A19103F-16F7-4668-BE54-9A1E7A4F7556}") = "Facade", "Facade\src\Facade.csproj", "{C0502E4A-1367-460D-83DB-24C76EB3FB20}"
EndProject
Project("{9A19103F-16F7-4668-BE54-9A1E7A4F7556}") = "Facade.tests", "Facade\test\Facade.tests.csproj", "{469342AF-360A-4D84-915F-37E0BCCAAB5C}"
EndProject
Project("{2150E333-8FDC-42A3-9474-1A3956D46DE8}") = "Envelope", "Envelope", "{AC3C38F0-F581-46A0-9BC3-A5880C1F454F}"
EndProject
Project("{2150E333-8FDC-42A3-9474-1A3956D46DE8}") = "EnvelopeBySketch", "EnvelopeBySketch", "{31D3BADA-43E5-4EF1-815B-A70CA96391FB}"
EndProject
Project("{9A19103F-16F7-4668-BE54-9A1E7A4F7556}") = "EnvelopeBySketch.tests", "Envelope\EnvelopeBySketch\test\EnvelopeBySketch.tests.csproj", "{61F36385-92B3-4566-9560-A0939866DAB3}"
EndProject
Project("{9A19103F-16F7-4668-BE54-9A1E7A4F7556}") = "EnvelopeBySketch", "Envelope\EnvelopeBySketch\src\EnvelopeBySketch.csproj", "{FF10B981-9C92-4AF8-B0F0-F69B3DDEB5A5}"
EndProject
Project("{2150E333-8FDC-42A3-9474-1A3956D46DE8}") = "Core", "Core", "{C8813527-0754-4A2D-826A-3EF6EF9B264A}"
EndProject
Project("{FAE04EC0-301F-11D3-BF4B-00C04F79EFBC}") = "Core", "Core\src\Core.csproj", "{6A2F9CAC-1E0C-4148-9E17-54E34ED7747D}"
EndProject
Project("{FAE04EC0-301F-11D3-BF4B-00C04F79EFBC}") = "Core.tests", "Core\test\Core.tests.csproj", "{190E6380-7C62-4991-B6D5-585B57C96F44}"
EndProject
Global
	GlobalSection(SolutionConfigurationPlatforms) = preSolution
		Debug|Any CPU = Debug|Any CPU
		Debug|x64 = Debug|x64
		Debug|x86 = Debug|x86
		Release|Any CPU = Release|Any CPU
		Release|x64 = Release|x64
		Release|x86 = Release|x86
	EndGlobalSection
	GlobalSection(ProjectConfigurationPlatforms) = postSolution
		{2DE590F8-675B-4DFA-A517-DE0F64A3D209}.Debug|Any CPU.ActiveCfg = Debug|Any CPU
		{2DE590F8-675B-4DFA-A517-DE0F64A3D209}.Debug|Any CPU.Build.0 = Debug|Any CPU
		{2DE590F8-675B-4DFA-A517-DE0F64A3D209}.Debug|x64.ActiveCfg = Debug|Any CPU
		{2DE590F8-675B-4DFA-A517-DE0F64A3D209}.Debug|x64.Build.0 = Debug|Any CPU
		{2DE590F8-675B-4DFA-A517-DE0F64A3D209}.Debug|x86.ActiveCfg = Debug|Any CPU
		{2DE590F8-675B-4DFA-A517-DE0F64A3D209}.Debug|x86.Build.0 = Debug|Any CPU
		{2DE590F8-675B-4DFA-A517-DE0F64A3D209}.Release|Any CPU.ActiveCfg = Release|Any CPU
		{2DE590F8-675B-4DFA-A517-DE0F64A3D209}.Release|Any CPU.Build.0 = Release|Any CPU
		{2DE590F8-675B-4DFA-A517-DE0F64A3D209}.Release|x64.ActiveCfg = Release|Any CPU
		{2DE590F8-675B-4DFA-A517-DE0F64A3D209}.Release|x64.Build.0 = Release|Any CPU
		{2DE590F8-675B-4DFA-A517-DE0F64A3D209}.Release|x86.ActiveCfg = Release|Any CPU
		{2DE590F8-675B-4DFA-A517-DE0F64A3D209}.Release|x86.Build.0 = Release|Any CPU
		{C47BAE9F-269F-4A59-B0E7-D9FF5D65DCAA}.Debug|Any CPU.ActiveCfg = Debug|Any CPU
		{C47BAE9F-269F-4A59-B0E7-D9FF5D65DCAA}.Debug|Any CPU.Build.0 = Debug|Any CPU
		{C47BAE9F-269F-4A59-B0E7-D9FF5D65DCAA}.Debug|x64.ActiveCfg = Debug|Any CPU
		{C47BAE9F-269F-4A59-B0E7-D9FF5D65DCAA}.Debug|x64.Build.0 = Debug|Any CPU
		{C47BAE9F-269F-4A59-B0E7-D9FF5D65DCAA}.Debug|x86.ActiveCfg = Debug|Any CPU
		{C47BAE9F-269F-4A59-B0E7-D9FF5D65DCAA}.Debug|x86.Build.0 = Debug|Any CPU
		{C47BAE9F-269F-4A59-B0E7-D9FF5D65DCAA}.Release|Any CPU.ActiveCfg = Release|Any CPU
		{C47BAE9F-269F-4A59-B0E7-D9FF5D65DCAA}.Release|Any CPU.Build.0 = Release|Any CPU
		{C47BAE9F-269F-4A59-B0E7-D9FF5D65DCAA}.Release|x64.ActiveCfg = Release|Any CPU
		{C47BAE9F-269F-4A59-B0E7-D9FF5D65DCAA}.Release|x64.Build.0 = Release|Any CPU
		{C47BAE9F-269F-4A59-B0E7-D9FF5D65DCAA}.Release|x86.ActiveCfg = Release|Any CPU
		{C47BAE9F-269F-4A59-B0E7-D9FF5D65DCAA}.Release|x86.Build.0 = Release|Any CPU
		{1209A01F-741B-4040-A568-062FED17D5EE}.Debug|Any CPU.ActiveCfg = Debug|Any CPU
		{1209A01F-741B-4040-A568-062FED17D5EE}.Debug|Any CPU.Build.0 = Debug|Any CPU
		{1209A01F-741B-4040-A568-062FED17D5EE}.Debug|x64.ActiveCfg = Debug|Any CPU
		{1209A01F-741B-4040-A568-062FED17D5EE}.Debug|x64.Build.0 = Debug|Any CPU
		{1209A01F-741B-4040-A568-062FED17D5EE}.Debug|x86.ActiveCfg = Debug|Any CPU
		{1209A01F-741B-4040-A568-062FED17D5EE}.Debug|x86.Build.0 = Debug|Any CPU
		{1209A01F-741B-4040-A568-062FED17D5EE}.Release|Any CPU.ActiveCfg = Release|Any CPU
		{1209A01F-741B-4040-A568-062FED17D5EE}.Release|Any CPU.Build.0 = Release|Any CPU
		{1209A01F-741B-4040-A568-062FED17D5EE}.Release|x64.ActiveCfg = Release|Any CPU
		{1209A01F-741B-4040-A568-062FED17D5EE}.Release|x64.Build.0 = Release|Any CPU
		{1209A01F-741B-4040-A568-062FED17D5EE}.Release|x86.ActiveCfg = Release|Any CPU
		{1209A01F-741B-4040-A568-062FED17D5EE}.Release|x86.Build.0 = Release|Any CPU
		{8D753614-4BB7-444C-98AE-60A9AD32BED5}.Debug|Any CPU.ActiveCfg = Debug|Any CPU
		{8D753614-4BB7-444C-98AE-60A9AD32BED5}.Debug|Any CPU.Build.0 = Debug|Any CPU
		{8D753614-4BB7-444C-98AE-60A9AD32BED5}.Debug|x64.ActiveCfg = Debug|Any CPU
		{8D753614-4BB7-444C-98AE-60A9AD32BED5}.Debug|x64.Build.0 = Debug|Any CPU
		{8D753614-4BB7-444C-98AE-60A9AD32BED5}.Debug|x86.ActiveCfg = Debug|Any CPU
		{8D753614-4BB7-444C-98AE-60A9AD32BED5}.Debug|x86.Build.0 = Debug|Any CPU
		{8D753614-4BB7-444C-98AE-60A9AD32BED5}.Release|Any CPU.ActiveCfg = Release|Any CPU
		{8D753614-4BB7-444C-98AE-60A9AD32BED5}.Release|Any CPU.Build.0 = Release|Any CPU
		{8D753614-4BB7-444C-98AE-60A9AD32BED5}.Release|x64.ActiveCfg = Release|Any CPU
		{8D753614-4BB7-444C-98AE-60A9AD32BED5}.Release|x64.Build.0 = Release|Any CPU
		{8D753614-4BB7-444C-98AE-60A9AD32BED5}.Release|x86.ActiveCfg = Release|Any CPU
		{8D753614-4BB7-444C-98AE-60A9AD32BED5}.Release|x86.Build.0 = Release|Any CPU
		{C0502E4A-1367-460D-83DB-24C76EB3FB20}.Debug|Any CPU.ActiveCfg = Debug|Any CPU
		{C0502E4A-1367-460D-83DB-24C76EB3FB20}.Debug|Any CPU.Build.0 = Debug|Any CPU
		{C0502E4A-1367-460D-83DB-24C76EB3FB20}.Debug|x64.ActiveCfg = Debug|Any CPU
		{C0502E4A-1367-460D-83DB-24C76EB3FB20}.Debug|x64.Build.0 = Debug|Any CPU
		{C0502E4A-1367-460D-83DB-24C76EB3FB20}.Debug|x86.ActiveCfg = Debug|Any CPU
		{C0502E4A-1367-460D-83DB-24C76EB3FB20}.Debug|x86.Build.0 = Debug|Any CPU
		{C0502E4A-1367-460D-83DB-24C76EB3FB20}.Release|Any CPU.ActiveCfg = Release|Any CPU
		{C0502E4A-1367-460D-83DB-24C76EB3FB20}.Release|Any CPU.Build.0 = Release|Any CPU
		{C0502E4A-1367-460D-83DB-24C76EB3FB20}.Release|x64.ActiveCfg = Release|Any CPU
		{C0502E4A-1367-460D-83DB-24C76EB3FB20}.Release|x64.Build.0 = Release|Any CPU
		{C0502E4A-1367-460D-83DB-24C76EB3FB20}.Release|x86.ActiveCfg = Release|Any CPU
		{C0502E4A-1367-460D-83DB-24C76EB3FB20}.Release|x86.Build.0 = Release|Any CPU
		{469342AF-360A-4D84-915F-37E0BCCAAB5C}.Debug|Any CPU.ActiveCfg = Debug|Any CPU
		{469342AF-360A-4D84-915F-37E0BCCAAB5C}.Debug|Any CPU.Build.0 = Debug|Any CPU
		{469342AF-360A-4D84-915F-37E0BCCAAB5C}.Debug|x64.ActiveCfg = Debug|Any CPU
		{469342AF-360A-4D84-915F-37E0BCCAAB5C}.Debug|x64.Build.0 = Debug|Any CPU
		{469342AF-360A-4D84-915F-37E0BCCAAB5C}.Debug|x86.ActiveCfg = Debug|Any CPU
		{469342AF-360A-4D84-915F-37E0BCCAAB5C}.Debug|x86.Build.0 = Debug|Any CPU
		{469342AF-360A-4D84-915F-37E0BCCAAB5C}.Release|Any CPU.ActiveCfg = Release|Any CPU
		{469342AF-360A-4D84-915F-37E0BCCAAB5C}.Release|Any CPU.Build.0 = Release|Any CPU
		{469342AF-360A-4D84-915F-37E0BCCAAB5C}.Release|x64.ActiveCfg = Release|Any CPU
		{469342AF-360A-4D84-915F-37E0BCCAAB5C}.Release|x64.Build.0 = Release|Any CPU
		{469342AF-360A-4D84-915F-37E0BCCAAB5C}.Release|x86.ActiveCfg = Release|Any CPU
		{469342AF-360A-4D84-915F-37E0BCCAAB5C}.Release|x86.Build.0 = Release|Any CPU
		{61F36385-92B3-4566-9560-A0939866DAB3}.Debug|Any CPU.ActiveCfg = Debug|Any CPU
		{61F36385-92B3-4566-9560-A0939866DAB3}.Debug|Any CPU.Build.0 = Debug|Any CPU
		{61F36385-92B3-4566-9560-A0939866DAB3}.Debug|x64.ActiveCfg = Debug|Any CPU
		{61F36385-92B3-4566-9560-A0939866DAB3}.Debug|x64.Build.0 = Debug|Any CPU
		{61F36385-92B3-4566-9560-A0939866DAB3}.Debug|x86.ActiveCfg = Debug|Any CPU
		{61F36385-92B3-4566-9560-A0939866DAB3}.Debug|x86.Build.0 = Debug|Any CPU
		{61F36385-92B3-4566-9560-A0939866DAB3}.Release|Any CPU.ActiveCfg = Release|Any CPU
		{61F36385-92B3-4566-9560-A0939866DAB3}.Release|Any CPU.Build.0 = Release|Any CPU
		{61F36385-92B3-4566-9560-A0939866DAB3}.Release|x64.ActiveCfg = Release|Any CPU
		{61F36385-92B3-4566-9560-A0939866DAB3}.Release|x64.Build.0 = Release|Any CPU
		{61F36385-92B3-4566-9560-A0939866DAB3}.Release|x86.ActiveCfg = Release|Any CPU
		{61F36385-92B3-4566-9560-A0939866DAB3}.Release|x86.Build.0 = Release|Any CPU
		{FF10B981-9C92-4AF8-B0F0-F69B3DDEB5A5}.Debug|Any CPU.ActiveCfg = Debug|Any CPU
		{FF10B981-9C92-4AF8-B0F0-F69B3DDEB5A5}.Debug|Any CPU.Build.0 = Debug|Any CPU
		{FF10B981-9C92-4AF8-B0F0-F69B3DDEB5A5}.Debug|x64.ActiveCfg = Debug|Any CPU
		{FF10B981-9C92-4AF8-B0F0-F69B3DDEB5A5}.Debug|x64.Build.0 = Debug|Any CPU
		{FF10B981-9C92-4AF8-B0F0-F69B3DDEB5A5}.Debug|x86.ActiveCfg = Debug|Any CPU
		{FF10B981-9C92-4AF8-B0F0-F69B3DDEB5A5}.Debug|x86.Build.0 = Debug|Any CPU
		{FF10B981-9C92-4AF8-B0F0-F69B3DDEB5A5}.Release|Any CPU.ActiveCfg = Release|Any CPU
		{FF10B981-9C92-4AF8-B0F0-F69B3DDEB5A5}.Release|Any CPU.Build.0 = Release|Any CPU
		{FF10B981-9C92-4AF8-B0F0-F69B3DDEB5A5}.Release|x64.ActiveCfg = Release|Any CPU
		{FF10B981-9C92-4AF8-B0F0-F69B3DDEB5A5}.Release|x64.Build.0 = Release|Any CPU
		{FF10B981-9C92-4AF8-B0F0-F69B3DDEB5A5}.Release|x86.ActiveCfg = Release|Any CPU
		{FF10B981-9C92-4AF8-B0F0-F69B3DDEB5A5}.Release|x86.Build.0 = Release|Any CPU
		{6A2F9CAC-1E0C-4148-9E17-54E34ED7747D}.Debug|Any CPU.ActiveCfg = Debug|Any CPU
		{6A2F9CAC-1E0C-4148-9E17-54E34ED7747D}.Debug|Any CPU.Build.0 = Debug|Any CPU
		{6A2F9CAC-1E0C-4148-9E17-54E34ED7747D}.Debug|x64.ActiveCfg = Debug|Any CPU
		{6A2F9CAC-1E0C-4148-9E17-54E34ED7747D}.Debug|x64.Build.0 = Debug|Any CPU
		{6A2F9CAC-1E0C-4148-9E17-54E34ED7747D}.Debug|x86.ActiveCfg = Debug|Any CPU
		{6A2F9CAC-1E0C-4148-9E17-54E34ED7747D}.Debug|x86.Build.0 = Debug|Any CPU
		{6A2F9CAC-1E0C-4148-9E17-54E34ED7747D}.Release|Any CPU.ActiveCfg = Release|Any CPU
		{6A2F9CAC-1E0C-4148-9E17-54E34ED7747D}.Release|Any CPU.Build.0 = Release|Any CPU
		{6A2F9CAC-1E0C-4148-9E17-54E34ED7747D}.Release|x64.ActiveCfg = Release|Any CPU
		{6A2F9CAC-1E0C-4148-9E17-54E34ED7747D}.Release|x64.Build.0 = Release|Any CPU
		{6A2F9CAC-1E0C-4148-9E17-54E34ED7747D}.Release|x86.ActiveCfg = Release|Any CPU
		{6A2F9CAC-1E0C-4148-9E17-54E34ED7747D}.Release|x86.Build.0 = Release|Any CPU
		{190E6380-7C62-4991-B6D5-585B57C96F44}.Debug|Any CPU.ActiveCfg = Debug|Any CPU
		{190E6380-7C62-4991-B6D5-585B57C96F44}.Debug|Any CPU.Build.0 = Debug|Any CPU
		{190E6380-7C62-4991-B6D5-585B57C96F44}.Debug|x64.ActiveCfg = Debug|Any CPU
		{190E6380-7C62-4991-B6D5-585B57C96F44}.Debug|x64.Build.0 = Debug|Any CPU
		{190E6380-7C62-4991-B6D5-585B57C96F44}.Debug|x86.ActiveCfg = Debug|Any CPU
		{190E6380-7C62-4991-B6D5-585B57C96F44}.Debug|x86.Build.0 = Debug|Any CPU
		{190E6380-7C62-4991-B6D5-585B57C96F44}.Release|Any CPU.ActiveCfg = Release|Any CPU
		{190E6380-7C62-4991-B6D5-585B57C96F44}.Release|Any CPU.Build.0 = Release|Any CPU
		{190E6380-7C62-4991-B6D5-585B57C96F44}.Release|x64.ActiveCfg = Release|Any CPU
		{190E6380-7C62-4991-B6D5-585B57C96F44}.Release|x64.Build.0 = Release|Any CPU
		{190E6380-7C62-4991-B6D5-585B57C96F44}.Release|x86.ActiveCfg = Release|Any CPU
		{190E6380-7C62-4991-B6D5-585B57C96F44}.Release|x86.Build.0 = Release|Any CPU
	EndGlobalSection
	GlobalSection(SolutionProperties) = preSolution
		HideSolutionNode = FALSE
	EndGlobalSection
	GlobalSection(NestedProjects) = preSolution
		{2DE590F8-675B-4DFA-A517-DE0F64A3D209} = {70979960-89FF-41C0-AEBC-918BDD133F3F}
		{C47BAE9F-269F-4A59-B0E7-D9FF5D65DCAA} = {70979960-89FF-41C0-AEBC-918BDD133F3F}
		{3D6C04D1-48E4-4B4D-9BB9-A1F41E73BA4E} = {21B50D65-5054-4EF6-850D-CD43165A7E28}
		{1209A01F-741B-4040-A568-062FED17D5EE} = {3D6C04D1-48E4-4B4D-9BB9-A1F41E73BA4E}
		{8D753614-4BB7-444C-98AE-60A9AD32BED5} = {3D6C04D1-48E4-4B4D-9BB9-A1F41E73BA4E}
		{C0502E4A-1367-460D-83DB-24C76EB3FB20} = {15BAA4ED-4AE1-4D23-AB40-6E723AD732CF}
		{469342AF-360A-4D84-915F-37E0BCCAAB5C} = {15BAA4ED-4AE1-4D23-AB40-6E723AD732CF}
		{31D3BADA-43E5-4EF1-815B-A70CA96391FB} = {AC3C38F0-F581-46A0-9BC3-A5880C1F454F}
		{61F36385-92B3-4566-9560-A0939866DAB3} = {31D3BADA-43E5-4EF1-815B-A70CA96391FB}
		{FF10B981-9C92-4AF8-B0F0-F69B3DDEB5A5} = {31D3BADA-43E5-4EF1-815B-A70CA96391FB}
		{6A2F9CAC-1E0C-4148-9E17-54E34ED7747D} = {C8813527-0754-4A2D-826A-3EF6EF9B264A}
		{190E6380-7C62-4991-B6D5-585B57C96F44} = {C8813527-0754-4A2D-826A-3EF6EF9B264A}
	EndGlobalSection
	GlobalSection(ExtensibilityGlobals) = postSolution
		SolutionGuid = {1064A15C-731E-408D-B088-DB652D51AF0E}
	EndGlobalSection
EndGlobal
