
Microsoft Visual Studio Solution File, Format Version 12.00
# Visual Studio 15
VisualStudioVersion = 15.0.26124.0
MinimumVisualStudioVersion = 15.0.26124.0
Project("{FAE04EC0-301F-11D3-BF4B-00C04F79EFBC}") = "RoomsByFloors", "src\RoomsByFloors.csproj", "{22B710B2-CB4E-4407-B07F-60C8DB12283C}"
EndProject
Project("{FAE04EC0-301F-11D3-BF4B-00C04F79EFBC}") = "RoomsByFloors.tests", "test\RoomsByFloors.tests.csproj", "{748107A6-EBC3-4830-9802-CF0EBC99DABE}"
EndProject
Global
	GlobalSection(SolutionConfigurationPlatforms) = preSolution
		Debug|Any CPU = Debug|Any CPU
		Debug|x64 = Debug|x64
		Debug|x86 = Debug|x86
		Release|Any CPU = Release|Any CPU
		Release|x64 = Release|x64
		Release|x86 = Release|x86
	EndGlobalSection
	GlobalSection(SolutionProperties) = preSolution
		HideSolutionNode = FALSE
	EndGlobalSection
	GlobalSection(ProjectConfigurationPlatforms) = postSolution
		{22B710B2-CB4E-4407-B07F-60C8DB12283C}.Debug|Any CPU.ActiveCfg = Debug|Any CPU
		{22B710B2-CB4E-4407-B07F-60C8DB12283C}.Debug|Any CPU.Build.0 = Debug|Any CPU
		{22B710B2-CB4E-4407-B07F-60C8DB12283C}.Debug|x64.ActiveCfg = Debug|Any CPU
		{22B710B2-CB4E-4407-B07F-60C8DB12283C}.Debug|x64.Build.0 = Debug|Any CPU
		{22B710B2-CB4E-4407-B07F-60C8DB12283C}.Debug|x86.ActiveCfg = Debug|Any CPU
		{22B710B2-CB4E-4407-B07F-60C8DB12283C}.Debug|x86.Build.0 = Debug|Any CPU
		{22B710B2-CB4E-4407-B07F-60C8DB12283C}.Release|Any CPU.ActiveCfg = Release|Any CPU
		{22B710B2-CB4E-4407-B07F-60C8DB12283C}.Release|Any CPU.Build.0 = Release|Any CPU
		{22B710B2-CB4E-4407-B07F-60C8DB12283C}.Release|x64.ActiveCfg = Release|Any CPU
		{22B710B2-CB4E-4407-B07F-60C8DB12283C}.Release|x64.Build.0 = Release|Any CPU
		{22B710B2-CB4E-4407-B07F-60C8DB12283C}.Release|x86.ActiveCfg = Release|Any CPU
		{22B710B2-CB4E-4407-B07F-60C8DB12283C}.Release|x86.Build.0 = Release|Any CPU
		{748107A6-EBC3-4830-9802-CF0EBC99DABE}.Debug|Any CPU.ActiveCfg = Debug|Any CPU
		{748107A6-EBC3-4830-9802-CF0EBC99DABE}.Debug|Any CPU.Build.0 = Debug|Any CPU
		{748107A6-EBC3-4830-9802-CF0EBC99DABE}.Debug|x64.ActiveCfg = Debug|Any CPU
		{748107A6-EBC3-4830-9802-CF0EBC99DABE}.Debug|x64.Build.0 = Debug|Any CPU
		{748107A6-EBC3-4830-9802-CF0EBC99DABE}.Debug|x86.ActiveCfg = Debug|Any CPU
		{748107A6-EBC3-4830-9802-CF0EBC99DABE}.Debug|x86.Build.0 = Debug|Any CPU
		{748107A6-EBC3-4830-9802-CF0EBC99DABE}.Release|Any CPU.ActiveCfg = Release|Any CPU
		{748107A6-EBC3-4830-9802-CF0EBC99DABE}.Release|Any CPU.Build.0 = Release|Any CPU
		{748107A6-EBC3-4830-9802-CF0EBC99DABE}.Release|x64.ActiveCfg = Release|Any CPU
		{748107A6-EBC3-4830-9802-CF0EBC99DABE}.Release|x64.Build.0 = Release|Any CPU
		{748107A6-EBC3-4830-9802-CF0EBC99DABE}.Release|x86.ActiveCfg = Release|Any CPU
		{748107A6-EBC3-4830-9802-CF0EBC99DABE}.Release|x86.Build.0 = Release|Any CPU
	EndGlobalSection
EndGlobal
