
Microsoft Visual Studio Solution File, Format Version 12.00
# Visual Studio 15
VisualStudioVersion = 15.0.26124.0
MinimumVisualStudioVersion = 15.0.26124.0
Project("{FAE04EC0-301F-11D3-BF4B-00C04F79EFBC}") = "FloorsBySketch", "src\FloorsBySketch.csproj", "{5E6DDC12-FCE7-4040-BC6F-4BFA50AAB6A0}"
EndProject
Project("{FAE04EC0-301F-11D3-BF4B-00C04F79EFBC}") = "FloorsBySketch.Dependencies", "dependencies\FloorsBySketch.Dependencies.csproj", "{8FD49661-92B5-47EB-AF52-0A169A9FABA9}"
EndProject
Project("{FAE04EC0-301F-11D3-BF4B-00C04F79EFBC}") = "FloorsBySketch.Tests", "test\FloorsBySketch.Tests.csproj", "{49981546-333C-40C8-A90C-45E0015516CF}"
EndProject
Global
	GlobalSection(SolutionConfigurationPlatforms) = preSolution
		Debug|Any CPU = Debug|Any CPU
		Debug|x64 = Debug|x64
		Debug|x86 = Debug|x86
		Release|Any CPU = Release|Any CPU
		Release|x64 = Release|x64
		Release|x86 = Release|x86
	EndGlobalSection
	GlobalSection(SolutionProperties) = preSolution
		HideSolutionNode = FALSE
	EndGlobalSection
	GlobalSection(ProjectConfigurationPlatforms) = postSolution
		{5E6DDC12-FCE7-4040-BC6F-4BFA50AAB6A0}.Debug|Any CPU.ActiveCfg = Debug|Any CPU
		{5E6DDC12-FCE7-4040-BC6F-4BFA50AAB6A0}.Debug|Any CPU.Build.0 = Debug|Any CPU
		{5E6DDC12-FCE7-4040-BC6F-4BFA50AAB6A0}.Debug|x64.ActiveCfg = Debug|Any CPU
		{5E6DDC12-FCE7-4040-BC6F-4BFA50AAB6A0}.Debug|x64.Build.0 = Debug|Any CPU
		{5E6DDC12-FCE7-4040-BC6F-4BFA50AAB6A0}.Debug|x86.ActiveCfg = Debug|Any CPU
		{5E6DDC12-FCE7-4040-BC6F-4BFA50AAB6A0}.Debug|x86.Build.0 = Debug|Any CPU
		{5E6DDC12-FCE7-4040-BC6F-4BFA50AAB6A0}.Release|Any CPU.ActiveCfg = Release|Any CPU
		{5E6DDC12-FCE7-4040-BC6F-4BFA50AAB6A0}.Release|Any CPU.Build.0 = Release|Any CPU
		{5E6DDC12-FCE7-4040-BC6F-4BFA50AAB6A0}.Release|x64.ActiveCfg = Release|Any CPU
		{5E6DDC12-FCE7-4040-BC6F-4BFA50AAB6A0}.Release|x64.Build.0 = Release|Any CPU
		{5E6DDC12-FCE7-4040-BC6F-4BFA50AAB6A0}.Release|x86.ActiveCfg = Release|Any CPU
		{5E6DDC12-FCE7-4040-BC6F-4BFA50AAB6A0}.Release|x86.Build.0 = Release|Any CPU
		{8FD49661-92B5-47EB-AF52-0A169A9FABA9}.Debug|Any CPU.ActiveCfg = Debug|Any CPU
		{8FD49661-92B5-47EB-AF52-0A169A9FABA9}.Debug|Any CPU.Build.0 = Debug|Any CPU
		{8FD49661-92B5-47EB-AF52-0A169A9FABA9}.Debug|x64.ActiveCfg = Debug|Any CPU
		{8FD49661-92B5-47EB-AF52-0A169A9FABA9}.Debug|x64.Build.0 = Debug|Any CPU
		{8FD49661-92B5-47EB-AF52-0A169A9FABA9}.Debug|x86.ActiveCfg = Debug|Any CPU
		{8FD49661-92B5-47EB-AF52-0A169A9FABA9}.Debug|x86.Build.0 = Debug|Any CPU
		{8FD49661-92B5-47EB-AF52-0A169A9FABA9}.Release|Any CPU.ActiveCfg = Release|Any CPU
		{8FD49661-92B5-47EB-AF52-0A169A9FABA9}.Release|Any CPU.Build.0 = Release|Any CPU
		{8FD49661-92B5-47EB-AF52-0A169A9FABA9}.Release|x64.ActiveCfg = Release|Any CPU
		{8FD49661-92B5-47EB-AF52-0A169A9FABA9}.Release|x64.Build.0 = Release|Any CPU
		{8FD49661-92B5-47EB-AF52-0A169A9FABA9}.Release|x86.ActiveCfg = Release|Any CPU
		{8FD49661-92B5-47EB-AF52-0A169A9FABA9}.Release|x86.Build.0 = Release|Any CPU
		{49981546-333C-40C8-A90C-45E0015516CF}.Debug|Any CPU.ActiveCfg = Debug|Any CPU
		{49981546-333C-40C8-A90C-45E0015516CF}.Debug|Any CPU.Build.0 = Debug|Any CPU
		{49981546-333C-40C8-A90C-45E0015516CF}.Debug|x64.ActiveCfg = Debug|Any CPU
		{49981546-333C-40C8-A90C-45E0015516CF}.Debug|x64.Build.0 = Debug|Any CPU
		{49981546-333C-40C8-A90C-45E0015516CF}.Debug|x86.ActiveCfg = Debug|Any CPU
		{49981546-333C-40C8-A90C-45E0015516CF}.Debug|x86.Build.0 = Debug|Any CPU
		{49981546-333C-40C8-A90C-45E0015516CF}.Release|Any CPU.ActiveCfg = Release|Any CPU
		{49981546-333C-40C8-A90C-45E0015516CF}.Release|Any CPU.Build.0 = Release|Any CPU
		{49981546-333C-40C8-A90C-45E0015516CF}.Release|x64.ActiveCfg = Release|Any CPU
		{49981546-333C-40C8-A90C-45E0015516CF}.Release|x64.Build.0 = Release|Any CPU
		{49981546-333C-40C8-A90C-45E0015516CF}.Release|x86.ActiveCfg = Release|Any CPU
		{49981546-333C-40C8-A90C-45E0015516CF}.Release|x86.Build.0 = Release|Any CPU
	EndGlobalSection
EndGlobal
