
Microsoft Visual Studio Solution File, Format Version 12.00
# Visual Studio 15
VisualStudioVersion = 15.0.26124.0
MinimumVisualStudioVersion = 15.0.26124.0
Project("{9A19103F-16F7-4668-BE54-9A1E7A4F7556}") = "Site", "src\Site.csproj", "{3E98E903-C912-4E7D-89FB-5E647CFEB850}"
EndProject
Project("{9A19103F-16F7-4668-BE54-9A1E7A4F7556}") = "Site.tests", "test\Site.tests.csproj", "{79BF9E3F-60BD-4D28-8943-2BE699480C51}"
EndProject
Global
	GlobalSection(SolutionConfigurationPlatforms) = preSolution
		Debug|Any CPU = Debug|Any CPU
		Debug|x64 = Debug|x64
		Debug|x86 = Debug|x86
		Release|Any CPU = Release|Any CPU
		Release|x64 = Release|x64
		Release|x86 = Release|x86
	EndGlobalSection
	GlobalSection(ProjectConfigurationPlatforms) = postSolution
		{3E98E903-C912-4E7D-89FB-5E647CFEB850}.Debug|Any CPU.ActiveCfg = Debug|Any CPU
		{3E98E903-C912-4E7D-89FB-5E647CFEB850}.Debug|Any CPU.Build.0 = Debug|Any CPU
		{3E98E903-C912-4E7D-89FB-5E647CFEB850}.Debug|x64.ActiveCfg = Debug|Any CPU
		{3E98E903-C912-4E7D-89FB-5E647CFEB850}.Debug|x64.Build.0 = Debug|Any CPU
		{3E98E903-C912-4E7D-89FB-5E647CFEB850}.Debug|x86.ActiveCfg = Debug|Any CPU
		{3E98E903-C912-4E7D-89FB-5E647CFEB850}.Debug|x86.Build.0 = Debug|Any CPU
		{3E98E903-C912-4E7D-89FB-5E647CFEB850}.Release|Any CPU.ActiveCfg = Release|Any CPU
		{3E98E903-C912-4E7D-89FB-5E647CFEB850}.Release|Any CPU.Build.0 = Release|Any CPU
		{3E98E903-C912-4E7D-89FB-5E647CFEB850}.Release|x64.ActiveCfg = Release|Any CPU
		{3E98E903-C912-4E7D-89FB-5E647CFEB850}.Release|x64.Build.0 = Release|Any CPU
		{3E98E903-C912-4E7D-89FB-5E647CFEB850}.Release|x86.ActiveCfg = Release|Any CPU
		{3E98E903-C912-4E7D-89FB-5E647CFEB850}.Release|x86.Build.0 = Release|Any CPU
		{79BF9E3F-60BD-4D28-8943-2BE699480C51}.Debug|Any CPU.ActiveCfg = Debug|Any CPU
		{79BF9E3F-60BD-4D28-8943-2BE699480C51}.Debug|Any CPU.Build.0 = Debug|Any CPU
		{79BF9E3F-60BD-4D28-8943-2BE699480C51}.Debug|x64.ActiveCfg = Debug|Any CPU
		{79BF9E3F-60BD-4D28-8943-2BE699480C51}.Debug|x64.Build.0 = Debug|Any CPU
		{79BF9E3F-60BD-4D28-8943-2BE699480C51}.Debug|x86.ActiveCfg = Debug|Any CPU
		{79BF9E3F-60BD-4D28-8943-2BE699480C51}.Debug|x86.Build.0 = Debug|Any CPU
		{79BF9E3F-60BD-4D28-8943-2BE699480C51}.Release|Any CPU.ActiveCfg = Release|Any CPU
		{79BF9E3F-60BD-4D28-8943-2BE699480C51}.Release|Any CPU.Build.0 = Release|Any CPU
		{79BF9E3F-60BD-4D28-8943-2BE699480C51}.Release|x64.ActiveCfg = Release|Any CPU
		{79BF9E3F-60BD-4D28-8943-2BE699480C51}.Release|x64.Build.0 = Release|Any CPU
		{79BF9E3F-60BD-4D28-8943-2BE699480C51}.Release|x86.ActiveCfg = Release|Any CPU
		{79BF9E3F-60BD-4D28-8943-2BE699480C51}.Release|x86.Build.0 = Release|Any CPU
	EndGlobalSection
	GlobalSection(SolutionProperties) = preSolution
		HideSolutionNode = FALSE
	EndGlobalSection
	GlobalSection(ExtensibilityGlobals) = postSolution
		SolutionGuid = {79DBE516-8905-4241-9233-CD90DDDD53CA}
	EndGlobalSection
EndGlobal
