
Microsoft Visual Studio Solution File, Format Version 12.00
# Visual Studio 15
VisualStudioVersion = 15.0.26124.0
MinimumVisualStudioVersion = 15.0.26124.0
Project("{FAE04EC0-301F-11D3-BF4B-00C04F79EFBC}") = "FacadeStrategy1", "src\FacadeStrategy1.csproj", "{D67A76DC-0A6C-4EDD-941F-1C17B80F3C7F}"
EndProject
Project("{FAE04EC0-301F-11D3-BF4B-00C04F79EFBC}") = "FacadeStrategy1.Dependencies", "dependencies\FacadeStrategy1.Dependencies.csproj", "{5B2A17B0-22BF-4A87-8191-0F8FA34582A8}"
EndProject
Project("{FAE04EC0-301F-11D3-BF4B-00C04F79EFBC}") = "FacadeStrategy1.Tests", "test\FacadeStrategy1.Tests.csproj", "{4F3D6098-083A-456D-AEE7-0CCB351BD818}"
EndProject
Global
	GlobalSection(SolutionConfigurationPlatforms) = preSolution
		Debug|Any CPU = Debug|Any CPU
		Debug|x64 = Debug|x64
		Debug|x86 = Debug|x86
		Release|Any CPU = Release|Any CPU
		Release|x64 = Release|x64
		Release|x86 = Release|x86
	EndGlobalSection
	GlobalSection(SolutionProperties) = preSolution
		HideSolutionNode = FALSE
	EndGlobalSection
	GlobalSection(ProjectConfigurationPlatforms) = postSolution
		{D67A76DC-0A6C-4EDD-941F-1C17B80F3C7F}.Debug|Any CPU.ActiveCfg = Debug|Any CPU
		{D67A76DC-0A6C-4EDD-941F-1C17B80F3C7F}.Debug|Any CPU.Build.0 = Debug|Any CPU
		{D67A76DC-0A6C-4EDD-941F-1C17B80F3C7F}.Debug|x64.ActiveCfg = Debug|Any CPU
		{D67A76DC-0A6C-4EDD-941F-1C17B80F3C7F}.Debug|x64.Build.0 = Debug|Any CPU
		{D67A76DC-0A6C-4EDD-941F-1C17B80F3C7F}.Debug|x86.ActiveCfg = Debug|Any CPU
		{D67A76DC-0A6C-4EDD-941F-1C17B80F3C7F}.Debug|x86.Build.0 = Debug|Any CPU
		{D67A76DC-0A6C-4EDD-941F-1C17B80F3C7F}.Release|Any CPU.ActiveCfg = Release|Any CPU
		{D67A76DC-0A6C-4EDD-941F-1C17B80F3C7F}.Release|Any CPU.Build.0 = Release|Any CPU
		{D67A76DC-0A6C-4EDD-941F-1C17B80F3C7F}.Release|x64.ActiveCfg = Release|Any CPU
		{D67A76DC-0A6C-4EDD-941F-1C17B80F3C7F}.Release|x64.Build.0 = Release|Any CPU
		{D67A76DC-0A6C-4EDD-941F-1C17B80F3C7F}.Release|x86.ActiveCfg = Release|Any CPU
		{D67A76DC-0A6C-4EDD-941F-1C17B80F3C7F}.Release|x86.Build.0 = Release|Any CPU
		{5B2A17B0-22BF-4A87-8191-0F8FA34582A8}.Debug|Any CPU.ActiveCfg = Debug|Any CPU
		{5B2A17B0-22BF-4A87-8191-0F8FA34582A8}.Debug|Any CPU.Build.0 = Debug|Any CPU
		{5B2A17B0-22BF-4A87-8191-0F8FA34582A8}.Debug|x64.ActiveCfg = Debug|Any CPU
		{5B2A17B0-22BF-4A87-8191-0F8FA34582A8}.Debug|x64.Build.0 = Debug|Any CPU
		{5B2A17B0-22BF-4A87-8191-0F8FA34582A8}.Debug|x86.ActiveCfg = Debug|Any CPU
		{5B2A17B0-22BF-4A87-8191-0F8FA34582A8}.Debug|x86.Build.0 = Debug|Any CPU
		{5B2A17B0-22BF-4A87-8191-0F8FA34582A8}.Release|Any CPU.ActiveCfg = Release|Any CPU
		{5B2A17B0-22BF-4A87-8191-0F8FA34582A8}.Release|Any CPU.Build.0 = Release|Any CPU
		{5B2A17B0-22BF-4A87-8191-0F8FA34582A8}.Release|x64.ActiveCfg = Release|Any CPU
		{5B2A17B0-22BF-4A87-8191-0F8FA34582A8}.Release|x64.Build.0 = Release|Any CPU
		{5B2A17B0-22BF-4A87-8191-0F8FA34582A8}.Release|x86.ActiveCfg = Release|Any CPU
		{5B2A17B0-22BF-4A87-8191-0F8FA34582A8}.Release|x86.Build.0 = Release|Any CPU
		{4F3D6098-083A-456D-AEE7-0CCB351BD818}.Debug|Any CPU.ActiveCfg = Debug|Any CPU
		{4F3D6098-083A-456D-AEE7-0CCB351BD818}.Debug|Any CPU.Build.0 = Debug|Any CPU
		{4F3D6098-083A-456D-AEE7-0CCB351BD818}.Debug|x64.ActiveCfg = Debug|Any CPU
		{4F3D6098-083A-456D-AEE7-0CCB351BD818}.Debug|x64.Build.0 = Debug|Any CPU
		{4F3D6098-083A-456D-AEE7-0CCB351BD818}.Debug|x86.ActiveCfg = Debug|Any CPU
		{4F3D6098-083A-456D-AEE7-0CCB351BD818}.Debug|x86.Build.0 = Debug|Any CPU
		{4F3D6098-083A-456D-AEE7-0CCB351BD818}.Release|Any CPU.ActiveCfg = Release|Any CPU
		{4F3D6098-083A-456D-AEE7-0CCB351BD818}.Release|Any CPU.Build.0 = Release|Any CPU
		{4F3D6098-083A-456D-AEE7-0CCB351BD818}.Release|x64.ActiveCfg = Release|Any CPU
		{4F3D6098-083A-456D-AEE7-0CCB351BD818}.Release|x64.Build.0 = Release|Any CPU
		{4F3D6098-083A-456D-AEE7-0CCB351BD818}.Release|x86.ActiveCfg = Release|Any CPU
		{4F3D6098-083A-456D-AEE7-0CCB351BD818}.Release|x86.Build.0 = Release|Any CPU
	EndGlobalSection
EndGlobal
