
Microsoft Visual Studio Solution File, Format Version 12.00
# Visual Studio 15
VisualStudioVersion = 15.0.26124.0
MinimumVisualStudioVersion = 15.0.26124.0
Project("{FAE04EC0-301F-11D3-BF4B-00C04F79EFBC}") = "SubdivideSlab", "src\SubdivideSlab.csproj", "{1FB74395-C84A-485A-B8DC-E049AEF173F8}"
EndProject
Project("{FAE04EC0-301F-11D3-BF4B-00C04F79EFBC}") = "SubdivideSlab.Dependencies", "dependencies\SubdivideSlab.Dependencies.csproj", "{B5D20258-96BA-4DB4-AAA6-76D292CC4E62}"
EndProject
Project("{FAE04EC0-301F-11D3-BF4B-00C04F79EFBC}") = "SubdivideSlab.tests", "test\SubdivideSlab.tests.csproj", "{5E92A9DA-18EA-4F59-A18A-33F969B62F25}"
EndProject
Global
	GlobalSection(SolutionConfigurationPlatforms) = preSolution
		Debug|Any CPU = Debug|Any CPU
		Debug|x64 = Debug|x64
		Debug|x86 = Debug|x86
		Release|Any CPU = Release|Any CPU
		Release|x64 = Release|x64
		Release|x86 = Release|x86
	EndGlobalSection
	GlobalSection(SolutionProperties) = preSolution
		HideSolutionNode = FALSE
	EndGlobalSection
	GlobalSection(ProjectConfigurationPlatforms) = postSolution
		{1FB74395-C84A-485A-B8DC-E049AEF173F8}.Debug|Any CPU.ActiveCfg = Debug|Any CPU
		{1FB74395-C84A-485A-B8DC-E049AEF173F8}.Debug|Any CPU.Build.0 = Debug|Any CPU
		{1FB74395-C84A-485A-B8DC-E049AEF173F8}.Debug|x64.ActiveCfg = Debug|Any CPU
		{1FB74395-C84A-485A-B8DC-E049AEF173F8}.Debug|x64.Build.0 = Debug|Any CPU
		{1FB74395-C84A-485A-B8DC-E049AEF173F8}.Debug|x86.ActiveCfg = Debug|Any CPU
		{1FB74395-C84A-485A-B8DC-E049AEF173F8}.Debug|x86.Build.0 = Debug|Any CPU
		{1FB74395-C84A-485A-B8DC-E049AEF173F8}.Release|Any CPU.ActiveCfg = Release|Any CPU
		{1FB74395-C84A-485A-B8DC-E049AEF173F8}.Release|Any CPU.Build.0 = Release|Any CPU
		{1FB74395-C84A-485A-B8DC-E049AEF173F8}.Release|x64.ActiveCfg = Release|Any CPU
		{1FB74395-C84A-485A-B8DC-E049AEF173F8}.Release|x64.Build.0 = Release|Any CPU
		{1FB74395-C84A-485A-B8DC-E049AEF173F8}.Release|x86.ActiveCfg = Release|Any CPU
		{1FB74395-C84A-485A-B8DC-E049AEF173F8}.Release|x86.Build.0 = Release|Any CPU
		{B5D20258-96BA-4DB4-AAA6-76D292CC4E62}.Debug|Any CPU.ActiveCfg = Debug|Any CPU
		{B5D20258-96BA-4DB4-AAA6-76D292CC4E62}.Debug|Any CPU.Build.0 = Debug|Any CPU
		{B5D20258-96BA-4DB4-AAA6-76D292CC4E62}.Debug|x64.ActiveCfg = Debug|Any CPU
		{B5D20258-96BA-4DB4-AAA6-76D292CC4E62}.Debug|x64.Build.0 = Debug|Any CPU
		{B5D20258-96BA-4DB4-AAA6-76D292CC4E62}.Debug|x86.ActiveCfg = Debug|Any CPU
		{B5D20258-96BA-4DB4-AAA6-76D292CC4E62}.Debug|x86.Build.0 = Debug|Any CPU
		{B5D20258-96BA-4DB4-AAA6-76D292CC4E62}.Release|Any CPU.ActiveCfg = Release|Any CPU
		{B5D20258-96BA-4DB4-AAA6-76D292CC4E62}.Release|Any CPU.Build.0 = Release|Any CPU
		{B5D20258-96BA-4DB4-AAA6-76D292CC4E62}.Release|x64.ActiveCfg = Release|Any CPU
		{B5D20258-96BA-4DB4-AAA6-76D292CC4E62}.Release|x64.Build.0 = Release|Any CPU
		{B5D20258-96BA-4DB4-AAA6-76D292CC4E62}.Release|x86.ActiveCfg = Release|Any CPU
		{B5D20258-96BA-4DB4-AAA6-76D292CC4E62}.Release|x86.Build.0 = Release|Any CPU
		{5E92A9DA-18EA-4F59-A18A-33F969B62F25}.Debug|Any CPU.ActiveCfg = Debug|Any CPU
		{5E92A9DA-18EA-4F59-A18A-33F969B62F25}.Debug|Any CPU.Build.0 = Debug|Any CPU
		{5E92A9DA-18EA-4F59-A18A-33F969B62F25}.Debug|x64.ActiveCfg = Debug|Any CPU
		{5E92A9DA-18EA-4F59-A18A-33F969B62F25}.Debug|x64.Build.0 = Debug|Any CPU
		{5E92A9DA-18EA-4F59-A18A-33F969B62F25}.Debug|x86.ActiveCfg = Debug|Any CPU
		{5E92A9DA-18EA-4F59-A18A-33F969B62F25}.Debug|x86.Build.0 = Debug|Any CPU
		{5E92A9DA-18EA-4F59-A18A-33F969B62F25}.Release|Any CPU.ActiveCfg = Release|Any CPU
		{5E92A9DA-18EA-4F59-A18A-33F969B62F25}.Release|Any CPU.Build.0 = Release|Any CPU
		{5E92A9DA-18EA-4F59-A18A-33F969B62F25}.Release|x64.ActiveCfg = Release|Any CPU
		{5E92A9DA-18EA-4F59-A18A-33F969B62F25}.Release|x64.Build.0 = Release|Any CPU
		{5E92A9DA-18EA-4F59-A18A-33F969B62F25}.Release|x86.ActiveCfg = Release|Any CPU
		{5E92A9DA-18EA-4F59-A18A-33F969B62F25}.Release|x86.Build.0 = Release|Any CPU
	EndGlobalSection
EndGlobal
