
Microsoft Visual Studio Solution File, Format Version 12.00
# Visual Studio 15
VisualStudioVersion = 15.0.26124.0
MinimumVisualStudioVersion = 15.0.26124.0
Project("{9A19103F-16F7-4668-BE54-9A1E7A4F7556}") = "Mass", "src\Mass.csproj", "{B483EE08-E5DB-4D9D-8DBA-CEA1926FB561}"
EndProject
Project("{9A19103F-16F7-4668-BE54-9A1E7A4F7556}") = "Mass.tests", "test\Mass.tests.csproj", "{06139288-66CE-425E-A1E0-FCDB9A97D371}"
EndProject
Global
	GlobalSection(SolutionConfigurationPlatforms) = preSolution
		Debug|Any CPU = Debug|Any CPU
		Debug|x64 = Debug|x64
		Debug|x86 = Debug|x86
		Release|Any CPU = Release|Any CPU
		Release|x64 = Release|x64
		Release|x86 = Release|x86
	EndGlobalSection
	GlobalSection(ProjectConfigurationPlatforms) = postSolution
		{B483EE08-E5DB-4D9D-8DBA-CEA1926FB561}.Debug|Any CPU.ActiveCfg = Debug|Any CPU
		{B483EE08-E5DB-4D9D-8DBA-CEA1926FB561}.Debug|Any CPU.Build.0 = Debug|Any CPU
		{B483EE08-E5DB-4D9D-8DBA-CEA1926FB561}.Debug|x64.ActiveCfg = Debug|Any CPU
		{B483EE08-E5DB-4D9D-8DBA-CEA1926FB561}.Debug|x64.Build.0 = Debug|Any CPU
		{B483EE08-E5DB-4D9D-8DBA-CEA1926FB561}.Debug|x86.ActiveCfg = Debug|Any CPU
		{B483EE08-E5DB-4D9D-8DBA-CEA1926FB561}.Debug|x86.Build.0 = Debug|Any CPU
		{B483EE08-E5DB-4D9D-8DBA-CEA1926FB561}.Release|Any CPU.ActiveCfg = Release|Any CPU
		{B483EE08-E5DB-4D9D-8DBA-CEA1926FB561}.Release|Any CPU.Build.0 = Release|Any CPU
		{B483EE08-E5DB-4D9D-8DBA-CEA1926FB561}.Release|x64.ActiveCfg = Release|Any CPU
		{B483EE08-E5DB-4D9D-8DBA-CEA1926FB561}.Release|x64.Build.0 = Release|Any CPU
		{B483EE08-E5DB-4D9D-8DBA-CEA1926FB561}.Release|x86.ActiveCfg = Release|Any CPU
		{B483EE08-E5DB-4D9D-8DBA-CEA1926FB561}.Release|x86.Build.0 = Release|Any CPU
		{06139288-66CE-425E-A1E0-FCDB9A97D371}.Debug|Any CPU.ActiveCfg = Debug|Any CPU
		{06139288-66CE-425E-A1E0-FCDB9A97D371}.Debug|Any CPU.Build.0 = Debug|Any CPU
		{06139288-66CE-425E-A1E0-FCDB9A97D371}.Debug|x64.ActiveCfg = Debug|Any CPU
		{06139288-66CE-425E-A1E0-FCDB9A97D371}.Debug|x64.Build.0 = Debug|Any CPU
		{06139288-66CE-425E-A1E0-FCDB9A97D371}.Debug|x86.ActiveCfg = Debug|Any CPU
		{06139288-66CE-425E-A1E0-FCDB9A97D371}.Debug|x86.Build.0 = Debug|Any CPU
		{06139288-66CE-425E-A1E0-FCDB9A97D371}.Release|Any CPU.ActiveCfg = Release|Any CPU
		{06139288-66CE-425E-A1E0-FCDB9A97D371}.Release|Any CPU.Build.0 = Release|Any CPU
		{06139288-66CE-425E-A1E0-FCDB9A97D371}.Release|x64.ActiveCfg = Release|Any CPU
		{06139288-66CE-425E-A1E0-FCDB9A97D371}.Release|x64.Build.0 = Release|Any CPU
		{06139288-66CE-425E-A1E0-FCDB9A97D371}.Release|x86.ActiveCfg = Release|Any CPU
		{06139288-66CE-425E-A1E0-FCDB9A97D371}.Release|x86.Build.0 = Release|Any CPU
	EndGlobalSection
	GlobalSection(SolutionProperties) = preSolution
		HideSolutionNode = FALSE
	EndGlobalSection
	GlobalSection(ExtensibilityGlobals) = postSolution
		SolutionGuid = {EE5AF468-F6D4-4D67-93E4-382B923C5FA1}
	EndGlobalSection
EndGlobal
