
Microsoft Visual Studio Solution File, Format Version 12.00
# Visual Studio 15
VisualStudioVersion = 15.0.26124.0
MinimumVisualStudioVersion = 15.0.26124.0
Project("{FAE04EC0-301F-11D3-BF4B-00C04F79EFBC}") = "CoreBySketch", "src\CoreBySketch.csproj", "{41658B58-A570-41D7-92AE-573E12ED1FE1}"
EndProject
Project("{FAE04EC0-301F-11D3-BF4B-00C04F79EFBC}") = "CoreBySketch.Dependencies", "dependencies\CoreBySketch.Dependencies.csproj", "{D5118614-FFEF-4548-9EB8-4C514EF2BEED}"
EndProject
Project("{FAE04EC0-301F-11D3-BF4B-00C04F79EFBC}") = "CoreBySketch.Tests", "test\CoreBySketch.Tests.csproj", "{D5FF0601-947C-43B4-B805-1D7C78B5E3AB}"
EndProject
Global
	GlobalSection(SolutionConfigurationPlatforms) = preSolution
		Debug|Any CPU = Debug|Any CPU
		Debug|x64 = Debug|x64
		Debug|x86 = Debug|x86
		Release|Any CPU = Release|Any CPU
		Release|x64 = Release|x64
		Release|x86 = Release|x86
	EndGlobalSection
	GlobalSection(SolutionProperties) = preSolution
		HideSolutionNode = FALSE
	EndGlobalSection
	GlobalSection(ProjectConfigurationPlatforms) = postSolution
		{41658B58-A570-41D7-92AE-573E12ED1FE1}.Debug|Any CPU.ActiveCfg = Debug|Any CPU
		{41658B58-A570-41D7-92AE-573E12ED1FE1}.Debug|Any CPU.Build.0 = Debug|Any CPU
		{41658B58-A570-41D7-92AE-573E12ED1FE1}.Debug|x64.ActiveCfg = Debug|Any CPU
		{41658B58-A570-41D7-92AE-573E12ED1FE1}.Debug|x64.Build.0 = Debug|Any CPU
		{41658B58-A570-41D7-92AE-573E12ED1FE1}.Debug|x86.ActiveCfg = Debug|Any CPU
		{41658B58-A570-41D7-92AE-573E12ED1FE1}.Debug|x86.Build.0 = Debug|Any CPU
		{41658B58-A570-41D7-92AE-573E12ED1FE1}.Release|Any CPU.ActiveCfg = Release|Any CPU
		{41658B58-A570-41D7-92AE-573E12ED1FE1}.Release|Any CPU.Build.0 = Release|Any CPU
		{41658B58-A570-41D7-92AE-573E12ED1FE1}.Release|x64.ActiveCfg = Release|Any CPU
		{41658B58-A570-41D7-92AE-573E12ED1FE1}.Release|x64.Build.0 = Release|Any CPU
		{41658B58-A570-41D7-92AE-573E12ED1FE1}.Release|x86.ActiveCfg = Release|Any CPU
		{41658B58-A570-41D7-92AE-573E12ED1FE1}.Release|x86.Build.0 = Release|Any CPU
		{D5118614-FFEF-4548-9EB8-4C514EF2BEED}.Debug|Any CPU.ActiveCfg = Debug|Any CPU
		{D5118614-FFEF-4548-9EB8-4C514EF2BEED}.Debug|Any CPU.Build.0 = Debug|Any CPU
		{D5118614-FFEF-4548-9EB8-4C514EF2BEED}.Debug|x64.ActiveCfg = Debug|Any CPU
		{D5118614-FFEF-4548-9EB8-4C514EF2BEED}.Debug|x64.Build.0 = Debug|Any CPU
		{D5118614-FFEF-4548-9EB8-4C514EF2BEED}.Debug|x86.ActiveCfg = Debug|Any CPU
		{D5118614-FFEF-4548-9EB8-4C514EF2BEED}.Debug|x86.Build.0 = Debug|Any CPU
		{D5118614-FFEF-4548-9EB8-4C514EF2BEED}.Release|Any CPU.ActiveCfg = Release|Any CPU
		{D5118614-FFEF-4548-9EB8-4C514EF2BEED}.Release|Any CPU.Build.0 = Release|Any CPU
		{D5118614-FFEF-4548-9EB8-4C514EF2BEED}.Release|x64.ActiveCfg = Release|Any CPU
		{D5118614-FFEF-4548-9EB8-4C514EF2BEED}.Release|x64.Build.0 = Release|Any CPU
		{D5118614-FFEF-4548-9EB8-4C514EF2BEED}.Release|x86.ActiveCfg = Release|Any CPU
		{D5118614-FFEF-4548-9EB8-4C514EF2BEED}.Release|x86.Build.0 = Release|Any CPU
		{D5FF0601-947C-43B4-B805-1D7C78B5E3AB}.Debug|Any CPU.ActiveCfg = Debug|Any CPU
		{D5FF0601-947C-43B4-B805-1D7C78B5E3AB}.Debug|Any CPU.Build.0 = Debug|Any CPU
		{D5FF0601-947C-43B4-B805-1D7C78B5E3AB}.Debug|x64.ActiveCfg = Debug|Any CPU
		{D5FF0601-947C-43B4-B805-1D7C78B5E3AB}.Debug|x64.Build.0 = Debug|Any CPU
		{D5FF0601-947C-43B4-B805-1D7C78B5E3AB}.Debug|x86.ActiveCfg = Debug|Any CPU
		{D5FF0601-947C-43B4-B805-1D7C78B5E3AB}.Debug|x86.Build.0 = Debug|Any CPU
		{D5FF0601-947C-43B4-B805-1D7C78B5E3AB}.Release|Any CPU.ActiveCfg = Release|Any CPU
		{D5FF0601-947C-43B4-B805-1D7C78B5E3AB}.Release|Any CPU.Build.0 = Release|Any CPU
		{D5FF0601-947C-43B4-B805-1D7C78B5E3AB}.Release|x64.ActiveCfg = Release|Any CPU
		{D5FF0601-947C-43B4-B805-1D7C78B5E3AB}.Release|x64.Build.0 = Release|Any CPU
		{D5FF0601-947C-43B4-B805-1D7C78B5E3AB}.Release|x86.ActiveCfg = Release|Any CPU
		{D5FF0601-947C-43B4-B805-1D7C78B5E3AB}.Release|x86.Build.0 = Release|Any CPU
	EndGlobalSection
EndGlobal
