
Microsoft Visual Studio Solution File, Format Version 12.00
# Visual Studio 15
VisualStudioVersion = 15.0.26124.0
MinimumVisualStudioVersion = 15.0.26124.0
Project("{FAE04EC0-301F-11D3-BF4B-00C04F79EFBC}") = "EnvelopeBySite", "src\EnvelopeBySite.csproj", "{1F52DD54-56D4-426D-9D6B-F9ACEE6DA99B}"
EndProject
Project("{FAE04EC0-301F-11D3-BF4B-00C04F79EFBC}") = "EnvelopeBySite.tests", "test\EnvelopeBySite.tests.csproj", "{8D8BAB4D-2948-44D6-BC53-320B2F2A9E15}"
EndProject
Project("{FAE04EC0-301F-11D3-BF4B-00C04F79EFBC}") = "EnvelopeBySite.Dependencies", "dependencies\EnvelopeBySite.Dependencies.csproj", "{E4FD775F-06F4-4118-9A26-32384931EF54}"
EndProject
Global
	GlobalSection(SolutionConfigurationPlatforms) = preSolution
		Debug|Any CPU = Debug|Any CPU
		Debug|x64 = Debug|x64
		Debug|x86 = Debug|x86
		Release|Any CPU = Release|Any CPU
		Release|x64 = Release|x64
		Release|x86 = Release|x86
	EndGlobalSection
	GlobalSection(SolutionProperties) = preSolution
		HideSolutionNode = FALSE
	EndGlobalSection
	GlobalSection(ProjectConfigurationPlatforms) = postSolution
		{1F52DD54-56D4-426D-9D6B-F9ACEE6DA99B}.Debug|Any CPU.ActiveCfg = Debug|Any CPU
		{1F52DD54-56D4-426D-9D6B-F9ACEE6DA99B}.Debug|Any CPU.Build.0 = Debug|Any CPU
		{1F52DD54-56D4-426D-9D6B-F9ACEE6DA99B}.Debug|x64.ActiveCfg = Debug|Any CPU
		{1F52DD54-56D4-426D-9D6B-F9ACEE6DA99B}.Debug|x64.Build.0 = Debug|Any CPU
		{1F52DD54-56D4-426D-9D6B-F9ACEE6DA99B}.Debug|x86.ActiveCfg = Debug|Any CPU
		{1F52DD54-56D4-426D-9D6B-F9ACEE6DA99B}.Debug|x86.Build.0 = Debug|Any CPU
		{1F52DD54-56D4-426D-9D6B-F9ACEE6DA99B}.Release|Any CPU.ActiveCfg = Release|Any CPU
		{1F52DD54-56D4-426D-9D6B-F9ACEE6DA99B}.Release|Any CPU.Build.0 = Release|Any CPU
		{1F52DD54-56D4-426D-9D6B-F9ACEE6DA99B}.Release|x64.ActiveCfg = Release|Any CPU
		{1F52DD54-56D4-426D-9D6B-F9ACEE6DA99B}.Release|x64.Build.0 = Release|Any CPU
		{1F52DD54-56D4-426D-9D6B-F9ACEE6DA99B}.Release|x86.ActiveCfg = Release|Any CPU
		{1F52DD54-56D4-426D-9D6B-F9ACEE6DA99B}.Release|x86.Build.0 = Release|Any CPU
		{8D8BAB4D-2948-44D6-BC53-320B2F2A9E15}.Debug|Any CPU.ActiveCfg = Debug|Any CPU
		{8D8BAB4D-2948-44D6-BC53-320B2F2A9E15}.Debug|Any CPU.Build.0 = Debug|Any CPU
		{8D8BAB4D-2948-44D6-BC53-320B2F2A9E15}.Debug|x64.ActiveCfg = Debug|Any CPU
		{8D8BAB4D-2948-44D6-BC53-320B2F2A9E15}.Debug|x64.Build.0 = Debug|Any CPU
		{8D8BAB4D-2948-44D6-BC53-320B2F2A9E15}.Debug|x86.ActiveCfg = Debug|Any CPU
		{8D8BAB4D-2948-44D6-BC53-320B2F2A9E15}.Debug|x86.Build.0 = Debug|Any CPU
		{8D8BAB4D-2948-44D6-BC53-320B2F2A9E15}.Release|Any CPU.ActiveCfg = Release|Any CPU
		{8D8BAB4D-2948-44D6-BC53-320B2F2A9E15}.Release|Any CPU.Build.0 = Release|Any CPU
		{8D8BAB4D-2948-44D6-BC53-320B2F2A9E15}.Release|x64.ActiveCfg = Release|Any CPU
		{8D8BAB4D-2948-44D6-BC53-320B2F2A9E15}.Release|x64.Build.0 = Release|Any CPU
		{8D8BAB4D-2948-44D6-BC53-320B2F2A9E15}.Release|x86.ActiveCfg = Release|Any CPU
		{8D8BAB4D-2948-44D6-BC53-320B2F2A9E15}.Release|x86.Build.0 = Release|Any CPU
		{E4FD775F-06F4-4118-9A26-32384931EF54}.Debug|Any CPU.ActiveCfg = Debug|Any CPU
		{E4FD775F-06F4-4118-9A26-32384931EF54}.Debug|Any CPU.Build.0 = Debug|Any CPU
		{E4FD775F-06F4-4118-9A26-32384931EF54}.Debug|x64.ActiveCfg = Debug|Any CPU
		{E4FD775F-06F4-4118-9A26-32384931EF54}.Debug|x64.Build.0 = Debug|Any CPU
		{E4FD775F-06F4-4118-9A26-32384931EF54}.Debug|x86.ActiveCfg = Debug|Any CPU
		{E4FD775F-06F4-4118-9A26-32384931EF54}.Debug|x86.Build.0 = Debug|Any CPU
		{E4FD775F-06F4-4118-9A26-32384931EF54}.Release|Any CPU.ActiveCfg = Release|Any CPU
		{E4FD775F-06F4-4118-9A26-32384931EF54}.Release|Any CPU.Build.0 = Release|Any CPU
		{E4FD775F-06F4-4118-9A26-32384931EF54}.Release|x64.ActiveCfg = Release|Any CPU
		{E4FD775F-06F4-4118-9A26-32384931EF54}.Release|x64.Build.0 = Release|Any CPU
		{E4FD775F-06F4-4118-9A26-32384931EF54}.Release|x86.ActiveCfg = Release|Any CPU
		{E4FD775F-06F4-4118-9A26-32384931EF54}.Release|x86.Build.0 = Release|Any CPU
	EndGlobalSection
EndGlobal
