
Microsoft Visual Studio Solution File, Format Version 12.00
# Visual Studio 15
VisualStudioVersion = 15.0.26124.0
MinimumVisualStudioVersion = 15.0.26124.0
Project("{FAE04EC0-301F-11D3-BF4B-00C04F79EFBC}") = "FootprintFromSketch", "src\FootprintFromSketch.csproj", "{9131EA08-708C-4B69-9B22-75C81675203B}"
EndProject
Project("{FAE04EC0-301F-11D3-BF4B-00C04F79EFBC}") = "FootprintFromSketch.tests", "test\FootprintFromSketch.tests.csproj", "{7BCA083E-358A-4AF7-AE89-9CEEA137266F}"
EndProject
Global
	GlobalSection(SolutionConfigurationPlatforms) = preSolution
		Debug|Any CPU = Debug|Any CPU
		Debug|x64 = Debug|x64
		Debug|x86 = Debug|x86
		Release|Any CPU = Release|Any CPU
		Release|x64 = Release|x64
		Release|x86 = Release|x86
	EndGlobalSection
	GlobalSection(SolutionProperties) = preSolution
		HideSolutionNode = FALSE
	EndGlobalSection
	GlobalSection(ProjectConfigurationPlatforms) = postSolution
		{9131EA08-708C-4B69-9B22-75C81675203B}.Debug|Any CPU.ActiveCfg = Debug|Any CPU
		{9131EA08-708C-4B69-9B22-75C81675203B}.Debug|Any CPU.Build.0 = Debug|Any CPU
		{9131EA08-708C-4B69-9B22-75C81675203B}.Debug|x64.ActiveCfg = Debug|Any CPU
		{9131EA08-708C-4B69-9B22-75C81675203B}.Debug|x64.Build.0 = Debug|Any CPU
		{9131EA08-708C-4B69-9B22-75C81675203B}.Debug|x86.ActiveCfg = Debug|Any CPU
		{9131EA08-708C-4B69-9B22-75C81675203B}.Debug|x86.Build.0 = Debug|Any CPU
		{9131EA08-708C-4B69-9B22-75C81675203B}.Release|Any CPU.ActiveCfg = Release|Any CPU
		{9131EA08-708C-4B69-9B22-75C81675203B}.Release|Any CPU.Build.0 = Release|Any CPU
		{9131EA08-708C-4B69-9B22-75C81675203B}.Release|x64.ActiveCfg = Release|Any CPU
		{9131EA08-708C-4B69-9B22-75C81675203B}.Release|x64.Build.0 = Release|Any CPU
		{9131EA08-708C-4B69-9B22-75C81675203B}.Release|x86.ActiveCfg = Release|Any CPU
		{9131EA08-708C-4B69-9B22-75C81675203B}.Release|x86.Build.0 = Release|Any CPU
		{7BCA083E-358A-4AF7-AE89-9CEEA137266F}.Debug|Any CPU.ActiveCfg = Debug|Any CPU
		{7BCA083E-358A-4AF7-AE89-9CEEA137266F}.Debug|Any CPU.Build.0 = Debug|Any CPU
		{7BCA083E-358A-4AF7-AE89-9CEEA137266F}.Debug|x64.ActiveCfg = Debug|Any CPU
		{7BCA083E-358A-4AF7-AE89-9CEEA137266F}.Debug|x64.Build.0 = Debug|Any CPU
		{7BCA083E-358A-4AF7-AE89-9CEEA137266F}.Debug|x86.ActiveCfg = Debug|Any CPU
		{7BCA083E-358A-4AF7-AE89-9CEEA137266F}.Debug|x86.Build.0 = Debug|Any CPU
		{7BCA083E-358A-4AF7-AE89-9CEEA137266F}.Release|Any CPU.ActiveCfg = Release|Any CPU
		{7BCA083E-358A-4AF7-AE89-9CEEA137266F}.Release|Any CPU.Build.0 = Release|Any CPU
		{7BCA083E-358A-4AF7-AE89-9CEEA137266F}.Release|x64.ActiveCfg = Release|Any CPU
		{7BCA083E-358A-4AF7-AE89-9CEEA137266F}.Release|x64.Build.0 = Release|Any CPU
		{7BCA083E-358A-4AF7-AE89-9CEEA137266F}.Release|x86.ActiveCfg = Release|Any CPU
		{7BCA083E-358A-4AF7-AE89-9CEEA137266F}.Release|x86.Build.0 = Release|Any CPU
	EndGlobalSection
EndGlobal
