
Microsoft Visual Studio Solution File, Format Version 12.00
# Visual Studio 15
VisualStudioVersion = 15.0.26124.0
MinimumVisualStudioVersion = 15.0.26124.0
Project("{FAE04EC0-301F-11D3-BF4B-00C04F79EFBC}") = "RoomsByLevels", "src\RoomsByLevels.csproj", "{CC10A2ED-ECBC-4839-8658-AB5DFA051C01}"
EndProject
Project("{FAE04EC0-301F-11D3-BF4B-00C04F79EFBC}") = "RoomsByLevels.Dependencies", "dependencies\RoomsByLevels.Dependencies.csproj", "{CFF70FB7-5D0F-4E7A-854E-C08FE2BA276D}"
EndProject
Project("{FAE04EC0-301F-11D3-BF4B-00C04F79EFBC}") = "RoomsByLevels.tests", "test\RoomsByLevels.tests.csproj", "{A253E1DC-0D12-403B-9300-9DC44C2ABD0B}"
EndProject
Global
	GlobalSection(SolutionConfigurationPlatforms) = preSolution
		Debug|Any CPU = Debug|Any CPU
		Debug|x64 = Debug|x64
		Debug|x86 = Debug|x86
		Release|Any CPU = Release|Any CPU
		Release|x64 = Release|x64
		Release|x86 = Release|x86
	EndGlobalSection
	GlobalSection(SolutionProperties) = preSolution
		HideSolutionNode = FALSE
	EndGlobalSection
	GlobalSection(ProjectConfigurationPlatforms) = postSolution
		{CC10A2ED-ECBC-4839-8658-AB5DFA051C01}.Debug|Any CPU.ActiveCfg = Debug|Any CPU
		{CC10A2ED-ECBC-4839-8658-AB5DFA051C01}.Debug|Any CPU.Build.0 = Debug|Any CPU
		{CC10A2ED-ECBC-4839-8658-AB5DFA051C01}.Debug|x64.ActiveCfg = Debug|Any CPU
		{CC10A2ED-ECBC-4839-8658-AB5DFA051C01}.Debug|x64.Build.0 = Debug|Any CPU
		{CC10A2ED-ECBC-4839-8658-AB5DFA051C01}.Debug|x86.ActiveCfg = Debug|Any CPU
		{CC10A2ED-ECBC-4839-8658-AB5DFA051C01}.Debug|x86.Build.0 = Debug|Any CPU
		{CC10A2ED-ECBC-4839-8658-AB5DFA051C01}.Release|Any CPU.ActiveCfg = Release|Any CPU
		{CC10A2ED-ECBC-4839-8658-AB5DFA051C01}.Release|Any CPU.Build.0 = Release|Any CPU
		{CC10A2ED-ECBC-4839-8658-AB5DFA051C01}.Release|x64.ActiveCfg = Release|Any CPU
		{CC10A2ED-ECBC-4839-8658-AB5DFA051C01}.Release|x64.Build.0 = Release|Any CPU
		{CC10A2ED-ECBC-4839-8658-AB5DFA051C01}.Release|x86.ActiveCfg = Release|Any CPU
		{CC10A2ED-ECBC-4839-8658-AB5DFA051C01}.Release|x86.Build.0 = Release|Any CPU
		{CFF70FB7-5D0F-4E7A-854E-C08FE2BA276D}.Debug|Any CPU.ActiveCfg = Debug|Any CPU
		{CFF70FB7-5D0F-4E7A-854E-C08FE2BA276D}.Debug|Any CPU.Build.0 = Debug|Any CPU
		{CFF70FB7-5D0F-4E7A-854E-C08FE2BA276D}.Debug|x64.ActiveCfg = Debug|Any CPU
		{CFF70FB7-5D0F-4E7A-854E-C08FE2BA276D}.Debug|x64.Build.0 = Debug|Any CPU
		{CFF70FB7-5D0F-4E7A-854E-C08FE2BA276D}.Debug|x86.ActiveCfg = Debug|Any CPU
		{CFF70FB7-5D0F-4E7A-854E-C08FE2BA276D}.Debug|x86.Build.0 = Debug|Any CPU
		{CFF70FB7-5D0F-4E7A-854E-C08FE2BA276D}.Release|Any CPU.ActiveCfg = Release|Any CPU
		{CFF70FB7-5D0F-4E7A-854E-C08FE2BA276D}.Release|Any CPU.Build.0 = Release|Any CPU
		{CFF70FB7-5D0F-4E7A-854E-C08FE2BA276D}.Release|x64.ActiveCfg = Release|Any CPU
		{CFF70FB7-5D0F-4E7A-854E-C08FE2BA276D}.Release|x64.Build.0 = Release|Any CPU
		{CFF70FB7-5D0F-4E7A-854E-C08FE2BA276D}.Release|x86.ActiveCfg = Release|Any CPU
		{CFF70FB7-5D0F-4E7A-854E-C08FE2BA276D}.Release|x86.Build.0 = Release|Any CPU
		{A253E1DC-0D12-403B-9300-9DC44C2ABD0B}.Debug|Any CPU.ActiveCfg = Debug|Any CPU
		{A253E1DC-0D12-403B-9300-9DC44C2ABD0B}.Debug|Any CPU.Build.0 = Debug|Any CPU
		{A253E1DC-0D12-403B-9300-9DC44C2ABD0B}.Debug|x64.ActiveCfg = Debug|Any CPU
		{A253E1DC-0D12-403B-9300-9DC44C2ABD0B}.Debug|x64.Build.0 = Debug|Any CPU
		{A253E1DC-0D12-403B-9300-9DC44C2ABD0B}.Debug|x86.ActiveCfg = Debug|Any CPU
		{A253E1DC-0D12-403B-9300-9DC44C2ABD0B}.Debug|x86.Build.0 = Debug|Any CPU
		{A253E1DC-0D12-403B-9300-9DC44C2ABD0B}.Release|Any CPU.ActiveCfg = Release|Any CPU
		{A253E1DC-0D12-403B-9300-9DC44C2ABD0B}.Release|Any CPU.Build.0 = Release|Any CPU
		{A253E1DC-0D12-403B-9300-9DC44C2ABD0B}.Release|x64.ActiveCfg = Release|Any CPU
		{A253E1DC-0D12-403B-9300-9DC44C2ABD0B}.Release|x64.Build.0 = Release|Any CPU
		{A253E1DC-0D12-403B-9300-9DC44C2ABD0B}.Release|x86.ActiveCfg = Release|Any CPU
		{A253E1DC-0D12-403B-9300-9DC44C2ABD0B}.Release|x86.Build.0 = Release|Any CPU
	EndGlobalSection
EndGlobal
