
Microsoft Visual Studio Solution File, Format Version 12.00
# Visual Studio 15
VisualStudioVersion = 15.0.26124.0
MinimumVisualStudioVersion = 15.0.26124.0
Project("{FAE04EC0-301F-11D3-BF4B-00C04F79EFBC}") = "LevelsFromFloors", "src\LevelsFromFloors.csproj", "{AF6D0B9B-7A1E-4615-88C6-A4D8EC008601}"
EndProject
Project("{FAE04EC0-301F-11D3-BF4B-00C04F79EFBC}") = "LevelsFromFloors.Dependencies", "dependencies\LevelsFromFloors.Dependencies.csproj", "{02AAF51E-5253-4824-BFE9-484DACAD800D}"
EndProject
Project("{FAE04EC0-301F-11D3-BF4B-00C04F79EFBC}") = "LevelsFromFloors.Tests", "test\LevelsFromFloors.Tests.csproj", "{88EADEAA-DF33-4890-89B7-483789CE5A29}"
EndProject
Global
	GlobalSection(SolutionConfigurationPlatforms) = preSolution
		Debug|Any CPU = Debug|Any CPU
		Debug|x64 = Debug|x64
		Debug|x86 = Debug|x86
		Release|Any CPU = Release|Any CPU
		Release|x64 = Release|x64
		Release|x86 = Release|x86
	EndGlobalSection
	GlobalSection(SolutionProperties) = preSolution
		HideSolutionNode = FALSE
	EndGlobalSection
	GlobalSection(ProjectConfigurationPlatforms) = postSolution
		{AF6D0B9B-7A1E-4615-88C6-A4D8EC008601}.Debug|Any CPU.ActiveCfg = Debug|Any CPU
		{AF6D0B9B-7A1E-4615-88C6-A4D8EC008601}.Debug|Any CPU.Build.0 = Debug|Any CPU
		{AF6D0B9B-7A1E-4615-88C6-A4D8EC008601}.Debug|x64.ActiveCfg = Debug|Any CPU
		{AF6D0B9B-7A1E-4615-88C6-A4D8EC008601}.Debug|x64.Build.0 = Debug|Any CPU
		{AF6D0B9B-7A1E-4615-88C6-A4D8EC008601}.Debug|x86.ActiveCfg = Debug|Any CPU
		{AF6D0B9B-7A1E-4615-88C6-A4D8EC008601}.Debug|x86.Build.0 = Debug|Any CPU
		{AF6D0B9B-7A1E-4615-88C6-A4D8EC008601}.Release|Any CPU.ActiveCfg = Release|Any CPU
		{AF6D0B9B-7A1E-4615-88C6-A4D8EC008601}.Release|Any CPU.Build.0 = Release|Any CPU
		{AF6D0B9B-7A1E-4615-88C6-A4D8EC008601}.Release|x64.ActiveCfg = Release|Any CPU
		{AF6D0B9B-7A1E-4615-88C6-A4D8EC008601}.Release|x64.Build.0 = Release|Any CPU
		{AF6D0B9B-7A1E-4615-88C6-A4D8EC008601}.Release|x86.ActiveCfg = Release|Any CPU
		{AF6D0B9B-7A1E-4615-88C6-A4D8EC008601}.Release|x86.Build.0 = Release|Any CPU
		{02AAF51E-5253-4824-BFE9-484DACAD800D}.Debug|Any CPU.ActiveCfg = Debug|Any CPU
		{02AAF51E-5253-4824-BFE9-484DACAD800D}.Debug|Any CPU.Build.0 = Debug|Any CPU
		{02AAF51E-5253-4824-BFE9-484DACAD800D}.Debug|x64.ActiveCfg = Debug|Any CPU
		{02AAF51E-5253-4824-BFE9-484DACAD800D}.Debug|x64.Build.0 = Debug|Any CPU
		{02AAF51E-5253-4824-BFE9-484DACAD800D}.Debug|x86.ActiveCfg = Debug|Any CPU
		{02AAF51E-5253-4824-BFE9-484DACAD800D}.Debug|x86.Build.0 = Debug|Any CPU
		{02AAF51E-5253-4824-BFE9-484DACAD800D}.Release|Any CPU.ActiveCfg = Release|Any CPU
		{02AAF51E-5253-4824-BFE9-484DACAD800D}.Release|Any CPU.Build.0 = Release|Any CPU
		{02AAF51E-5253-4824-BFE9-484DACAD800D}.Release|x64.ActiveCfg = Release|Any CPU
		{02AAF51E-5253-4824-BFE9-484DACAD800D}.Release|x64.Build.0 = Release|Any CPU
		{02AAF51E-5253-4824-BFE9-484DACAD800D}.Release|x86.ActiveCfg = Release|Any CPU
		{02AAF51E-5253-4824-BFE9-484DACAD800D}.Release|x86.Build.0 = Release|Any CPU
		{88EADEAA-DF33-4890-89B7-483789CE5A29}.Debug|Any CPU.ActiveCfg = Debug|Any CPU
		{88EADEAA-DF33-4890-89B7-483789CE5A29}.Debug|Any CPU.Build.0 = Debug|Any CPU
		{88EADEAA-DF33-4890-89B7-483789CE5A29}.Debug|x64.ActiveCfg = Debug|Any CPU
		{88EADEAA-DF33-4890-89B7-483789CE5A29}.Debug|x64.Build.0 = Debug|Any CPU
		{88EADEAA-DF33-4890-89B7-483789CE5A29}.Debug|x86.ActiveCfg = Debug|Any CPU
		{88EADEAA-DF33-4890-89B7-483789CE5A29}.Debug|x86.Build.0 = Debug|Any CPU
		{88EADEAA-DF33-4890-89B7-483789CE5A29}.Release|Any CPU.ActiveCfg = Release|Any CPU
		{88EADEAA-DF33-4890-89B7-483789CE5A29}.Release|Any CPU.Build.0 = Release|Any CPU
		{88EADEAA-DF33-4890-89B7-483789CE5A29}.Release|x64.ActiveCfg = Release|Any CPU
		{88EADEAA-DF33-4890-89B7-483789CE5A29}.Release|x64.Build.0 = Release|Any CPU
		{88EADEAA-DF33-4890-89B7-483789CE5A29}.Release|x86.ActiveCfg = Release|Any CPU
		{88EADEAA-DF33-4890-89B7-483789CE5A29}.Release|x86.Build.0 = Release|Any CPU
	EndGlobalSection
EndGlobal
