
Microsoft Visual Studio Solution File, Format Version 12.00
# Visual Studio Version 17
VisualStudioVersion = 17.0.31903.59
MinimumVisualStudioVersion = 10.0.40219.1
Project("{FAE04EC0-301F-11D3-BF4B-00C04F79EFBC}") = "Walls", "src\Walls.csproj", "{4075E873-EF83-43CD-A8EF-25B7126CBA30}"
EndProject
Project("{FAE04EC0-301F-11D3-BF4B-00C04F79EFBC}") = "Walls.Dependencies", "dependencies\Walls.Dependencies.csproj", "{6ACE1BEA-97C5-43F5-8215-2F078D0CD62D}"
EndProject
Project("{FAE04EC0-301F-11D3-BF4B-00C04F79EFBC}") = "Walls.Tests", "test\Walls.Tests.csproj", "{F9649890-BDBF-48B9-9388-BEBB2C8B4A7E}"
EndProject
Global
	GlobalSection(SolutionConfigurationPlatforms) = preSolution
		Debug|Any CPU = Debug|Any CPU
		Release|Any CPU = Release|Any CPU
	EndGlobalSection
	GlobalSection(SolutionProperties) = preSolution
		HideSolutionNode = FALSE
	EndGlobalSection
	GlobalSection(ProjectConfigurationPlatforms) = postSolution
		{4075E873-EF83-43CD-A8EF-25B7126CBA30}.Debug|Any CPU.ActiveCfg = Debug|Any CPU
		{4075E873-EF83-43CD-A8EF-25B7126CBA30}.Debug|Any CPU.Build.0 = Debug|Any CPU
		{4075E873-EF83-43CD-A8EF-25B7126CBA30}.Release|Any CPU.ActiveCfg = Release|Any CPU
		{4075E873-EF83-43CD-A8EF-25B7126CBA30}.Release|Any CPU.Build.0 = Release|Any CPU
		{6ACE1BEA-97C5-43F5-8215-2F078D0CD62D}.Debug|Any CPU.ActiveCfg = Debug|Any CPU
		{6ACE1BEA-97C5-43F5-8215-2F078D0CD62D}.Debug|Any CPU.Build.0 = Debug|Any CPU
		{6ACE1BEA-97C5-43F5-8215-2F078D0CD62D}.Release|Any CPU.ActiveCfg = Release|Any CPU
		{6ACE1BEA-97C5-43F5-8215-2F078D0CD62D}.Release|Any CPU.Build.0 = Release|Any CPU
		{F9649890-BDBF-48B9-9388-BEBB2C8B4A7E}.Debug|Any CPU.ActiveCfg = Debug|Any CPU
		{F9649890-BDBF-48B9-9388-BEBB2C8B4A7E}.Debug|Any CPU.Build.0 = Debug|Any CPU
		{F9649890-BDBF-48B9-9388-BEBB2C8B4A7E}.Release|Any CPU.ActiveCfg = Release|Any CPU
		{F9649890-BDBF-48B9-9388-BEBB2C8B4A7E}.Release|Any CPU.Build.0 = Release|Any CPU
	EndGlobalSection
EndGlobal
